// !$*UTF8*$!
{
	archiveVersion = 1;
	classes = {
	};
	objectVersion = 56;
	objects = {

/* Begin PBXBuildFile section */
		529DA8AB2BB7B23000629C86 /* HomeAppApp.swift in Sources */ = {isa = PBXBuildFile; fileRef = 529DA8AA2BB7B23000629C86 /* HomeAppApp.swift */; };
		529DA8AF2BB7B23000629C86 /* Assets.xcassets in Resources */ = {isa = PBXBuildFile; fileRef = 529DA8AE2BB7B23000629C86 /* Assets.xcassets */; };
		529DA8B22BB7B23000629C86 /* Preview Assets.xcassets in Resources */ = {isa = PBXBuildFile; fileRef = 529DA8B12BB7B23000629C86 /* Preview Assets.xcassets */; };
		529DA8D92BB7B27400629C86 /* Home.docc in Sources */ = {isa = PBXBuildFile; fileRef = 529DA8D82BB7B27400629C86 /* Home.docc */; };
		529DA8DA2BB7B27400629C86 /* Home.h in Headers */ = {isa = PBXBuildFile; fileRef = 529DA8D72BB7B27400629C86 /* Home.h */; settings = {ATTRIBUTES = (Public, ); }; };
		529DA8DD2BB7B27400629C86 /* Home.framework in Frameworks */ = {isa = PBXBuildFile; fileRef = 529DA8D52BB7B27400629C86 /* Home.framework */; };
		529DA8DE2BB7B27400629C86 /* Home.framework in Embed Frameworks */ = {isa = PBXBuildFile; fileRef = 529DA8D52BB7B27400629C86 /* Home.framework */; settings = {ATTRIBUTES = (CodeSignOnCopy, RemoveHeadersOnCopy, ); }; };
		B502D7C92C00681100DD2642 /* ColorPicker.swift in Sources */ = {isa = PBXBuildFile; fileRef = B502D7C82C00681100DD2642 /* ColorPicker.swift */; };
		B502D7CD2C007B5D00DD2642 /* ShoesViewModel.swift in Sources */ = {isa = PBXBuildFile; fileRef = B502D7CC2C007B5D00DD2642 /* ShoesViewModel.swift */; };
		B502D7CF2C007BCC00DD2642 /* ShoesItem.swift in Sources */ = {isa = PBXBuildFile; fileRef = B502D7CE2C007BCC00DD2642 /* ShoesItem.swift */; };
		B502D7D12C00805E00DD2642 /* ShoesModel.swift in Sources */ = {isa = PBXBuildFile; fileRef = B502D7D02C00805E00DD2642 /* ShoesModel.swift */; };
		B569D3A02C2442B1005A1624 /* TrendingViewModel.swift in Sources */ = {isa = PBXBuildFile; fileRef = B569D39F2C2442B1005A1624 /* TrendingViewModel.swift */; };
		B569D3BC2C25ACC6005A1624 /* AutumSalesModel.swift in Sources */ = {isa = PBXBuildFile; fileRef = B569D3BB2C25ACC6005A1624 /* AutumSalesModel.swift */; };
		B569D3BE2C273A7D005A1624 /* AutumSalesViewModel.swift in Sources */ = {isa = PBXBuildFile; fileRef = B569D3BD2C273A7D005A1624 /* AutumSalesViewModel.swift */; };
		B57A082A2BFE3B9E00D3BA72 /* HomeViewContent.swift in Sources */ = {isa = PBXBuildFile; fileRef = B57A08292BFE3B9E00D3BA72 /* HomeViewContent.swift */; };
		B57A083C2BFE3D0B00D3BA72 /* ProgressAnimate.swift in Sources */ = {isa = PBXBuildFile; fileRef = B57A083B2BFE3D0B00D3BA72 /* ProgressAnimate.swift */; };
		B57A083E2BFE3D2500D3BA72 /* CustomNavigation.swift in Sources */ = {isa = PBXBuildFile; fileRef = B57A083D2BFE3D2500D3BA72 /* CustomNavigation.swift */; };
		B57A08402BFE3D3100D3BA72 /* DetailedNavigate.swift in Sources */ = {isa = PBXBuildFile; fileRef = B57A083F2BFE3D3100D3BA72 /* DetailedNavigate.swift */; };
		B57A08422BFE3D4D00D3BA72 /* AutumSalesView.swift in Sources */ = {isa = PBXBuildFile; fileRef = B57A08412BFE3D4D00D3BA72 /* AutumSalesView.swift */; };
		B57A08442BFE3D7000D3BA72 /* 7SaberFamily.swift in Sources */ = {isa = PBXBuildFile; fileRef = B57A08432BFE3D7000D3BA72 /* 7SaberFamily.swift */; };
		B57A08462BFE3D8F00D3BA72 /* ButtonSort.swift in Sources */ = {isa = PBXBuildFile; fileRef = B57A08452BFE3D8F00D3BA72 /* ButtonSort.swift */; };
		B57A08482BFE3DAA00D3BA72 /* BigText.swift in Sources */ = {isa = PBXBuildFile; fileRef = B57A08472BFE3DAA00D3BA72 /* BigText.swift */; };
		B57A084A2BFE3DBF00D3BA72 /* ShoesView.swift in Sources */ = {isa = PBXBuildFile; fileRef = B57A08492BFE3DBF00D3BA72 /* ShoesView.swift */; };
		B57A084C2BFE3DC900D3BA72 /* TrendingView.swift in Sources */ = {isa = PBXBuildFile; fileRef = B57A084B2BFE3DC900D3BA72 /* TrendingView.swift */; };
		B57A084E2BFE3DE000D3BA72 /* TrendingItem.swift in Sources */ = {isa = PBXBuildFile; fileRef = B57A084D2BFE3DE000D3BA72 /* TrendingItem.swift */; };
		B57A08502BFE3DED00D3BA72 /* TrendingModel.swift in Sources */ = {isa = PBXBuildFile; fileRef = B57A084F2BFE3DED00D3BA72 /* TrendingModel.swift */; };
		B57A08522BFE3E1600D3BA72 /* ItemView.swift in Sources */ = {isa = PBXBuildFile; fileRef = B57A08512BFE3E1600D3BA72 /* ItemView.swift */; };
		B57A08542BFE3E2500D3BA72 /* ProductModel.swift in Sources */ = {isa = PBXBuildFile; fileRef = B57A08532BFE3E2500D3BA72 /* ProductModel.swift */; };
		B57A08562BFE3E2D00D3BA72 /* View.swift in Sources */ = {isa = PBXBuildFile; fileRef = B57A08552BFE3E2D00D3BA72 /* View.swift */; };
		B57A08592BFE3E3E00D3BA72 /* ViewModel.swift in Sources */ = {isa = PBXBuildFile; fileRef = B57A08582BFE3E3E00D3BA72 /* ViewModel.swift */; };
		B57A085B2BFE3E7000D3BA72 /* CategoryView.swift in Sources */ = {isa = PBXBuildFile; fileRef = B57A085A2BFE3E7000D3BA72 /* CategoryView.swift */; };
		B57A085D2BFE3E7B00D3BA72 /* CategoryViewModel.swift in Sources */ = {isa = PBXBuildFile; fileRef = B57A085C2BFE3E7B00D3BA72 /* CategoryViewModel.swift */; };
		B57A085F2BFE3ECC00D3BA72 /* AvpView.swift in Sources */ = {isa = PBXBuildFile; fileRef = B57A085E2BFE3ECC00D3BA72 /* AvpView.swift */; };
		B57A08612BFE3ED400D3BA72 /* AvpModel.swift in Sources */ = {isa = PBXBuildFile; fileRef = B57A08602BFE3ED400D3BA72 /* AvpModel.swift */; };
		B57A08632BFE3F0700D3BA72 /* CatalogPageView.swift in Sources */ = {isa = PBXBuildFile; fileRef = B57A08622BFE3F0700D3BA72 /* CatalogPageView.swift */; };
		B57A086A2BFE3F6C00D3BA72 /* Segment.swift in Sources */ = {isa = PBXBuildFile; fileRef = B57A08692BFE3F6C00D3BA72 /* Segment.swift */; };
		B57A086C2BFE3F7600D3BA72 /* SegmentAll.swift in Sources */ = {isa = PBXBuildFile; fileRef = B57A086B2BFE3F7600D3BA72 /* SegmentAll.swift */; };
		B57A086E2BFE3FCA00D3BA72 /* Trend.swift in Sources */ = {isa = PBXBuildFile; fileRef = B57A086D2BFE3FCA00D3BA72 /* Trend.swift */; };
		B57A08702BFE400E00D3BA72 /* NewView.swift in Sources */ = {isa = PBXBuildFile; fileRef = B57A086F2BFE400E00D3BA72 /* NewView.swift */; };
		B57A08722BFE401700D3BA72 /* NewItem.swift in Sources */ = {isa = PBXBuildFile; fileRef = B57A08712BFE401700D3BA72 /* NewItem.swift */; };
		B57A08752BFE402700D3BA72 /* NewModel.swift in Sources */ = {isa = PBXBuildFile; fileRef = B57A08742BFE402700D3BA72 /* NewModel.swift */; };
		B57A08772BFE404A00D3BA72 /* 3itemView.swift in Sources */ = {isa = PBXBuildFile; fileRef = B57A08762BFE404A00D3BA72 /* 3itemView.swift */; };
		B57A08792BFE406000D3BA72 /* BottomSheet.swift in Sources */ = {isa = PBXBuildFile; fileRef = B57A08782BFE406000D3BA72 /* BottomSheet.swift */; };
		B57A087B2BFE40AB00D3BA72 /* AutumSaless.swift in Sources */ = {isa = PBXBuildFile; fileRef = B57A087A2BFE40AB00D3BA72 /* AutumSaless.swift */; };
		B57A087D2BFE40D900D3BA72 /* ShowAlls.swift in Sources */ = {isa = PBXBuildFile; fileRef = B57A087C2BFE40D900D3BA72 /* ShowAlls.swift */; };
		B57A087F2BFE40F300D3BA72 /* DetailedView.swift in Sources */ = {isa = PBXBuildFile; fileRef = B57A087E2BFE40F300D3BA72 /* DetailedView.swift */; };
		B57A08822BFE411900D3BA72 /* DetailedImageView.swift in Sources */ = {isa = PBXBuildFile; fileRef = B57A08812BFE411900D3BA72 /* DetailedImageView.swift */; };
		B57A08842BFE419C00D3BA72 /* ImageText.swift in Sources */ = {isa = PBXBuildFile; fileRef = B57A08832BFE419C00D3BA72 /* ImageText.swift */; };
		B57A08862BFE41B300D3BA72 /* SizeView.swift in Sources */ = {isa = PBXBuildFile; fileRef = B57A08852BFE41B300D3BA72 /* SizeView.swift */; };
		B57A088A2BFE425200D3BA72 /* DetailRow.swift in Sources */ = {isa = PBXBuildFile; fileRef = B57A08892BFE425200D3BA72 /* DetailRow.swift */; };
		B57A088C2BFE426700D3BA72 /* ImageUpload.swift in Sources */ = {isa = PBXBuildFile; fileRef = B57A088B2BFE426700D3BA72 /* ImageUpload.swift */; };
		B57A088E2BFE428A00D3BA72 /* TabbarCard.swift in Sources */ = {isa = PBXBuildFile; fileRef = B57A088D2BFE428A00D3BA72 /* TabbarCard.swift */; };
		B57A08902BFE42A300D3BA72 /* Snack.swift in Sources */ = {isa = PBXBuildFile; fileRef = B57A088F2BFE42A300D3BA72 /* Snack.swift */; };
		B593DB622C2A72E700D0314A /* AvpViewModel.swift in Sources */ = {isa = PBXBuildFile; fileRef = B593DB612C2A72E700D0314A /* AvpViewModel.swift */; };
		B593DB642C2A731700D0314A /* AVPAPIMANAGER.swift in Sources */ = {isa = PBXBuildFile; fileRef = B593DB632C2A731700D0314A /* AVPAPIMANAGER.swift */; };
		FA4F20B22BB7E98900457A3E /* NetworkManager.framework in Frameworks */ = {isa = PBXBuildFile; fileRef = FA4F20B12BB7E98900457A3E /* NetworkManager.framework */; };
		FA4F20B32BB7E98900457A3E /* NetworkManager.framework in Embed Frameworks */ = {isa = PBXBuildFile; fileRef = FA4F20B12BB7E98900457A3E /* NetworkManager.framework */; settings = {ATTRIBUTES = (CodeSignOnCopy, RemoveHeadersOnCopy, ); }; };
		FA4F20E82BB7EBB900457A3E /* Core.framework in Frameworks */ = {isa = PBXBuildFile; fileRef = FA4F20E72BB7EBB900457A3E /* Core.framework */; };
		FA4F20E92BB7EBB900457A3E /* Core.framework in Embed Frameworks */ = {isa = PBXBuildFile; fileRef = FA4F20E72BB7EBB900457A3E /* Core.framework */; settings = {ATTRIBUTES = (CodeSignOnCopy, RemoveHeadersOnCopy, ); }; };
		FA77A3A22BBDA0F600843673 /* AssetKit.framework in Frameworks */ = {isa = PBXBuildFile; fileRef = FA77A3A12BBDA0F600843673 /* AssetKit.framework */; };
		FA77A3A32BBDA0F600843673 /* AssetKit.framework in Embed Frameworks */ = {isa = PBXBuildFile; fileRef = FA77A3A12BBDA0F600843673 /* AssetKit.framework */; settings = {ATTRIBUTES = (CodeSignOnCopy, RemoveHeadersOnCopy, ); }; };
/* End PBXBuildFile section */

/* Begin PBXContainerItemProxy section */
		529DA8DB2BB7B27400629C86 /* PBXContainerItemProxy */ = {
			isa = PBXContainerItemProxy;
			containerPortal = 529DA89F2BB7B23000629C86 /* Project object */;
			proxyType = 1;
			remoteGlobalIDString = 529DA8D42BB7B27400629C86;
			remoteInfo = Home;
		};
/* End PBXContainerItemProxy section */

/* Begin PBXCopyFilesBuildPhase section */
		529DA8E22BB7B27400629C86 /* Embed Frameworks */ = {
			isa = PBXCopyFilesBuildPhase;
			buildActionMask = 2147483647;
			dstPath = "";
			dstSubfolderSpec = 10;
			files = (
				529DA8DE2BB7B27400629C86 /* Home.framework in Embed Frameworks */,
			);
			name = "Embed Frameworks";
			runOnlyForDeploymentPostprocessing = 0;
		};
		FA4F20B42BB7E98900457A3E /* Embed Frameworks */ = {
			isa = PBXCopyFilesBuildPhase;
			buildActionMask = 2147483647;
			dstPath = "";
			dstSubfolderSpec = 10;
			files = (
				FA4F20B32BB7E98900457A3E /* NetworkManager.framework in Embed Frameworks */,
				FA77A3A32BBDA0F600843673 /* AssetKit.framework in Embed Frameworks */,
				FA4F20E92BB7EBB900457A3E /* Core.framework in Embed Frameworks */,
			);
			name = "Embed Frameworks";
			runOnlyForDeploymentPostprocessing = 0;
		};
/* End PBXCopyFilesBuildPhase section */

/* Begin PBXFileReference section */
		529DA8A72BB7B23000629C86 /* HomeApp.app */ = {isa = PBXFileReference; explicitFileType = wrapper.application; includeInIndex = 0; path = HomeApp.app; sourceTree = BUILT_PRODUCTS_DIR; };
		529DA8AA2BB7B23000629C86 /* HomeAppApp.swift */ = {isa = PBXFileReference; lastKnownFileType = sourcecode.swift; path = HomeAppApp.swift; sourceTree = "<group>"; };
		529DA8AE2BB7B23000629C86 /* Assets.xcassets */ = {isa = PBXFileReference; lastKnownFileType = folder.assetcatalog; path = Assets.xcassets; sourceTree = "<group>"; };
		529DA8B12BB7B23000629C86 /* Preview Assets.xcassets */ = {isa = PBXFileReference; lastKnownFileType = folder.assetcatalog; path = "Preview Assets.xcassets"; sourceTree = "<group>"; };
		529DA8D52BB7B27400629C86 /* Home.framework */ = {isa = PBXFileReference; explicitFileType = wrapper.framework; includeInIndex = 0; path = Home.framework; sourceTree = BUILT_PRODUCTS_DIR; };
		529DA8D72BB7B27400629C86 /* Home.h */ = {isa = PBXFileReference; lastKnownFileType = sourcecode.c.h; path = Home.h; sourceTree = "<group>"; };
		529DA8D82BB7B27400629C86 /* Home.docc */ = {isa = PBXFileReference; lastKnownFileType = folder.documentationcatalog; path = Home.docc; sourceTree = "<group>"; };
		529DA8E42BB7B29600629C86 /* NetworkManager.framework */ = {isa = PBXFileReference; explicitFileType = wrapper.framework; path = NetworkManager.framework; sourceTree = BUILT_PRODUCTS_DIR; };
		B502D7C82C00681100DD2642 /* ColorPicker.swift */ = {isa = PBXFileReference; lastKnownFileType = sourcecode.swift; path = ColorPicker.swift; sourceTree = "<group>"; };
		B502D7CC2C007B5D00DD2642 /* ShoesViewModel.swift */ = {isa = PBXFileReference; lastKnownFileType = sourcecode.swift; path = ShoesViewModel.swift; sourceTree = "<group>"; };
		B502D7CE2C007BCC00DD2642 /* ShoesItem.swift */ = {isa = PBXFileReference; lastKnownFileType = sourcecode.swift; path = ShoesItem.swift; sourceTree = "<group>"; };
		B502D7D02C00805E00DD2642 /* ShoesModel.swift */ = {isa = PBXFileReference; lastKnownFileType = sourcecode.swift; path = ShoesModel.swift; sourceTree = "<group>"; };
		B569D39F2C2442B1005A1624 /* TrendingViewModel.swift */ = {isa = PBXFileReference; lastKnownFileType = sourcecode.swift; path = TrendingViewModel.swift; sourceTree = "<group>"; };
		B569D3BB2C25ACC6005A1624 /* AutumSalesModel.swift */ = {isa = PBXFileReference; lastKnownFileType = sourcecode.swift; path = AutumSalesModel.swift; sourceTree = "<group>"; };
		B569D3BD2C273A7D005A1624 /* AutumSalesViewModel.swift */ = {isa = PBXFileReference; lastKnownFileType = sourcecode.swift; path = AutumSalesViewModel.swift; sourceTree = "<group>"; };
		B57A08292BFE3B9E00D3BA72 /* HomeViewContent.swift */ = {isa = PBXFileReference; lastKnownFileType = sourcecode.swift; path = HomeViewContent.swift; sourceTree = "<group>"; };
		B57A083B2BFE3D0B00D3BA72 /* ProgressAnimate.swift */ = {isa = PBXFileReference; lastKnownFileType = sourcecode.swift; path = ProgressAnimate.swift; sourceTree = "<group>"; };
		B57A083D2BFE3D2500D3BA72 /* CustomNavigation.swift */ = {isa = PBXFileReference; lastKnownFileType = sourcecode.swift; path = CustomNavigation.swift; sourceTree = "<group>"; };
		B57A083F2BFE3D3100D3BA72 /* DetailedNavigate.swift */ = {isa = PBXFileReference; lastKnownFileType = sourcecode.swift; path = DetailedNavigate.swift; sourceTree = "<group>"; };
		B57A08412BFE3D4D00D3BA72 /* AutumSalesView.swift */ = {isa = PBXFileReference; lastKnownFileType = sourcecode.swift; path = AutumSalesView.swift; sourceTree = "<group>"; };
		B57A08432BFE3D7000D3BA72 /* 7SaberFamily.swift */ = {isa = PBXFileReference; lastKnownFileType = sourcecode.swift; path = 7SaberFamily.swift; sourceTree = "<group>"; };
		B57A08452BFE3D8F00D3BA72 /* ButtonSort.swift */ = {isa = PBXFileReference; lastKnownFileType = sourcecode.swift; path = ButtonSort.swift; sourceTree = "<group>"; };
		B57A08472BFE3DAA00D3BA72 /* BigText.swift */ = {isa = PBXFileReference; lastKnownFileType = sourcecode.swift; path = BigText.swift; sourceTree = "<group>"; };
		B57A08492BFE3DBF00D3BA72 /* ShoesView.swift */ = {isa = PBXFileReference; lastKnownFileType = sourcecode.swift; path = ShoesView.swift; sourceTree = "<group>"; };
		B57A084B2BFE3DC900D3BA72 /* TrendingView.swift */ = {isa = PBXFileReference; lastKnownFileType = sourcecode.swift; path = TrendingView.swift; sourceTree = "<group>"; };
		B57A084D2BFE3DE000D3BA72 /* TrendingItem.swift */ = {isa = PBXFileReference; lastKnownFileType = sourcecode.swift; path = TrendingItem.swift; sourceTree = "<group>"; };
		B57A084F2BFE3DED00D3BA72 /* TrendingModel.swift */ = {isa = PBXFileReference; lastKnownFileType = sourcecode.swift; path = TrendingModel.swift; sourceTree = "<group>"; };
		B57A08512BFE3E1600D3BA72 /* ItemView.swift */ = {isa = PBXFileReference; lastKnownFileType = sourcecode.swift; path = ItemView.swift; sourceTree = "<group>"; };
		B57A08532BFE3E2500D3BA72 /* ProductModel.swift */ = {isa = PBXFileReference; lastKnownFileType = sourcecode.swift; path = ProductModel.swift; sourceTree = "<group>"; };
		B57A08552BFE3E2D00D3BA72 /* View.swift */ = {isa = PBXFileReference; lastKnownFileType = sourcecode.swift; path = View.swift; sourceTree = "<group>"; };
		B57A08582BFE3E3E00D3BA72 /* ViewModel.swift */ = {isa = PBXFileReference; lastKnownFileType = sourcecode.swift; path = ViewModel.swift; sourceTree = "<group>"; };
		B57A085A2BFE3E7000D3BA72 /* CategoryView.swift */ = {isa = PBXFileReference; lastKnownFileType = sourcecode.swift; path = CategoryView.swift; sourceTree = "<group>"; };
		B57A085C2BFE3E7B00D3BA72 /* CategoryViewModel.swift */ = {isa = PBXFileReference; lastKnownFileType = sourcecode.swift; path = CategoryViewModel.swift; sourceTree = "<group>"; };
		B57A085E2BFE3ECC00D3BA72 /* AvpView.swift */ = {isa = PBXFileReference; lastKnownFileType = sourcecode.swift; path = AvpView.swift; sourceTree = "<group>"; };
		B57A08602BFE3ED400D3BA72 /* AvpModel.swift */ = {isa = PBXFileReference; lastKnownFileType = sourcecode.swift; path = AvpModel.swift; sourceTree = "<group>"; };
		B57A08622BFE3F0700D3BA72 /* CatalogPageView.swift */ = {isa = PBXFileReference; lastKnownFileType = sourcecode.swift; path = CatalogPageView.swift; sourceTree = "<group>"; };
		B57A08692BFE3F6C00D3BA72 /* Segment.swift */ = {isa = PBXFileReference; lastKnownFileType = sourcecode.swift; path = Segment.swift; sourceTree = "<group>"; };
		B57A086B2BFE3F7600D3BA72 /* SegmentAll.swift */ = {isa = PBXFileReference; lastKnownFileType = sourcecode.swift; path = SegmentAll.swift; sourceTree = "<group>"; };
		B57A086D2BFE3FCA00D3BA72 /* Trend.swift */ = {isa = PBXFileReference; lastKnownFileType = sourcecode.swift; path = Trend.swift; sourceTree = "<group>"; };
		B57A086F2BFE400E00D3BA72 /* NewView.swift */ = {isa = PBXFileReference; lastKnownFileType = sourcecode.swift; path = NewView.swift; sourceTree = "<group>"; };
		B57A08712BFE401700D3BA72 /* NewItem.swift */ = {isa = PBXFileReference; lastKnownFileType = sourcecode.swift; path = NewItem.swift; sourceTree = "<group>"; };
		B57A08742BFE402700D3BA72 /* NewModel.swift */ = {isa = PBXFileReference; lastKnownFileType = sourcecode.swift; path = NewModel.swift; sourceTree = "<group>"; };
		B57A08762BFE404A00D3BA72 /* 3itemView.swift */ = {isa = PBXFileReference; lastKnownFileType = sourcecode.swift; path = 3itemView.swift; sourceTree = "<group>"; };
		B57A08782BFE406000D3BA72 /* BottomSheet.swift */ = {isa = PBXFileReference; lastKnownFileType = sourcecode.swift; path = BottomSheet.swift; sourceTree = "<group>"; };
		B57A087A2BFE40AB00D3BA72 /* AutumSaless.swift */ = {isa = PBXFileReference; lastKnownFileType = sourcecode.swift; path = AutumSaless.swift; sourceTree = "<group>"; };
		B57A087C2BFE40D900D3BA72 /* ShowAlls.swift */ = {isa = PBXFileReference; lastKnownFileType = sourcecode.swift; path = ShowAlls.swift; sourceTree = "<group>"; };
		B57A087E2BFE40F300D3BA72 /* DetailedView.swift */ = {isa = PBXFileReference; lastKnownFileType = sourcecode.swift; path = DetailedView.swift; sourceTree = "<group>"; };
		B57A08812BFE411900D3BA72 /* DetailedImageView.swift */ = {isa = PBXFileReference; lastKnownFileType = sourcecode.swift; path = DetailedImageView.swift; sourceTree = "<group>"; };
		B57A08832BFE419C00D3BA72 /* ImageText.swift */ = {isa = PBXFileReference; lastKnownFileType = sourcecode.swift; path = ImageText.swift; sourceTree = "<group>"; };
		B57A08852BFE41B300D3BA72 /* SizeView.swift */ = {isa = PBXFileReference; lastKnownFileType = sourcecode.swift; path = SizeView.swift; sourceTree = "<group>"; };
		B57A08892BFE425200D3BA72 /* DetailRow.swift */ = {isa = PBXFileReference; lastKnownFileType = sourcecode.swift; path = DetailRow.swift; sourceTree = "<group>"; };
		B57A088B2BFE426700D3BA72 /* ImageUpload.swift */ = {isa = PBXFileReference; lastKnownFileType = sourcecode.swift; path = ImageUpload.swift; sourceTree = "<group>"; };
		B57A088D2BFE428A00D3BA72 /* TabbarCard.swift */ = {isa = PBXFileReference; lastKnownFileType = sourcecode.swift; path = TabbarCard.swift; sourceTree = "<group>"; };
		B57A088F2BFE42A300D3BA72 /* Snack.swift */ = {isa = PBXFileReference; lastKnownFileType = sourcecode.swift; path = Snack.swift; sourceTree = "<group>"; };
		B593DB612C2A72E700D0314A /* AvpViewModel.swift */ = {isa = PBXFileReference; lastKnownFileType = sourcecode.swift; path = AvpViewModel.swift; sourceTree = "<group>"; };
		B593DB632C2A731700D0314A /* AVPAPIMANAGER.swift */ = {isa = PBXFileReference; lastKnownFileType = sourcecode.swift; path = AVPAPIMANAGER.swift; sourceTree = "<group>"; };
		FA4F20B12BB7E98900457A3E /* NetworkManager.framework */ = {isa = PBXFileReference; explicitFileType = wrapper.framework; path = NetworkManager.framework; sourceTree = BUILT_PRODUCTS_DIR; };
		FA4F20E72BB7EBB900457A3E /* Core.framework */ = {isa = PBXFileReference; explicitFileType = wrapper.framework; path = Core.framework; sourceTree = BUILT_PRODUCTS_DIR; };
		FA77A3A12BBDA0F600843673 /* AssetKit.framework */ = {isa = PBXFileReference; explicitFileType = wrapper.framework; path = AssetKit.framework; sourceTree = BUILT_PRODUCTS_DIR; };
/* End PBXFileReference section */

/* Begin PBXFrameworksBuildPhase section */
		529DA8A42BB7B23000629C86 /* Frameworks */ = {
			isa = PBXFrameworksBuildPhase;
			buildActionMask = 2147483647;
			files = (
				529DA8DD2BB7B27400629C86 /* Home.framework in Frameworks */,
			);
			runOnlyForDeploymentPostprocessing = 0;
		};
		529DA8D22BB7B27400629C86 /* Frameworks */ = {
			isa = PBXFrameworksBuildPhase;
			buildActionMask = 2147483647;
			files = (
				FA4F20B22BB7E98900457A3E /* NetworkManager.framework in Frameworks */,
				FA77A3A22BBDA0F600843673 /* AssetKit.framework in Frameworks */,
				FA4F20E82BB7EBB900457A3E /* Core.framework in Frameworks */,
			);
			runOnlyForDeploymentPostprocessing = 0;
		};
/* End PBXFrameworksBuildPhase section */

/* Begin PBXGroup section */
		529DA89E2BB7B23000629C86 = {
			isa = PBXGroup;
			children = (
				529DA8A92BB7B23000629C86 /* HomeApp */,
				529DA8D62BB7B27400629C86 /* Home */,
				529DA8A82BB7B23000629C86 /* Products */,
				529DA8E32BB7B29600629C86 /* Frameworks */,
			);
			sourceTree = "<group>";
		};
		529DA8A82BB7B23000629C86 /* Products */ = {
			isa = PBXGroup;
			children = (
				529DA8A72BB7B23000629C86 /* HomeApp.app */,
				529DA8D52BB7B27400629C86 /* Home.framework */,
			);
			name = Products;
			sourceTree = "<group>";
		};
		529DA8A92BB7B23000629C86 /* HomeApp */ = {
			isa = PBXGroup;
			children = (
				529DA8AA2BB7B23000629C86 /* HomeAppApp.swift */,
				529DA8AE2BB7B23000629C86 /* Assets.xcassets */,
				529DA8B02BB7B23000629C86 /* Preview Content */,
			);
			path = HomeApp;
			sourceTree = "<group>";
		};
		529DA8B02BB7B23000629C86 /* Preview Content */ = {
			isa = PBXGroup;
			children = (
				529DA8B12BB7B23000629C86 /* Preview Assets.xcassets */,
			);
			path = "Preview Content";
			sourceTree = "<group>";
		};
		529DA8D62BB7B27400629C86 /* Home */ = {
			isa = PBXGroup;
			children = (
				B57A082B2BFE3BB400D3BA72 /* HomeViewCV */,
				B57A082C2BFE3BD800D3BA72 /* CatalogVC */,
				B57A082D2BFE3C1A00D3BA72 /* ShowAll */,
				B57A082E2BFE3C2400D3BA72 /* DetaileddView */,
				529DA8D72BB7B27400629C86 /* Home.h */,
				529DA8D82BB7B27400629C86 /* Home.docc */,
			);
			path = Home;
			sourceTree = "<group>";
		};
		529DA8E32BB7B29600629C86 /* Frameworks */ = {
			isa = PBXGroup;
			children = (
				FA77A3A12BBDA0F600843673 /* AssetKit.framework */,
				FA4F20E72BB7EBB900457A3E /* Core.framework */,
				FA4F20B12BB7E98900457A3E /* NetworkManager.framework */,
				529DA8E42BB7B29600629C86 /* NetworkManager.framework */,
			);
			name = Frameworks;
			sourceTree = "<group>";
		};
		B57A082B2BFE3BB400D3BA72 /* HomeViewCV */ = {
			isa = PBXGroup;
			children = (
				B57A082F2BFE3C4C00D3BA72 /* HomeComponents */,
				B57A08292BFE3B9E00D3BA72 /* HomeViewContent.swift */,
			);
			path = HomeViewCV;
			sourceTree = "<group>";
		};
		B57A082C2BFE3BD800D3BA72 /* CatalogVC */ = {
			isa = PBXGroup;
			children = (
				B57A08622BFE3F0700D3BA72 /* CatalogPageView.swift */,
				B57A08682BFE3F4B00D3BA72 /* AutumCollection */,
				B57A08672BFE3F4100D3BA72 /* 3item */,
				B57A08662BFE3F3400D3BA72 /* BestSellers */,
				B57A08652BFE3F1F00D3BA72 /* TrendView */,
				B57A08642BFE3F0B00D3BA72 /* SegmentedController */,
			);
			path = CatalogVC;
			sourceTree = "<group>";
		};
		B57A082D2BFE3C1A00D3BA72 /* ShowAll */ = {
			isa = PBXGroup;
			children = (
				B57A087C2BFE40D900D3BA72 /* ShowAlls.swift */,
			);
			path = ShowAll;
			sourceTree = "<group>";
		};
		B57A082E2BFE3C2400D3BA72 /* DetaileddView */ = {
			isa = PBXGroup;
			children = (
				B57A087E2BFE40F300D3BA72 /* DetailedView.swift */,
				B57A08802BFE40F900D3BA72 /* DetailedComponents */,
			);
			path = DetaileddView;
			sourceTree = "<group>";
		};
		B57A082F2BFE3C4C00D3BA72 /* HomeComponents */ = {
			isa = PBXGroup;
			children = (
				B57A083A2BFE3CDC00D3BA72 /* ProgressView */,
				B57A08392BFE3CD400D3BA72 /* CustomNavigation */,
				B57A08382BFE3CC900D3BA72 /* AutumSales */,
				B57A08372BFE3CB500D3BA72 /* 7family */,
				B57A08362BFE3CA900D3BA72 /* ButtonSort */,
				B57A08352BFE3CA400D3BA72 /* BigText */,
				B57A08342BFE3C9B00D3BA72 /* Shoes */,
				B57A08332BFE3C9300D3BA72 /* TrendingNow */,
				B57A08322BFE3C8900D3BA72 /* NewCollection */,
				B57A08312BFE3C6E00D3BA72 /* Category */,
				B57A08302BFE3C6400D3BA72 /* AvpPlayer */,
			);
			path = HomeComponents;
			sourceTree = "<group>";
		};
		B57A08302BFE3C6400D3BA72 /* AvpPlayer */ = {
			isa = PBXGroup;
			children = (
				B57A085E2BFE3ECC00D3BA72 /* AvpView.swift */,
				B593DB612C2A72E700D0314A /* AvpViewModel.swift */,
				B593DB632C2A731700D0314A /* AVPAPIMANAGER.swift */,
				B57A08602BFE3ED400D3BA72 /* AvpModel.swift */,
			);
			path = AvpPlayer;
			sourceTree = "<group>";
		};
		B57A08312BFE3C6E00D3BA72 /* Category */ = {
			isa = PBXGroup;
			children = (
				B57A085A2BFE3E7000D3BA72 /* CategoryView.swift */,
				B57A085C2BFE3E7B00D3BA72 /* CategoryViewModel.swift */,
			);
			path = Category;
			sourceTree = "<group>";
		};
		B57A08322BFE3C8900D3BA72 /* NewCollection */ = {
			isa = PBXGroup;
			children = (
				B57A08512BFE3E1600D3BA72 /* ItemView.swift */,
				B57A08532BFE3E2500D3BA72 /* ProductModel.swift */,
				B57A08552BFE3E2D00D3BA72 /* View.swift */,
				B57A08582BFE3E3E00D3BA72 /* ViewModel.swift */,
			);
			path = NewCollection;
			sourceTree = "<group>";
		};
		B57A08332BFE3C9300D3BA72 /* TrendingNow */ = {
			isa = PBXGroup;
			children = (
				B57A084B2BFE3DC900D3BA72 /* TrendingView.swift */,
				B57A084D2BFE3DE000D3BA72 /* TrendingItem.swift */,
				B57A084F2BFE3DED00D3BA72 /* TrendingModel.swift */,
				B569D39F2C2442B1005A1624 /* TrendingViewModel.swift */,
			);
			path = TrendingNow;
			sourceTree = "<group>";
		};
		B57A08342BFE3C9B00D3BA72 /* Shoes */ = {
			isa = PBXGroup;
			children = (
				B57A08492BFE3DBF00D3BA72 /* ShoesView.swift */,
				B502D7CE2C007BCC00DD2642 /* ShoesItem.swift */,
				B502D7D02C00805E00DD2642 /* ShoesModel.swift */,
				B502D7CC2C007B5D00DD2642 /* ShoesViewModel.swift */,
			);
			path = Shoes;
			sourceTree = "<group>";
		};
		B57A08352BFE3CA400D3BA72 /* BigText */ = {
			isa = PBXGroup;
			children = (
				B57A08472BFE3DAA00D3BA72 /* BigText.swift */,
			);
			path = BigText;
			sourceTree = "<group>";
		};
		B57A08362BFE3CA900D3BA72 /* ButtonSort */ = {
			isa = PBXGroup;
			children = (
				B57A08452BFE3D8F00D3BA72 /* ButtonSort.swift */,
			);
			path = ButtonSort;
			sourceTree = "<group>";
		};
		B57A08372BFE3CB500D3BA72 /* 7family */ = {
			isa = PBXGroup;
			children = (
				B57A08432BFE3D7000D3BA72 /* 7SaberFamily.swift */,
			);
			path = 7family;
			sourceTree = "<group>";
		};
		B57A08382BFE3CC900D3BA72 /* AutumSales */ = {
			isa = PBXGroup;
			children = (
				B57A08412BFE3D4D00D3BA72 /* AutumSalesView.swift */,
				B569D3BD2C273A7D005A1624 /* AutumSalesViewModel.swift */,
				B569D3BB2C25ACC6005A1624 /* AutumSalesModel.swift */,
			);
			path = AutumSales;
			sourceTree = "<group>";
		};
		B57A08392BFE3CD400D3BA72 /* CustomNavigation */ = {
			isa = PBXGroup;
			children = (
				B57A083D2BFE3D2500D3BA72 /* CustomNavigation.swift */,
				B57A083F2BFE3D3100D3BA72 /* DetailedNavigate.swift */,
			);
			path = CustomNavigation;
			sourceTree = "<group>";
		};
		B57A083A2BFE3CDC00D3BA72 /* ProgressView */ = {
			isa = PBXGroup;
			children = (
				B57A083B2BFE3D0B00D3BA72 /* ProgressAnimate.swift */,
			);
			path = ProgressView;
			sourceTree = "<group>";
		};
		B57A08642BFE3F0B00D3BA72 /* SegmentedController */ = {
			isa = PBXGroup;
			children = (
				B57A08692BFE3F6C00D3BA72 /* Segment.swift */,
				B57A086B2BFE3F7600D3BA72 /* SegmentAll.swift */,
			);
			path = SegmentedController;
			sourceTree = "<group>";
		};
		B57A08652BFE3F1F00D3BA72 /* TrendView */ = {
			isa = PBXGroup;
			children = (
				B57A086D2BFE3FCA00D3BA72 /* Trend.swift */,
			);
			path = TrendView;
			sourceTree = "<group>";
		};
		B57A08662BFE3F3400D3BA72 /* BestSellers */ = {
			isa = PBXGroup;
			children = (
				B57A086F2BFE400E00D3BA72 /* NewView.swift */,
				B57A08712BFE401700D3BA72 /* NewItem.swift */,
				B57A08742BFE402700D3BA72 /* NewModel.swift */,
			);
			path = BestSellers;
			sourceTree = "<group>";
		};
		B57A08672BFE3F4100D3BA72 /* 3item */ = {
			isa = PBXGroup;
			children = (
				B57A08762BFE404A00D3BA72 /* 3itemView.swift */,
				B57A08782BFE406000D3BA72 /* BottomSheet.swift */,
			);
			path = 3item;
			sourceTree = "<group>";
		};
		B57A08682BFE3F4B00D3BA72 /* AutumCollection */ = {
			isa = PBXGroup;
			children = (
				B57A087A2BFE40AB00D3BA72 /* AutumSaless.swift */,
			);
			path = AutumCollection;
			sourceTree = "<group>";
		};
		B57A08802BFE40F900D3BA72 /* DetailedComponents */ = {
			isa = PBXGroup;
			children = (
				B57A08812BFE411900D3BA72 /* DetailedImageView.swift */,
				B57A08832BFE419C00D3BA72 /* ImageText.swift */,
				B57A08852BFE41B300D3BA72 /* SizeView.swift */,
				B57A08892BFE425200D3BA72 /* DetailRow.swift */,
				B502D7C82C00681100DD2642 /* ColorPicker.swift */,
				B57A088B2BFE426700D3BA72 /* ImageUpload.swift */,
				B57A088D2BFE428A00D3BA72 /* TabbarCard.swift */,
				B57A088F2BFE42A300D3BA72 /* Snack.swift */,
			);
			path = DetailedComponents;
			sourceTree = "<group>";
		};
/* End PBXGroup section */

/* Begin PBXHeadersBuildPhase section */
		529DA8D02BB7B27400629C86 /* Headers */ = {
			isa = PBXHeadersBuildPhase;
			buildActionMask = 2147483647;
			files = (
				529DA8DA2BB7B27400629C86 /* Home.h in Headers */,
			);
			runOnlyForDeploymentPostprocessing = 0;
		};
/* End PBXHeadersBuildPhase section */

/* Begin PBXNativeTarget section */
		529DA8A62BB7B23000629C86 /* HomeApp */ = {
			isa = PBXNativeTarget;
			buildConfigurationList = 529DA8B52BB7B23000629C86 /* Build configuration list for PBXNativeTarget "HomeApp" */;
			buildPhases = (
				529DA8A32BB7B23000629C86 /* Sources */,
				529DA8A42BB7B23000629C86 /* Frameworks */,
				529DA8A52BB7B23000629C86 /* Resources */,
				529DA8E22BB7B27400629C86 /* Embed Frameworks */,
			);
			buildRules = (
			);
			dependencies = (
				529DA8DC2BB7B27400629C86 /* PBXTargetDependency */,
			);
			name = HomeApp;
			productName = HomeApp;
			productReference = 529DA8A72BB7B23000629C86 /* HomeApp.app */;
			productType = "com.apple.product-type.application";
		};
		529DA8D42BB7B27400629C86 /* Home */ = {
			isa = PBXNativeTarget;
			buildConfigurationList = 529DA8DF2BB7B27400629C86 /* Build configuration list for PBXNativeTarget "Home" */;
			buildPhases = (
				529DA8D02BB7B27400629C86 /* Headers */,
				529DA8D12BB7B27400629C86 /* Sources */,
				529DA8D22BB7B27400629C86 /* Frameworks */,
				529DA8D32BB7B27400629C86 /* Resources */,
				FA4F20B42BB7E98900457A3E /* Embed Frameworks */,
			);
			buildRules = (
			);
			dependencies = (
			);
			name = Home;
			productName = Home;
			productReference = 529DA8D52BB7B27400629C86 /* Home.framework */;
			productType = "com.apple.product-type.framework";
		};
/* End PBXNativeTarget section */

/* Begin PBXProject section */
		529DA89F2BB7B23000629C86 /* Project object */ = {
			isa = PBXProject;
			attributes = {
				BuildIndependentTargetsInParallel = 1;
				LastSwiftUpdateCheck = 1530;
				LastUpgradeCheck = 1530;
				TargetAttributes = {
					529DA8A62BB7B23000629C86 = {
						CreatedOnToolsVersion = 15.3;
					};
					529DA8D42BB7B27400629C86 = {
						CreatedOnToolsVersion = 15.3;
					};
				};
			};
			buildConfigurationList = 529DA8A22BB7B23000629C86 /* Build configuration list for PBXProject "HomeApp" */;
			compatibilityVersion = "Xcode 14.0";
			developmentRegion = en;
			hasScannedForEncodings = 0;
			knownRegions = (
				en,
				Base,
			);
			mainGroup = 529DA89E2BB7B23000629C86;
			productRefGroup = 529DA8A82BB7B23000629C86 /* Products */;
			projectDirPath = "";
			projectRoot = "";
			targets = (
				529DA8A62BB7B23000629C86 /* HomeApp */,
				529DA8D42BB7B27400629C86 /* Home */,
			);
		};
/* End PBXProject section */

/* Begin PBXResourcesBuildPhase section */
		529DA8A52BB7B23000629C86 /* Resources */ = {
			isa = PBXResourcesBuildPhase;
			buildActionMask = 2147483647;
			files = (
				529DA8B22BB7B23000629C86 /* Preview Assets.xcassets in Resources */,
				529DA8AF2BB7B23000629C86 /* Assets.xcassets in Resources */,
			);
			runOnlyForDeploymentPostprocessing = 0;
		};
		529DA8D32BB7B27400629C86 /* Resources */ = {
			isa = PBXResourcesBuildPhase;
			buildActionMask = 2147483647;
			files = (
			);
			runOnlyForDeploymentPostprocessing = 0;
		};
/* End PBXResourcesBuildPhase section */

/* Begin PBXSourcesBuildPhase section */
		529DA8A32BB7B23000629C86 /* Sources */ = {
			isa = PBXSourcesBuildPhase;
			buildActionMask = 2147483647;
			files = (
				529DA8AB2BB7B23000629C86 /* HomeAppApp.swift in Sources */,
			);
			runOnlyForDeploymentPostprocessing = 0;
		};
		529DA8D12BB7B27400629C86 /* Sources */ = {
			isa = PBXSourcesBuildPhase;
			buildActionMask = 2147483647;
			files = (
				B57A088A2BFE425200D3BA72 /* DetailRow.swift in Sources */,
				B57A083E2BFE3D2500D3BA72 /* CustomNavigation.swift in Sources */,
				B57A08722BFE401700D3BA72 /* NewItem.swift in Sources */,
				B57A08822BFE411900D3BA72 /* DetailedImageView.swift in Sources */,
				B57A088C2BFE426700D3BA72 /* ImageUpload.swift in Sources */,
				B57A086A2BFE3F6C00D3BA72 /* Segment.swift in Sources */,
				B593DB642C2A731700D0314A /* AVPAPIMANAGER.swift in Sources */,
				529DA8D92BB7B27400629C86 /* Home.docc in Sources */,
				B57A086E2BFE3FCA00D3BA72 /* Trend.swift in Sources */,
				B57A087D2BFE40D900D3BA72 /* ShowAlls.swift in Sources */,
				B57A084E2BFE3DE000D3BA72 /* TrendingItem.swift in Sources */,
				B57A08772BFE404A00D3BA72 /* 3itemView.swift in Sources */,
				B57A08442BFE3D7000D3BA72 /* 7SaberFamily.swift in Sources */,
				B57A083C2BFE3D0B00D3BA72 /* ProgressAnimate.swift in Sources */,
				B57A08562BFE3E2D00D3BA72 /* View.swift in Sources */,
				B57A08402BFE3D3100D3BA72 /* DetailedNavigate.swift in Sources */,
				B57A085F2BFE3ECC00D3BA72 /* AvpView.swift in Sources */,
				B57A087B2BFE40AB00D3BA72 /* AutumSaless.swift in Sources */,
				B57A08792BFE406000D3BA72 /* BottomSheet.swift in Sources */,
				B57A085B2BFE3E7000D3BA72 /* CategoryView.swift in Sources */,
				B57A08702BFE400E00D3BA72 /* NewView.swift in Sources */,
				B57A082A2BFE3B9E00D3BA72 /* HomeViewContent.swift in Sources */,
				B569D3BC2C25ACC6005A1624 /* AutumSalesModel.swift in Sources */,
				B502D7D12C00805E00DD2642 /* ShoesModel.swift in Sources */,
				B569D3A02C2442B1005A1624 /* TrendingViewModel.swift in Sources */,
				B57A088E2BFE428A00D3BA72 /* TabbarCard.swift in Sources */,
				B57A08422BFE3D4D00D3BA72 /* AutumSalesView.swift in Sources */,
				B57A08592BFE3E3E00D3BA72 /* ViewModel.swift in Sources */,
				B502D7C92C00681100DD2642 /* ColorPicker.swift in Sources */,
				B57A086C2BFE3F7600D3BA72 /* SegmentAll.swift in Sources */,
				B502D7CD2C007B5D00DD2642 /* ShoesViewModel.swift in Sources */,
				B57A08502BFE3DED00D3BA72 /* TrendingModel.swift in Sources */,
				B57A085D2BFE3E7B00D3BA72 /* CategoryViewModel.swift in Sources */,
				B593DB622C2A72E700D0314A /* AvpViewModel.swift in Sources */,
				B57A084C2BFE3DC900D3BA72 /* TrendingView.swift in Sources */,
				B57A08632BFE3F0700D3BA72 /* CatalogPageView.swift in Sources */,
				B57A08612BFE3ED400D3BA72 /* AvpModel.swift in Sources */,
				B569D3BE2C273A7D005A1624 /* AutumSalesViewModel.swift in Sources */,
				B502D7CF2C007BCC00DD2642 /* ShoesItem.swift in Sources */,
				B57A087F2BFE40F300D3BA72 /* DetailedView.swift in Sources */,
				B57A08862BFE41B300D3BA72 /* SizeView.swift in Sources */,
				B57A08752BFE402700D3BA72 /* NewModel.swift in Sources */,
				B57A08462BFE3D8F00D3BA72 /* ButtonSort.swift in Sources */,
				B57A08842BFE419C00D3BA72 /* ImageText.swift in Sources */,
				B57A08902BFE42A300D3BA72 /* Snack.swift in Sources */,
				B57A08542BFE3E2500D3BA72 /* ProductModel.swift in Sources */,
				B57A08522BFE3E1600D3BA72 /* ItemView.swift in Sources */,
				B57A084A2BFE3DBF00D3BA72 /* ShoesView.swift in Sources */,
				B57A08482BFE3DAA00D3BA72 /* BigText.swift in Sources */,
			);
			runOnlyForDeploymentPostprocessing = 0;
		};
/* End PBXSourcesBuildPhase section */

/* Begin PBXTargetDependency section */
		529DA8DC2BB7B27400629C86 /* PBXTargetDependency */ = {
			isa = PBXTargetDependency;
			target = 529DA8D42BB7B27400629C86 /* Home */;
			targetProxy = 529DA8DB2BB7B27400629C86 /* PBXContainerItemProxy */;
		};
/* End PBXTargetDependency section */

/* Begin XCBuildConfiguration section */
		529DA8B32BB7B23000629C86 /* Debug */ = {
			isa = XCBuildConfiguration;
			buildSettings = {
				ALWAYS_SEARCH_USER_PATHS = NO;
				ASSETCATALOG_COMPILER_GENERATE_SWIFT_ASSET_SYMBOL_EXTENSIONS = YES;
				CLANG_ANALYZER_NONNULL = YES;
				CLANG_ANALYZER_NUMBER_OBJECT_CONVERSION = YES_AGGRESSIVE;
				CLANG_CXX_LANGUAGE_STANDARD = "gnu++20";
				CLANG_ENABLE_MODULES = YES;
				CLANG_ENABLE_OBJC_ARC = YES;
				CLANG_ENABLE_OBJC_WEAK = YES;
				CLANG_WARN_BLOCK_CAPTURE_AUTORELEASING = YES;
				CLANG_WARN_BOOL_CONVERSION = YES;
				CLANG_WARN_COMMA = YES;
				CLANG_WARN_CONSTANT_CONVERSION = YES;
				CLANG_WARN_DEPRECATED_OBJC_IMPLEMENTATIONS = YES;
				CLANG_WARN_DIRECT_OBJC_ISA_USAGE = YES_ERROR;
				CLANG_WARN_DOCUMENTATION_COMMENTS = YES;
				CLANG_WARN_EMPTY_BODY = YES;
				CLANG_WARN_ENUM_CONVERSION = YES;
				CLANG_WARN_INFINITE_RECURSION = YES;
				CLANG_WARN_INT_CONVERSION = YES;
				CLANG_WARN_NON_LITERAL_NULL_CONVERSION = YES;
				CLANG_WARN_OBJC_IMPLICIT_RETAIN_SELF = YES;
				CLANG_WARN_OBJC_LITERAL_CONVERSION = YES;
				CLANG_WARN_OBJC_ROOT_CLASS = YES_ERROR;
				CLANG_WARN_QUOTED_INCLUDE_IN_FRAMEWORK_HEADER = YES;
				CLANG_WARN_RANGE_LOOP_ANALYSIS = YES;
				CLANG_WARN_STRICT_PROTOTYPES = YES;
				CLANG_WARN_SUSPICIOUS_MOVE = YES;
				CLANG_WARN_UNGUARDED_AVAILABILITY = YES_AGGRESSIVE;
				CLANG_WARN_UNREACHABLE_CODE = YES;
				CLANG_WARN__DUPLICATE_METHOD_MATCH = YES;
				COPY_PHASE_STRIP = NO;
				DEBUG_INFORMATION_FORMAT = dwarf;
				ENABLE_STRICT_OBJC_MSGSEND = YES;
				ENABLE_TESTABILITY = YES;
				ENABLE_USER_SCRIPT_SANDBOXING = YES;
				GCC_C_LANGUAGE_STANDARD = gnu17;
				GCC_DYNAMIC_NO_PIC = NO;
				GCC_NO_COMMON_BLOCKS = YES;
				GCC_OPTIMIZATION_LEVEL = 0;
				GCC_PREPROCESSOR_DEFINITIONS = (
					"DEBUG=1",
					"$(inherited)",
				);
				GCC_WARN_64_TO_32_BIT_CONVERSION = YES;
				GCC_WARN_ABOUT_RETURN_TYPE = YES_ERROR;
				GCC_WARN_UNDECLARED_SELECTOR = YES;
				GCC_WARN_UNINITIALIZED_AUTOS = YES_AGGRESSIVE;
				GCC_WARN_UNUSED_FUNCTION = YES;
				GCC_WARN_UNUSED_VARIABLE = YES;
				IPHONEOS_DEPLOYMENT_TARGET = 17.4;
				LOCALIZATION_PREFERS_STRING_CATALOGS = YES;
				MTL_ENABLE_DEBUG_INFO = INCLUDE_SOURCE;
				MTL_FAST_MATH = YES;
				ONLY_ACTIVE_ARCH = YES;
				SDKROOT = iphoneos;
				SWIFT_ACTIVE_COMPILATION_CONDITIONS = "DEBUG $(inherited)";
				SWIFT_OPTIMIZATION_LEVEL = "-Onone";
			};
			name = Debug;
		};
		529DA8B42BB7B23000629C86 /* Release */ = {
			isa = XCBuildConfiguration;
			buildSettings = {
				ALWAYS_SEARCH_USER_PATHS = NO;
				ASSETCATALOG_COMPILER_GENERATE_SWIFT_ASSET_SYMBOL_EXTENSIONS = YES;
				CLANG_ANALYZER_NONNULL = YES;
				CLANG_ANALYZER_NUMBER_OBJECT_CONVERSION = YES_AGGRESSIVE;
				CLANG_CXX_LANGUAGE_STANDARD = "gnu++20";
				CLANG_ENABLE_MODULES = YES;
				CLANG_ENABLE_OBJC_ARC = YES;
				CLANG_ENABLE_OBJC_WEAK = YES;
				CLANG_WARN_BLOCK_CAPTURE_AUTORELEASING = YES;
				CLANG_WARN_BOOL_CONVERSION = YES;
				CLANG_WARN_COMMA = YES;
				CLANG_WARN_CONSTANT_CONVERSION = YES;
				CLANG_WARN_DEPRECATED_OBJC_IMPLEMENTATIONS = YES;
				CLANG_WARN_DIRECT_OBJC_ISA_USAGE = YES_ERROR;
				CLANG_WARN_DOCUMENTATION_COMMENTS = YES;
				CLANG_WARN_EMPTY_BODY = YES;
				CLANG_WARN_ENUM_CONVERSION = YES;
				CLANG_WARN_INFINITE_RECURSION = YES;
				CLANG_WARN_INT_CONVERSION = YES;
				CLANG_WARN_NON_LITERAL_NULL_CONVERSION = YES;
				CLANG_WARN_OBJC_IMPLICIT_RETAIN_SELF = YES;
				CLANG_WARN_OBJC_LITERAL_CONVERSION = YES;
				CLANG_WARN_OBJC_ROOT_CLASS = YES_ERROR;
				CLANG_WARN_QUOTED_INCLUDE_IN_FRAMEWORK_HEADER = YES;
				CLANG_WARN_RANGE_LOOP_ANALYSIS = YES;
				CLANG_WARN_STRICT_PROTOTYPES = YES;
				CLANG_WARN_SUSPICIOUS_MOVE = YES;
				CLANG_WARN_UNGUARDED_AVAILABILITY = YES_AGGRESSIVE;
				CLANG_WARN_UNREACHABLE_CODE = YES;
				CLANG_WARN__DUPLICATE_METHOD_MATCH = YES;
				COPY_PHASE_STRIP = NO;
				DEBUG_INFORMATION_FORMAT = "dwarf-with-dsym";
				ENABLE_NS_ASSERTIONS = NO;
				ENABLE_STRICT_OBJC_MSGSEND = YES;
				ENABLE_USER_SCRIPT_SANDBOXING = YES;
				GCC_C_LANGUAGE_STANDARD = gnu17;
				GCC_NO_COMMON_BLOCKS = YES;
				GCC_WARN_64_TO_32_BIT_CONVERSION = YES;
				GCC_WARN_ABOUT_RETURN_TYPE = YES_ERROR;
				GCC_WARN_UNDECLARED_SELECTOR = YES;
				GCC_WARN_UNINITIALIZED_AUTOS = YES_AGGRESSIVE;
				GCC_WARN_UNUSED_FUNCTION = YES;
				GCC_WARN_UNUSED_VARIABLE = YES;
				IPHONEOS_DEPLOYMENT_TARGET = 17.4;
				LOCALIZATION_PREFERS_STRING_CATALOGS = YES;
				MTL_ENABLE_DEBUG_INFO = NO;
				MTL_FAST_MATH = YES;
				SDKROOT = iphoneos;
				SWIFT_COMPILATION_MODE = wholemodule;
				VALIDATE_PRODUCT = YES;
			};
			name = Release;
		};
		529DA8B62BB7B23000629C86 /* Debug */ = {
			isa = XCBuildConfiguration;
			buildSettings = {
				ALWAYS_EMBED_SWIFT_STANDARD_LIBRARIES = YES;
				ASSETCATALOG_COMPILER_APPICON_NAME = AppIcon;
				ASSETCATALOG_COMPILER_GLOBAL_ACCENT_COLOR_NAME = AccentColor;
				CODE_SIGN_STYLE = Automatic;
				CURRENT_PROJECT_VERSION = 1;
				DEVELOPMENT_ASSET_PATHS = "\"HomeApp/Preview Content\"";
				DEVELOPMENT_TEAM = K7U4M666S7;
				ENABLE_PREVIEWS = YES;
				GENERATE_INFOPLIST_FILE = YES;
				INFOPLIST_KEY_UIApplicationSceneManifest_Generation = YES;
				INFOPLIST_KEY_UIApplicationSupportsIndirectInputEvents = YES;
				INFOPLIST_KEY_UILaunchScreen_Generation = YES;
				INFOPLIST_KEY_UISupportedInterfaceOrientations_iPad = "UIInterfaceOrientationPortrait UIInterfaceOrientationPortraitUpsideDown UIInterfaceOrientationLandscapeLeft UIInterfaceOrientationLandscapeRight";
				INFOPLIST_KEY_UISupportedInterfaceOrientations_iPhone = "UIInterfaceOrientationPortrait UIInterfaceOrientationLandscapeLeft UIInterfaceOrientationLandscapeRight";
				IPHONEOS_DEPLOYMENT_TARGET = 15.0;
				LD_RUNPATH_SEARCH_PATHS = (
					"$(inherited)",
					"@executable_path/Frameworks",
				);
				MARKETING_VERSION = 1.0;
				PRODUCT_BUNDLE_IDENTIFIER = Ismatillokhon.HomeApp;
				PRODUCT_NAME = "$(TARGET_NAME)";
				SUPPORTED_PLATFORMS = "iphoneos iphonesimulator";
				SUPPORTS_MACCATALYST = NO;
				SUPPORTS_MAC_DESIGNED_FOR_IPHONE_IPAD = NO;
				SUPPORTS_XR_DESIGNED_FOR_IPHONE_IPAD = NO;
				SWIFT_EMIT_LOC_STRINGS = YES;
				SWIFT_VERSION = 5.0;
				TARGETED_DEVICE_FAMILY = "1,2";
			};
			name = Debug;
		};
		529DA8B72BB7B23000629C86 /* Release */ = {
			isa = XCBuildConfiguration;
			buildSettings = {
				ALWAYS_EMBED_SWIFT_STANDARD_LIBRARIES = YES;
				ASSETCATALOG_COMPILER_APPICON_NAME = AppIcon;
				ASSETCATALOG_COMPILER_GLOBAL_ACCENT_COLOR_NAME = AccentColor;
				CODE_SIGN_STYLE = Automatic;
				CURRENT_PROJECT_VERSION = 1;
				DEVELOPMENT_ASSET_PATHS = "\"HomeApp/Preview Content\"";
				DEVELOPMENT_TEAM = K7U4M666S7;
				ENABLE_PREVIEWS = YES;
				GENERATE_INFOPLIST_FILE = YES;
				INFOPLIST_KEY_UIApplicationSceneManifest_Generation = YES;
				INFOPLIST_KEY_UIApplicationSupportsIndirectInputEvents = YES;
				INFOPLIST_KEY_UILaunchScreen_Generation = YES;
				INFOPLIST_KEY_UISupportedInterfaceOrientations_iPad = "UIInterfaceOrientationPortrait UIInterfaceOrientationPortraitUpsideDown UIInterfaceOrientationLandscapeLeft UIInterfaceOrientationLandscapeRight";
				INFOPLIST_KEY_UISupportedInterfaceOrientations_iPhone = "UIInterfaceOrientationPortrait UIInterfaceOrientationLandscapeLeft UIInterfaceOrientationLandscapeRight";
				IPHONEOS_DEPLOYMENT_TARGET = 15.0;
				LD_RUNPATH_SEARCH_PATHS = (
					"$(inherited)",
					"@executable_path/Frameworks",
				);
				MARKETING_VERSION = 1.0;
				PRODUCT_BUNDLE_IDENTIFIER = Ismatillokhon.HomeApp;
				PRODUCT_NAME = "$(TARGET_NAME)";
				SUPPORTED_PLATFORMS = "iphoneos iphonesimulator";
				SUPPORTS_MACCATALYST = NO;
				SUPPORTS_MAC_DESIGNED_FOR_IPHONE_IPAD = NO;
				SUPPORTS_XR_DESIGNED_FOR_IPHONE_IPAD = NO;
				SWIFT_EMIT_LOC_STRINGS = YES;
				SWIFT_VERSION = 5.0;
				TARGETED_DEVICE_FAMILY = "1,2";
			};
			name = Release;
		};
		529DA8E02BB7B27400629C86 /* Debug */ = {
			isa = XCBuildConfiguration;
			buildSettings = {
				BUILD_LIBRARY_FOR_DISTRIBUTION = YES;
				CODE_SIGN_STYLE = Automatic;
				CURRENT_PROJECT_VERSION = 1;
				DEFINES_MODULE = YES;
				DEVELOPMENT_TEAM = K7U4M666S7;
				DYLIB_COMPATIBILITY_VERSION = 1;
				DYLIB_CURRENT_VERSION = 1;
				DYLIB_INSTALL_NAME_BASE = "@rpath";
				ENABLE_MODULE_VERIFIER = YES;
				GENERATE_INFOPLIST_FILE = YES;
				INFOPLIST_KEY_NSHumanReadableCopyright = "";
				INSTALL_PATH = "$(LOCAL_LIBRARY_DIR)/Frameworks";
				IPHONEOS_DEPLOYMENT_TARGET = 15.0;
				LD_RUNPATH_SEARCH_PATHS = (
					"$(inherited)",
					"@executable_path/Frameworks",
					"@loader_path/Frameworks",
				);
				MARKETING_VERSION = 1.0;
				MODULE_VERIFIER_SUPPORTED_LANGUAGES = "objective-c objective-c++";
				MODULE_VERIFIER_SUPPORTED_LANGUAGE_STANDARDS = "gnu17 gnu++20";
				PRODUCT_BUNDLE_IDENTIFIER = Ismatillokhon.HomeApp.Home;
				PRODUCT_NAME = "$(TARGET_NAME:c99extidentifier)";
				SKIP_INSTALL = YES;
				SUPPORTED_PLATFORMS = "iphoneos iphonesimulator";
				SUPPORTS_MACCATALYST = NO;
				SUPPORTS_MAC_DESIGNED_FOR_IPHONE_IPAD = NO;
				SUPPORTS_XR_DESIGNED_FOR_IPHONE_IPAD = NO;
				SWIFT_EMIT_LOC_STRINGS = YES;
				SWIFT_INSTALL_OBJC_HEADER = NO;
				SWIFT_VERSION = 5.0;
				TARGETED_DEVICE_FAMILY = 1;
				VERSIONING_SYSTEM = "apple-generic";
				VERSION_INFO_PREFIX = "";
			};
			name = Debug;
		};
		529DA8E12BB7B27400629C86 /* Release */ = {
			isa = XCBuildConfiguration;
			buildSettings = {
				BUILD_LIBRARY_FOR_DISTRIBUTION = YES;
				CODE_SIGN_STYLE = Automatic;
				CURRENT_PROJECT_VERSION = 1;
				DEFINES_MODULE = YES;
				DEVELOPMENT_TEAM = K7U4M666S7;
				DYLIB_COMPATIBILITY_VERSION = 1;
				DYLIB_CURRENT_VERSION = 1;
				DYLIB_INSTALL_NAME_BASE = "@rpath";
				ENABLE_MODULE_VERIFIER = YES;
				GENERATE_INFOPLIST_FILE = YES;
				INFOPLIST_KEY_NSHumanReadableCopyright = "";
				INSTALL_PATH = "$(LOCAL_LIBRARY_DIR)/Frameworks";
				IPHONEOS_DEPLOYMENT_TARGET = 15.0;
				LD_RUNPATH_SEARCH_PATHS = (
					"$(inherited)",
					"@executable_path/Frameworks",
					"@loader_path/Frameworks",
				);
				MARKETING_VERSION = 1.0;
				MODULE_VERIFIER_SUPPORTED_LANGUAGES = "objective-c objective-c++";
				MODULE_VERIFIER_SUPPORTED_LANGUAGE_STANDARDS = "gnu17 gnu++20";
				PRODUCT_BUNDLE_IDENTIFIER = Ismatillokhon.HomeApp.Home;
				PRODUCT_NAME = "$(TARGET_NAME:c99extidentifier)";
				SKIP_INSTALL = YES;
				SUPPORTED_PLATFORMS = "iphoneos iphonesimulator";
				SUPPORTS_MACCATALYST = NO;
				SUPPORTS_MAC_DESIGNED_FOR_IPHONE_IPAD = NO;
				SUPPORTS_XR_DESIGNED_FOR_IPHONE_IPAD = NO;
				SWIFT_EMIT_LOC_STRINGS = YES;
				SWIFT_INSTALL_OBJC_HEADER = NO;
				SWIFT_VERSION = 5.0;
				TARGETED_DEVICE_FAMILY = 1;
				VERSIONING_SYSTEM = "apple-generic";
				VERSION_INFO_PREFIX = "";
			};
			name = Release;
		};
/* End XCBuildConfiguration section */

/* Begin XCConfigurationList section */
		529DA8A22BB7B23000629C86 /* Build configuration list for PBXProject "HomeApp" */ = {
			isa = XCConfigurationList;
			buildConfigurations = (
				529DA8B32BB7B23000629C86 /* Debug */,
				529DA8B42BB7B23000629C86 /* Release */,
			);
			defaultConfigurationIsVisible = 0;
			defaultConfigurationName = Release;
		};
		529DA8B52BB7B23000629C86 /* Build configuration list for PBXNativeTarget "HomeApp" */ = {
			isa = XCConfigurationList;
			buildConfigurations = (
				529DA8B62BB7B23000629C86 /* Debug */,
				529DA8B72BB7B23000629C86 /* Release */,
			);
			defaultConfigurationIsVisible = 0;
			defaultConfigurationName = Release;
		};
		529DA8DF2BB7B27400629C86 /* Build configuration list for PBXNativeTarget "Home" */ = {
			isa = XCConfigurationList;
			buildConfigurations = (
				529DA8E02BB7B27400629C86 /* Debug */,
				529DA8E12BB7B27400629C86 /* Release */,
			);
			defaultConfigurationIsVisible = 0;
			defaultConfigurationName = Release;
		};
/* End XCConfigurationList section */
	};
	rootObject = 529DA89F2BB7B23000629C86 /* Project object */;
}
