// !$*UTF8*$!
{
	archiveVersion = 1;
	classes = {
	};
	objectVersion = 56;
	objects = {

/* Begin PBXBuildFile section */
		524091A62BB7B9E100A75FC0 /* CategoryTarget.framework in Frameworks */ = {isa = PBXBuildFile; fileRef = 529DA9F32BB7B9AF00629C86 /* CategoryTarget.framework */; };
		524091A72BB7B9E100A75FC0 /* CategoryTarget.framework in Embed Frameworks */ = {isa = PBXBuildFile; fileRef = 529DA9F32BB7B9AF00629C86 /* CategoryTarget.framework */; settings = {ATTRIBUTES = (CodeSignOnCopy, RemoveHeadersOnCopy, ); }; };
		524091E22BB7BB3D00A75FC0 /* Cart.framework in Frameworks */ = {isa = PBXBuildFile; fileRef = 524091E12BB7BB3D00A75FC0 /* Cart.framework */; };
		524091E32BB7BB3D00A75FC0 /* Cart.framework in Embed Frameworks */ = {isa = PBXBuildFile; fileRef = 524091E12BB7BB3D00A75FC0 /* Cart.framework */; settings = {ATTRIBUTES = (CodeSignOnCopy, RemoveHeadersOnCopy, ); }; };
		524092302BB7BCC800A75FC0 /* Catalog.framework in Frameworks */ = {isa = PBXBuildFile; fileRef = 5240922F2BB7BCC800A75FC0 /* Catalog.framework */; };
		524092312BB7BCC800A75FC0 /* Catalog.framework in Embed Frameworks */ = {isa = PBXBuildFile; fileRef = 5240922F2BB7BCC800A75FC0 /* Catalog.framework */; settings = {ATTRIBUTES = (CodeSignOnCopy, RemoveHeadersOnCopy, ); }; };
		5240926C2BB7BEC100A75FC0 /* Profile.framework in Frameworks */ = {isa = PBXBuildFile; fileRef = 5240926B2BB7BEC100A75FC0 /* Profile.framework */; };
		5240926D2BB7BEC100A75FC0 /* Profile.framework in Embed Frameworks */ = {isa = PBXBuildFile; fileRef = 5240926B2BB7BEC100A75FC0 /* Profile.framework */; settings = {ATTRIBUTES = (CodeSignOnCopy, RemoveHeadersOnCopy, ); }; };
		5281032D2BB265BC00F789A4 /* _Saber_mainApp.swift in Sources */ = {isa = PBXBuildFile; fileRef = 5281032C2BB265BC00F789A4 /* _Saber_mainApp.swift */; };
		5281032F2BB265BC00F789A4 /* TabBarView.swift in Sources */ = {isa = PBXBuildFile; fileRef = 5281032E2BB265BC00F789A4 /* TabBarView.swift */; };
		528103312BB265BD00F789A4 /* Assets.xcassets in Resources */ = {isa = PBXBuildFile; fileRef = 528103302BB265BD00F789A4 /* Assets.xcassets */; };
		528103342BB265BD00F789A4 /* Preview Assets.xcassets in Resources */ = {isa = PBXBuildFile; fileRef = 528103332BB265BD00F789A4 /* Preview Assets.xcassets */; };
		528103B92BB2681800F789A4 /* AddCard.swift in Sources */ = {isa = PBXBuildFile; fileRef = 528103B82BB2681800F789A4 /* AddCard.swift */; };
		529DA8F12BB7B30000629C86 /* Home.framework in Frameworks */ = {isa = PBXBuildFile; fileRef = 529DA8EA2BB7B2A300629C86 /* Home.framework */; };
		529DA8F22BB7B30000629C86 /* Home.framework in Embed Frameworks */ = {isa = PBXBuildFile; fileRef = 529DA8EA2BB7B2A300629C86 /* Home.framework */; settings = {ATTRIBUTES = (CodeSignOnCopy, RemoveHeadersOnCopy, ); }; };
		529DA9432BB7B3A400629C86 /* Wishlist.framework in Frameworks */ = {isa = PBXBuildFile; fileRef = 529DA9422BB7B3A400629C86 /* Wishlist.framework */; };
		529DA9442BB7B3A400629C86 /* Wishlist.framework in Embed Frameworks */ = {isa = PBXBuildFile; fileRef = 529DA9422BB7B3A400629C86 /* Wishlist.framework */; settings = {ATTRIBUTES = (CodeSignOnCopy, RemoveHeadersOnCopy, ); }; };
		FA4F208E2BB7E90300457A3E /* NetworkManager.framework in Frameworks */ = {isa = PBXBuildFile; fileRef = FA4F208B2BB7E8D100457A3E /* NetworkManager.framework */; };
		FA4F208F2BB7E90300457A3E /* NetworkManager.framework in Embed Frameworks */ = {isa = PBXBuildFile; fileRef = FA4F208B2BB7E8D100457A3E /* NetworkManager.framework */; settings = {ATTRIBUTES = (CodeSignOnCopy, RemoveHeadersOnCopy, ); }; };
/* End PBXBuildFile section */

/* Begin PBXContainerItemProxy section */
		524091C62BB7BA4900A75FC0 /* PBXContainerItemProxy */ = {
			isa = PBXContainerItemProxy;
			containerPortal = 524091C22BB7BA4900A75FC0 /* CartApp.xcodeproj */;
			proxyType = 2;
			remoteGlobalIDString = 524091B12BB7BA4800A75FC0;
			remoteInfo = CartApp;
		};
		524091E02BB7BB3D00A75FC0 /* PBXContainerItemProxy */ = {
			isa = PBXContainerItemProxy;
			containerPortal = 524091C22BB7BA4900A75FC0 /* CartApp.xcodeproj */;
			proxyType = 2;
			remoteGlobalIDString = 524091CD2BB7BA9100A75FC0;
			remoteInfo = Cart;
		};
		524092022BB7BBE800A75FC0 /* PBXContainerItemProxy */ = {
			isa = PBXContainerItemProxy;
			containerPortal = 524091FE2BB7BBE800A75FC0 /* CatalogApp.xcodeproj */;
			proxyType = 2;
			remoteGlobalIDString = 524091ED2BB7BBE700A75FC0;
			remoteInfo = CatalogApp;
		};
		5240922E2BB7BCC800A75FC0 /* PBXContainerItemProxy */ = {
			isa = PBXContainerItemProxy;
			containerPortal = 524091FE2BB7BBE800A75FC0 /* CatalogApp.xcodeproj */;
			proxyType = 2;
			remoteGlobalIDString = 5240921C2BB7BC1300A75FC0;
			remoteInfo = Catalog;
		};
		524092502BB7BDD300A75FC0 /* PBXContainerItemProxy */ = {
			isa = PBXContainerItemProxy;
			containerPortal = 5240924C2BB7BDD300A75FC0 /* ProfileApp.xcodeproj */;
			proxyType = 2;
			remoteGlobalIDString = 5240923B2BB7BDD200A75FC0;
			remoteInfo = ProfileApp;
		};
		5240926A2BB7BEC100A75FC0 /* PBXContainerItemProxy */ = {
			isa = PBXContainerItemProxy;
			containerPortal = 5240924C2BB7BDD300A75FC0 /* ProfileApp.xcodeproj */;
			proxyType = 2;
			remoteGlobalIDString = 524092572BB7BDF600A75FC0;
			remoteInfo = Profile;
		};
		529DA8BC2BB7B23100629C86 /* PBXContainerItemProxy */ = {
			isa = PBXContainerItemProxy;
			containerPortal = 529DA8B82BB7B23000629C86 /* HomeApp.xcodeproj */;
			proxyType = 2;
			remoteGlobalIDString = 529DA8A72BB7B23000629C86;
			remoteInfo = HomeApp;
		};
		529DA8E92BB7B2A300629C86 /* PBXContainerItemProxy */ = {
			isa = PBXContainerItemProxy;
			containerPortal = 529DA8B82BB7B23000629C86 /* HomeApp.xcodeproj */;
			proxyType = 2;
			remoteGlobalIDString = 529DA8D52BB7B27400629C86;
			remoteInfo = Home;
		};
		529DA92B2BB7B36E00629C86 /* PBXContainerItemProxy */ = {
			isa = PBXContainerItemProxy;
			containerPortal = 529DA9272BB7B36D00629C86 /* WishlistApp.xcodeproj */;
			proxyType = 2;
			remoteGlobalIDString = 529DA9162BB7B36C00629C86;
			remoteInfo = WishlistApp;
		};
		529DA9412BB7B3A400629C86 /* PBXContainerItemProxy */ = {
			isa = PBXContainerItemProxy;
			containerPortal = 529DA9272BB7B36D00629C86 /* WishlistApp.xcodeproj */;
			proxyType = 2;
			remoteGlobalIDString = 529DA9322BB7B38300629C86;
			remoteInfo = Wishlist;
		};
		529DA9C62BB7B89A00629C86 /* PBXContainerItemProxy */ = {
			isa = PBXContainerItemProxy;
			containerPortal = 529DA9C22BB7B89A00629C86 /* CategoryApp.xcodeproj */;
			proxyType = 2;
			remoteGlobalIDString = 529DA9B12BB7B89900629C86;
			remoteInfo = CategoryApp;
		};
		529DA9F22BB7B9AF00629C86 /* PBXContainerItemProxy */ = {
			isa = PBXContainerItemProxy;
			containerPortal = 529DA9C22BB7B89A00629C86 /* CategoryApp.xcodeproj */;
			proxyType = 2;
			remoteGlobalIDString = 529DA9DF2BB7B8DC00629C86;
			remoteInfo = CategoryTarget;
		};
		FA4F208A2BB7E8D100457A3E /* PBXContainerItemProxy */ = {
			isa = PBXContainerItemProxy;
			containerPortal = FA4F20862BB7E8D000457A3E /* NetworkManager.xcodeproj */;
			proxyType = 2;
			remoteGlobalIDString = FA4F207A2BB7E8D000457A3E;
			remoteInfo = NetworkManager;
		};
		FA4F20CF2BB7EB3900457A3E /* PBXContainerItemProxy */ = {
			isa = PBXContainerItemProxy;
			containerPortal = FA4F20CB2BB7EB3800457A3E /* Core.xcodeproj */;
			proxyType = 2;
			remoteGlobalIDString = FA4F20BF2BB7EB3800457A3E;
			remoteInfo = Core;
		};
		FA4F211A2BB7F00300457A3E /* PBXContainerItemProxy */ = {
			isa = PBXContainerItemProxy;
			containerPortal = FA4F21162BB7F00200457A3E /* AppResources.xcodeproj */;
			proxyType = 2;
			remoteGlobalIDString = FA4F210A2BB7F00200457A3E;
			remoteInfo = AppResources;
		};
/* End PBXContainerItemProxy section */

/* Begin PBXCopyFilesBuildPhase section */
		528103B72BB2676B00F789A4 /* Embed Frameworks */ = {
			isa = PBXCopyFilesBuildPhase;
			buildActionMask = 2147483647;
			dstPath = "";
			dstSubfolderSpec = 10;
			files = (
				5240926D2BB7BEC100A75FC0 /* Profile.framework in Embed Frameworks */,
				524092312BB7BCC800A75FC0 /* Catalog.framework in Embed Frameworks */,
				524091E32BB7BB3D00A75FC0 /* Cart.framework in Embed Frameworks */,
				FA4F208F2BB7E90300457A3E /* NetworkManager.framework in Embed Frameworks */,
				524091A72BB7B9E100A75FC0 /* CategoryTarget.framework in Embed Frameworks */,
				529DA8F22BB7B30000629C86 /* Home.framework in Embed Frameworks */,
				529DA9442BB7B3A400629C86 /* Wishlist.framework in Embed Frameworks */,
			);
			name = "Embed Frameworks";
			runOnlyForDeploymentPostprocessing = 0;
		};
/* End PBXCopyFilesBuildPhase section */

/* Begin PBXFileReference section */
		524091C22BB7BA4900A75FC0 /* CartApp.xcodeproj */ = {isa = PBXFileReference; lastKnownFileType = "wrapper.pb-project"; name = CartApp.xcodeproj; path = CartApp/CartApp.xcodeproj; sourceTree = "<group>"; };
		524091FE2BB7BBE800A75FC0 /* CatalogApp.xcodeproj */ = {isa = PBXFileReference; lastKnownFileType = "wrapper.pb-project"; name = CatalogApp.xcodeproj; path = CatalogApp/CatalogApp.xcodeproj; sourceTree = "<group>"; };
		5240924C2BB7BDD300A75FC0 /* ProfileApp.xcodeproj */ = {isa = PBXFileReference; lastKnownFileType = "wrapper.pb-project"; name = ProfileApp.xcodeproj; path = ProfileApp/ProfileApp.xcodeproj; sourceTree = "<group>"; };
		528103292BB265BC00F789A4 /* 7Saber-main.app */ = {isa = PBXFileReference; explicitFileType = wrapper.application; includeInIndex = 0; path = "7Saber-main.app"; sourceTree = BUILT_PRODUCTS_DIR; };
		5281032C2BB265BC00F789A4 /* _Saber_mainApp.swift */ = {isa = PBXFileReference; lastKnownFileType = sourcecode.swift; path = _Saber_mainApp.swift; sourceTree = "<group>"; };
		5281032E2BB265BC00F789A4 /* TabBarView.swift */ = {isa = PBXFileReference; lastKnownFileType = sourcecode.swift; path = TabBarView.swift; sourceTree = "<group>"; };
		528103302BB265BD00F789A4 /* Assets.xcassets */ = {isa = PBXFileReference; lastKnownFileType = folder.assetcatalog; path = Assets.xcassets; sourceTree = "<group>"; };
		528103332BB265BD00F789A4 /* Preview Assets.xcassets */ = {isa = PBXFileReference; lastKnownFileType = folder.assetcatalog; path = "Preview Assets.xcassets"; sourceTree = "<group>"; };
		528103B82BB2681800F789A4 /* AddCard.swift */ = {isa = PBXFileReference; lastKnownFileType = sourcecode.swift; path = AddCard.swift; sourceTree = "<group>"; };
		529DA8B82BB7B23000629C86 /* HomeApp.xcodeproj */ = {isa = PBXFileReference; lastKnownFileType = "wrapper.pb-project"; name = HomeApp.xcodeproj; path = HomeApp/HomeApp.xcodeproj; sourceTree = "<group>"; };
		529DA9272BB7B36D00629C86 /* WishlistApp.xcodeproj */ = {isa = PBXFileReference; lastKnownFileType = "wrapper.pb-project"; name = WishlistApp.xcodeproj; path = WishlistApp/WishlistApp.xcodeproj; sourceTree = "<group>"; };
		529DA9C22BB7B89A00629C86 /* CategoryApp.xcodeproj */ = {isa = PBXFileReference; lastKnownFileType = "wrapper.pb-project"; name = CategoryApp.xcodeproj; path = CategoryApp/CategoryApp.xcodeproj; sourceTree = "<group>"; };
		FA4F20862BB7E8D000457A3E /* NetworkManager.xcodeproj */ = {isa = PBXFileReference; lastKnownFileType = "wrapper.pb-project"; name = NetworkManager.xcodeproj; path = ../../Projects/NetworkManager/NetworkManager.xcodeproj; sourceTree = "<group>"; };
		FA4F20CB2BB7EB3800457A3E /* Core.xcodeproj */ = {isa = PBXFileReference; lastKnownFileType = "wrapper.pb-project"; name = Core.xcodeproj; path = ../../Projects/Core/Core.xcodeproj; sourceTree = "<group>"; };
		FA4F21162BB7F00200457A3E /* AppResources.xcodeproj */ = {isa = PBXFileReference; lastKnownFileType = "wrapper.pb-project"; name = AppResources.xcodeproj; path = ../../Projects/AppResources/AppResources.xcodeproj; sourceTree = "<group>"; };
/* End PBXFileReference section */

/* Begin PBXFrameworksBuildPhase section */
		528103262BB265BC00F789A4 /* Frameworks */ = {
			isa = PBXFrameworksBuildPhase;
			buildActionMask = 2147483647;
			files = (
				5240926C2BB7BEC100A75FC0 /* Profile.framework in Frameworks */,
				524092302BB7BCC800A75FC0 /* Catalog.framework in Frameworks */,
				524091E22BB7BB3D00A75FC0 /* Cart.framework in Frameworks */,
				FA4F208E2BB7E90300457A3E /* NetworkManager.framework in Frameworks */,
				524091A62BB7B9E100A75FC0 /* CategoryTarget.framework in Frameworks */,
				529DA8F12BB7B30000629C86 /* Home.framework in Frameworks */,
				529DA9432BB7B3A400629C86 /* Wishlist.framework in Frameworks */,
			);
			runOnlyForDeploymentPostprocessing = 0;
		};
/* End PBXFrameworksBuildPhase section */

/* Begin PBXGroup section */
		524091C32BB7BA4900A75FC0 /* Products */ = {
			isa = PBXGroup;
			children = (
				524091C72BB7BA4900A75FC0 /* CartApp.app */,
				524091E12BB7BB3D00A75FC0 /* Cart.framework */,
			);
			name = Products;
			sourceTree = "<group>";
		};
		524091FF2BB7BBE800A75FC0 /* Products */ = {
			isa = PBXGroup;
			children = (
				524092032BB7BBE800A75FC0 /* CatalogApp.app */,
				5240922F2BB7BCC800A75FC0 /* Catalog.framework */,
			);
			name = Products;
			sourceTree = "<group>";
		};
		5240924D2BB7BDD300A75FC0 /* Products */ = {
			isa = PBXGroup;
			children = (
				524092512BB7BDD300A75FC0 /* ProfileApp.app */,
				5240926B2BB7BEC100A75FC0 /* Profile.framework */,
			);
			name = Products;
			sourceTree = "<group>";
		};
		528103202BB265BC00F789A4 = {
			isa = PBXGroup;
			children = (
				5281032B2BB265BC00F789A4 /* 7Saber-main */,
				FA4F206F2BB7E88F00457A3E /* Components */,
				5281035A2BB2661A00F789A4 /* Features */,
				5281032A2BB265BC00F789A4 /* Products */,
				528103B12BB2676B00F789A4 /* Frameworks */,
			);
			sourceTree = "<group>";
		};
		5281032A2BB265BC00F789A4 /* Products */ = {
			isa = PBXGroup;
			children = (
				528103292BB265BC00F789A4 /* 7Saber-main.app */,
			);
			name = Products;
			sourceTree = "<group>";
		};
		5281032B2BB265BC00F789A4 /* 7Saber-main */ = {
			isa = PBXGroup;
			children = (
				5281032C2BB265BC00F789A4 /* _Saber_mainApp.swift */,
				5281032E2BB265BC00F789A4 /* TabBarView.swift */,
				528103B82BB2681800F789A4 /* AddCard.swift */,
				528103302BB265BD00F789A4 /* Assets.xcassets */,
				528103322BB265BD00F789A4 /* Preview Content */,
			);
			path = "7Saber-main";
			sourceTree = "<group>";
		};
		528103322BB265BD00F789A4 /* Preview Content */ = {
			isa = PBXGroup;
			children = (
				528103332BB265BD00F789A4 /* Preview Assets.xcassets */,
			);
			path = "Preview Content";
			sourceTree = "<group>";
		};
		5281035A2BB2661A00F789A4 /* Features */ = {
			isa = PBXGroup;
			children = (
				5240924C2BB7BDD300A75FC0 /* ProfileApp.xcodeproj */,
				524091FE2BB7BBE800A75FC0 /* CatalogApp.xcodeproj */,
				524091C22BB7BA4900A75FC0 /* CartApp.xcodeproj */,
				529DA9C22BB7B89A00629C86 /* CategoryApp.xcodeproj */,
				529DA9272BB7B36D00629C86 /* WishlistApp.xcodeproj */,
				529DA8B82BB7B23000629C86 /* HomeApp.xcodeproj */,
			);
			path = Features;
			sourceTree = "<group>";
		};
		528103B12BB2676B00F789A4 /* Frameworks */ = {
			isa = PBXGroup;
			children = (
			);
			name = Frameworks;
			sourceTree = "<group>";
		};
		529DA8B92BB7B23000629C86 /* Products */ = {
			isa = PBXGroup;
			children = (
				529DA8BD2BB7B23100629C86 /* HomeApp.app */,
				529DA8EA2BB7B2A300629C86 /* Home.framework */,
			);
			name = Products;
			sourceTree = "<group>";
		};
		529DA9282BB7B36D00629C86 /* Products */ = {
			isa = PBXGroup;
			children = (
				529DA92C2BB7B36E00629C86 /* WishlistApp.app */,
				529DA9422BB7B3A400629C86 /* Wishlist.framework */,
			);
			name = Products;
			sourceTree = "<group>";
		};
		529DA9C32BB7B89A00629C86 /* Products */ = {
			isa = PBXGroup;
			children = (
				529DA9C72BB7B89A00629C86 /* CategoryApp.app */,
				529DA9F32BB7B9AF00629C86 /* CategoryTarget.framework */,
			);
			name = Products;
			sourceTree = "<group>";
		};
		FA4F206F2BB7E88F00457A3E /* Components */ = {
			isa = PBXGroup;
			children = (
				FA4F21162BB7F00200457A3E /* AppResources.xcodeproj */,
				FA4F20CB2BB7EB3800457A3E /* Core.xcodeproj */,
				FA4F20862BB7E8D000457A3E /* NetworkManager.xcodeproj */,
			);
			path = Components;
			sourceTree = "<group>";
		};
		FA4F20872BB7E8D000457A3E /* Products */ = {
			isa = PBXGroup;
			children = (
				FA4F208B2BB7E8D100457A3E /* NetworkManager.framework */,
			);
			name = Products;
			sourceTree = "<group>";
		};
		FA4F20CC2BB7EB3800457A3E /* Products */ = {
			isa = PBXGroup;
			children = (
				FA4F20D02BB7EB3900457A3E /* Core.framework */,
			);
			name = Products;
			sourceTree = "<group>";
		};
		FA4F21172BB7F00200457A3E /* Products */ = {
			isa = PBXGroup;
			children = (
				FA4F211B2BB7F00300457A3E /* AppResources.framework */,
			);
			name = Products;
			sourceTree = "<group>";
		};
/* End PBXGroup section */

/* Begin PBXNativeTarget section */
		528103282BB265BC00F789A4 /* 7Saber-main */ = {
			isa = PBXNativeTarget;
			buildConfigurationList = 528103372BB265BD00F789A4 /* Build configuration list for PBXNativeTarget "7Saber-main" */;
			buildPhases = (
				528103252BB265BC00F789A4 /* Sources */,
				528103262BB265BC00F789A4 /* Frameworks */,
				528103272BB265BC00F789A4 /* Resources */,
				528103B72BB2676B00F789A4 /* Embed Frameworks */,
			);
			buildRules = (
			);
			dependencies = (
			);
			name = "7Saber-main";
			productName = "7Saber-main";
			productReference = 528103292BB265BC00F789A4 /* 7Saber-main.app */;
			productType = "com.apple.product-type.application";
		};
/* End PBXNativeTarget section */

/* Begin PBXProject section */
		528103212BB265BC00F789A4 /* Project object */ = {
			isa = PBXProject;
			attributes = {
				BuildIndependentTargetsInParallel = 1;
				LastSwiftUpdateCheck = 1530;
				LastUpgradeCheck = 1530;
				TargetAttributes = {
					528103282BB265BC00F789A4 = {
						CreatedOnToolsVersion = 15.3;
					};
				};
			};
			buildConfigurationList = 528103242BB265BC00F789A4 /* Build configuration list for PBXProject "7Saber-main" */;
			compatibilityVersion = "Xcode 14.0";
			developmentRegion = en;
			hasScannedForEncodings = 0;
			knownRegions = (
				en,
				Base,
			);
			mainGroup = 528103202BB265BC00F789A4;
			productRefGroup = 5281032A2BB265BC00F789A4 /* Products */;
			projectDirPath = "";
			projectReferences = (
				{
					ProductGroup = FA4F21172BB7F00200457A3E /* Products */;
					ProjectRef = FA4F21162BB7F00200457A3E /* AppResources.xcodeproj */;
				},
				{
					ProductGroup = 524091C32BB7BA4900A75FC0 /* Products */;
					ProjectRef = 524091C22BB7BA4900A75FC0 /* CartApp.xcodeproj */;
				},
				{
					ProductGroup = 524091FF2BB7BBE800A75FC0 /* Products */;
					ProjectRef = 524091FE2BB7BBE800A75FC0 /* CatalogApp.xcodeproj */;
				},
				{
					ProductGroup = 529DA9C32BB7B89A00629C86 /* Products */;
					ProjectRef = 529DA9C22BB7B89A00629C86 /* CategoryApp.xcodeproj */;
				},
				{
					ProductGroup = FA4F20CC2BB7EB3800457A3E /* Products */;
					ProjectRef = FA4F20CB2BB7EB3800457A3E /* Core.xcodeproj */;
				},
				{
					ProductGroup = 529DA8B92BB7B23000629C86 /* Products */;
					ProjectRef = 529DA8B82BB7B23000629C86 /* HomeApp.xcodeproj */;
				},
				{
					ProductGroup = FA4F20872BB7E8D000457A3E /* Products */;
					ProjectRef = FA4F20862BB7E8D000457A3E /* NetworkManager.xcodeproj */;
				},
				{
					ProductGroup = 5240924D2BB7BDD300A75FC0 /* Products */;
					ProjectRef = 5240924C2BB7BDD300A75FC0 /* ProfileApp.xcodeproj */;
				},
				{
					ProductGroup = 529DA9282BB7B36D00629C86 /* Products */;
					ProjectRef = 529DA9272BB7B36D00629C86 /* WishlistApp.xcodeproj */;
				},
			);
			projectRoot = "";
			targets = (
				528103282BB265BC00F789A4 /* 7Saber-main */,
			);
		};
/* End PBXProject section */

/* Begin PBXReferenceProxy section */
		524091C72BB7BA4900A75FC0 /* CartApp.app */ = {
			isa = PBXReferenceProxy;
			fileType = wrapper.application;
			path = CartApp.app;
			remoteRef = 524091C62BB7BA4900A75FC0 /* PBXContainerItemProxy */;
			sourceTree = BUILT_PRODUCTS_DIR;
		};
		524091E12BB7BB3D00A75FC0 /* Cart.framework */ = {
			isa = PBXReferenceProxy;
			fileType = wrapper.framework;
			path = Cart.framework;
			remoteRef = 524091E02BB7BB3D00A75FC0 /* PBXContainerItemProxy */;
			sourceTree = BUILT_PRODUCTS_DIR;
		};
		524092032BB7BBE800A75FC0 /* CatalogApp.app */ = {
			isa = PBXReferenceProxy;
			fileType = wrapper.application;
			path = CatalogApp.app;
			remoteRef = 524092022BB7BBE800A75FC0 /* PBXContainerItemProxy */;
			sourceTree = BUILT_PRODUCTS_DIR;
		};
		5240922F2BB7BCC800A75FC0 /* Catalog.framework */ = {
			isa = PBXReferenceProxy;
			fileType = wrapper.framework;
			path = Catalog.framework;
			remoteRef = 5240922E2BB7BCC800A75FC0 /* PBXContainerItemProxy */;
			sourceTree = BUILT_PRODUCTS_DIR;
		};
		524092512BB7BDD300A75FC0 /* ProfileApp.app */ = {
			isa = PBXReferenceProxy;
			fileType = wrapper.application;
			path = ProfileApp.app;
			remoteRef = 524092502BB7BDD300A75FC0 /* PBXContainerItemProxy */;
			sourceTree = BUILT_PRODUCTS_DIR;
		};
		5240926B2BB7BEC100A75FC0 /* Profile.framework */ = {
			isa = PBXReferenceProxy;
			fileType = wrapper.framework;
			path = Profile.framework;
			remoteRef = 5240926A2BB7BEC100A75FC0 /* PBXContainerItemProxy */;
			sourceTree = BUILT_PRODUCTS_DIR;
		};
		529DA8BD2BB7B23100629C86 /* HomeApp.app */ = {
			isa = PBXReferenceProxy;
			fileType = wrapper.application;
			path = HomeApp.app;
			remoteRef = 529DA8BC2BB7B23100629C86 /* PBXContainerItemProxy */;
			sourceTree = BUILT_PRODUCTS_DIR;
		};
		529DA8EA2BB7B2A300629C86 /* Home.framework */ = {
			isa = PBXReferenceProxy;
			fileType = wrapper.framework;
			path = Home.framework;
			remoteRef = 529DA8E92BB7B2A300629C86 /* PBXContainerItemProxy */;
			sourceTree = BUILT_PRODUCTS_DIR;
		};
		529DA92C2BB7B36E00629C86 /* WishlistApp.app */ = {
			isa = PBXReferenceProxy;
			fileType = wrapper.application;
			path = WishlistApp.app;
			remoteRef = 529DA92B2BB7B36E00629C86 /* PBXContainerItemProxy */;
			sourceTree = BUILT_PRODUCTS_DIR;
		};
		529DA9422BB7B3A400629C86 /* Wishlist.framework */ = {
			isa = PBXReferenceProxy;
			fileType = wrapper.framework;
			path = Wishlist.framework;
			remoteRef = 529DA9412BB7B3A400629C86 /* PBXContainerItemProxy */;
			sourceTree = BUILT_PRODUCTS_DIR;
		};
		529DA9C72BB7B89A00629C86 /* CategoryApp.app */ = {
			isa = PBXReferenceProxy;
			fileType = wrapper.application;
			path = CategoryApp.app;
			remoteRef = 529DA9C62BB7B89A00629C86 /* PBXContainerItemProxy */;
			sourceTree = BUILT_PRODUCTS_DIR;
		};
		529DA9F32BB7B9AF00629C86 /* CategoryTarget.framework */ = {
			isa = PBXReferenceProxy;
			fileType = wrapper.framework;
			path = CategoryTarget.framework;
			remoteRef = 529DA9F22BB7B9AF00629C86 /* PBXContainerItemProxy */;
			sourceTree = BUILT_PRODUCTS_DIR;
		};
		FA4F208B2BB7E8D100457A3E /* NetworkManager.framework */ = {
			isa = PBXReferenceProxy;
			fileType = wrapper.framework;
			path = NetworkManager.framework;
			remoteRef = FA4F208A2BB7E8D100457A3E /* PBXContainerItemProxy */;
			sourceTree = BUILT_PRODUCTS_DIR;
		};
		FA4F20D02BB7EB3900457A3E /* Core.framework */ = {
			isa = PBXReferenceProxy;
			fileType = wrapper.framework;
			path = Core.framework;
			remoteRef = FA4F20CF2BB7EB3900457A3E /* PBXContainerItemProxy */;
			sourceTree = BUILT_PRODUCTS_DIR;
		};
		FA4F211B2BB7F00300457A3E /* AppResources.framework */ = {
			isa = PBXReferenceProxy;
			fileType = wrapper.framework;
			path = AppResources.framework;
			remoteRef = FA4F211A2BB7F00300457A3E /* PBXContainerItemProxy */;
			sourceTree = BUILT_PRODUCTS_DIR;
		};
/* End PBXReferenceProxy section */

/* Begin PBXResourcesBuildPhase section */
		528103272BB265BC00F789A4 /* Resources */ = {
			isa = PBXResourcesBuildPhase;
			buildActionMask = 2147483647;
			files = (
				528103342BB265BD00F789A4 /* Preview Assets.xcassets in Resources */,
				528103312BB265BD00F789A4 /* Assets.xcassets in Resources */,
			);
			runOnlyForDeploymentPostprocessing = 0;
		};
/* End PBXResourcesBuildPhase section */

/* Begin PBXSourcesBuildPhase section */
		528103252BB265BC00F789A4 /* Sources */ = {
			isa = PBXSourcesBuildPhase;
			buildActionMask = 2147483647;
			files = (
				5281032F2BB265BC00F789A4 /* TabBarView.swift in Sources */,
				528103B92BB2681800F789A4 /* AddCard.swift in Sources */,
				5281032D2BB265BC00F789A4 /* _Saber_mainApp.swift in Sources */,
			);
			runOnlyForDeploymentPostprocessing = 0;
		};
/* End PBXSourcesBuildPhase section */

/* Begin XCBuildConfiguration section */
		528103352BB265BD00F789A4 /* Debug */ = {
			isa = XCBuildConfiguration;
			buildSettings = {
				ALWAYS_SEARCH_USER_PATHS = NO;
				ASSETCATALOG_COMPILER_GENERATE_SWIFT_ASSET_SYMBOL_EXTENSIONS = YES;
				CLANG_ANALYZER_NONNULL = YES;
				CLANG_ANALYZER_NUMBER_OBJECT_CONVERSION = YES_AGGRESSIVE;
				CLANG_CXX_LANGUAGE_STANDARD = "gnu++20";
				CLANG_ENABLE_MODULES = YES;
				CLANG_ENABLE_OBJC_ARC = YES;
				CLANG_ENABLE_OBJC_WEAK = YES;
				CLANG_WARN_BLOCK_CAPTURE_AUTORELEASING = YES;
				CLANG_WARN_BOOL_CONVERSION = YES;
				CLANG_WARN_COMMA = YES;
				CLANG_WARN_CONSTANT_CONVERSION = YES;
				CLANG_WARN_DEPRECATED_OBJC_IMPLEMENTATIONS = YES;
				CLANG_WARN_DIRECT_OBJC_ISA_USAGE = YES_ERROR;
				CLANG_WARN_DOCUMENTATION_COMMENTS = YES;
				CLANG_WARN_EMPTY_BODY = YES;
				CLANG_WARN_ENUM_CONVERSION = YES;
				CLANG_WARN_INFINITE_RECURSION = YES;
				CLANG_WARN_INT_CONVERSION = YES;
				CLANG_WARN_NON_LITERAL_NULL_CONVERSION = YES;
				CLANG_WARN_OBJC_IMPLICIT_RETAIN_SELF = YES;
				CLANG_WARN_OBJC_LITERAL_CONVERSION = YES;
				CLANG_WARN_OBJC_ROOT_CLASS = YES_ERROR;
				CLANG_WARN_QUOTED_INCLUDE_IN_FRAMEWORK_HEADER = YES;
				CLANG_WARN_RANGE_LOOP_ANALYSIS = YES;
				CLANG_WARN_STRICT_PROTOTYPES = YES;
				CLANG_WARN_SUSPICIOUS_MOVE = YES;
				CLANG_WARN_UNGUARDED_AVAILABILITY = YES_AGGRESSIVE;
				CLANG_WARN_UNREACHABLE_CODE = YES;
				CLANG_WARN__DUPLICATE_METHOD_MATCH = YES;
				COPY_PHASE_STRIP = NO;
				DEBUG_INFORMATION_FORMAT = dwarf;
				ENABLE_STRICT_OBJC_MSGSEND = YES;
				ENABLE_TESTABILITY = YES;
				ENABLE_USER_SCRIPT_SANDBOXING = YES;
				GCC_C_LANGUAGE_STANDARD = gnu17;
				GCC_DYNAMIC_NO_PIC = NO;
				GCC_NO_COMMON_BLOCKS = YES;
				GCC_OPTIMIZATION_LEVEL = 0;
				GCC_PREPROCESSOR_DEFINITIONS = (
					"DEBUG=1",
					"$(inherited)",
				);
				GCC_WARN_64_TO_32_BIT_CONVERSION = YES;
				GCC_WARN_ABOUT_RETURN_TYPE = YES_ERROR;
				GCC_WARN_UNDECLARED_SELECTOR = YES;
				GCC_WARN_UNINITIALIZED_AUTOS = YES_AGGRESSIVE;
				GCC_WARN_UNUSED_FUNCTION = YES;
				GCC_WARN_UNUSED_VARIABLE = YES;
				IPHONEOS_DEPLOYMENT_TARGET = 17.4;
				LOCALIZATION_PREFERS_STRING_CATALOGS = YES;
				MTL_ENABLE_DEBUG_INFO = INCLUDE_SOURCE;
				MTL_FAST_MATH = YES;
				ONLY_ACTIVE_ARCH = YES;
				SDKROOT = iphoneos;
				SWIFT_ACTIVE_COMPILATION_CONDITIONS = "DEBUG $(inherited)";
				SWIFT_OPTIMIZATION_LEVEL = "-Onone";
			};
			name = Debug;
		};
		528103362BB265BD00F789A4 /* Release */ = {
			isa = XCBuildConfiguration;
			buildSettings = {
				ALWAYS_SEARCH_USER_PATHS = NO;
				ASSETCATALOG_COMPILER_GENERATE_SWIFT_ASSET_SYMBOL_EXTENSIONS = YES;
				CLANG_ANALYZER_NONNULL = YES;
				CLANG_ANALYZER_NUMBER_OBJECT_CONVERSION = YES_AGGRESSIVE;
				CLANG_CXX_LANGUAGE_STANDARD = "gnu++20";
				CLANG_ENABLE_MODULES = YES;
				CLANG_ENABLE_OBJC_ARC = YES;
				CLANG_ENABLE_OBJC_WEAK = YES;
				CLANG_WARN_BLOCK_CAPTURE_AUTORELEASING = YES;
				CLANG_WARN_BOOL_CONVERSION = YES;
				CLANG_WARN_COMMA = YES;
				CLANG_WARN_CONSTANT_CONVERSION = YES;
				CLANG_WARN_DEPRECATED_OBJC_IMPLEMENTATIONS = YES;
				CLANG_WARN_DIRECT_OBJC_ISA_USAGE = YES_ERROR;
				CLANG_WARN_DOCUMENTATION_COMMENTS = YES;
				CLANG_WARN_EMPTY_BODY = YES;
				CLANG_WARN_ENUM_CONVERSION = YES;
				CLANG_WARN_INFINITE_RECURSION = YES;
				CLANG_WARN_INT_CONVERSION = YES;
				CLANG_WARN_NON_LITERAL_NULL_CONVERSION = YES;
				CLANG_WARN_OBJC_IMPLICIT_RETAIN_SELF = YES;
				CLANG_WARN_OBJC_LITERAL_CONVERSION = YES;
				CLANG_WARN_OBJC_ROOT_CLASS = YES_ERROR;
				CLANG_WARN_QUOTED_INCLUDE_IN_FRAMEWORK_HEADER = YES;
				CLANG_WARN_RANGE_LOOP_ANALYSIS = YES;
				CLANG_WARN_STRICT_PROTOTYPES = YES;
				CLANG_WARN_SUSPICIOUS_MOVE = YES;
				CLANG_WARN_UNGUARDED_AVAILABILITY = YES_AGGRESSIVE;
				CLANG_WARN_UNREACHABLE_CODE = YES;
				CLANG_WARN__DUPLICATE_METHOD_MATCH = YES;
				COPY_PHASE_STRIP = NO;
				DEBUG_INFORMATION_FORMAT = "dwarf-with-dsym";
				ENABLE_NS_ASSERTIONS = NO;
				ENABLE_STRICT_OBJC_MSGSEND = YES;
				ENABLE_USER_SCRIPT_SANDBOXING = YES;
				GCC_C_LANGUAGE_STANDARD = gnu17;
				GCC_NO_COMMON_BLOCKS = YES;
				GCC_WARN_64_TO_32_BIT_CONVERSION = YES;
				GCC_WARN_ABOUT_RETURN_TYPE = YES_ERROR;
				GCC_WARN_UNDECLARED_SELECTOR = YES;
				GCC_WARN_UNINITIALIZED_AUTOS = YES_AGGRESSIVE;
				GCC_WARN_UNUSED_FUNCTION = YES;
				GCC_WARN_UNUSED_VARIABLE = YES;
				IPHONEOS_DEPLOYMENT_TARGET = 17.4;
				LOCALIZATION_PREFERS_STRING_CATALOGS = YES;
				MTL_ENABLE_DEBUG_INFO = NO;
				MTL_FAST_MATH = YES;
				SDKROOT = iphoneos;
				SWIFT_COMPILATION_MODE = wholemodule;
				VALIDATE_PRODUCT = YES;
			};
			name = Release;
		};
		528103382BB265BD00F789A4 /* Debug */ = {
			isa = XCBuildConfiguration;
			buildSettings = {
				ALWAYS_EMBED_SWIFT_STANDARD_LIBRARIES = YES;
				ASSETCATALOG_COMPILER_APPICON_NAME = AppIcon;
				ASSETCATALOG_COMPILER_GLOBAL_ACCENT_COLOR_NAME = AccentColor;
				CODE_SIGN_STYLE = Automatic;
				CURRENT_PROJECT_VERSION = 1;
				DEVELOPMENT_ASSET_PATHS = "\"7Saber-main/Preview Content\"";
				DEVELOPMENT_TEAM = K7U4M666S7;
				ENABLE_PREVIEWS = YES;
				GENERATE_INFOPLIST_FILE = YES;
				INFOPLIST_KEY_UIApplicationSceneManifest_Generation = YES;
				INFOPLIST_KEY_UIApplicationSupportsIndirectInputEvents = YES;
				INFOPLIST_KEY_UILaunchScreen_Generation = YES;
				INFOPLIST_KEY_UISupportedInterfaceOrientations_iPad = "UIInterfaceOrientationPortrait UIInterfaceOrientationPortraitUpsideDown UIInterfaceOrientationLandscapeLeft UIInterfaceOrientationLandscapeRight";
				INFOPLIST_KEY_UISupportedInterfaceOrientations_iPhone = "UIInterfaceOrientationPortrait UIInterfaceOrientationLandscapeLeft UIInterfaceOrientationLandscapeRight";
				IPHONEOS_DEPLOYMENT_TARGET = 15.0;
				LD_RUNPATH_SEARCH_PATHS = (
					"$(inherited)",
					"@executable_path/Frameworks",
				);
				MARKETING_VERSION = 1.0;
				PRODUCT_BUNDLE_IDENTIFIER = "Ismatillokhon.-Saber-main";
				PRODUCT_NAME = "$(TARGET_NAME)";
				SWIFT_EMIT_LOC_STRINGS = YES;
				SWIFT_VERSION = 5.0;
				TARGETED_DEVICE_FAMILY = "1,2";
			};
			name = Debug;
		};
		528103392BB265BD00F789A4 /* Release */ = {
			isa = XCBuildConfiguration;
			buildSettings = {
				ALWAYS_EMBED_SWIFT_STANDARD_LIBRARIES = YES;
				ASSETCATALOG_COMPILER_APPICON_NAME = AppIcon;
				ASSETCATALOG_COMPILER_GLOBAL_ACCENT_COLOR_NAME = AccentColor;
				CODE_SIGN_STYLE = Automatic;
				CURRENT_PROJECT_VERSION = 1;
				DEVELOPMENT_ASSET_PATHS = "\"7Saber-main/Preview Content\"";
				DEVELOPMENT_TEAM = K7U4M666S7;
				ENABLE_PREVIEWS = YES;
				GENERATE_INFOPLIST_FILE = YES;
				INFOPLIST_KEY_UIApplicationSceneManifest_Generation = YES;
				INFOPLIST_KEY_UIApplicationSupportsIndirectInputEvents = YES;
				INFOPLIST_KEY_UILaunchScreen_Generation = YES;
				INFOPLIST_KEY_UISupportedInterfaceOrientations_iPad = "UIInterfaceOrientationPortrait UIInterfaceOrientationPortraitUpsideDown UIInterfaceOrientationLandscapeLeft UIInterfaceOrientationLandscapeRight";
				INFOPLIST_KEY_UISupportedInterfaceOrientations_iPhone = "UIInterfaceOrientationPortrait UIInterfaceOrientationLandscapeLeft UIInterfaceOrientationLandscapeRight";
				IPHONEOS_DEPLOYMENT_TARGET = 15.0;
				LD_RUNPATH_SEARCH_PATHS = (
					"$(inherited)",
					"@executable_path/Frameworks",
				);
				MARKETING_VERSION = 1.0;
				PRODUCT_BUNDLE_IDENTIFIER = "Ismatillokhon.-Saber-main";
				PRODUCT_NAME = "$(TARGET_NAME)";
				SWIFT_EMIT_LOC_STRINGS = YES;
				SWIFT_VERSION = 5.0;
				TARGETED_DEVICE_FAMILY = "1,2";
			};
			name = Release;
		};
/* End XCBuildConfiguration section */

/* Begin XCConfigurationList section */
		528103242BB265BC00F789A4 /* Build configuration list for PBXProject "7Saber-main" */ = {
			isa = XCConfigurationList;
			buildConfigurations = (
				528103352BB265BD00F789A4 /* Debug */,
				528103362BB265BD00F789A4 /* Release */,
			);
			defaultConfigurationIsVisible = 0;
			defaultConfigurationName = Release;
		};
		528103372BB265BD00F789A4 /* Build configuration list for PBXNativeTarget "7Saber-main" */ = {
			isa = XCConfigurationList;
			buildConfigurations = (
				528103382BB265BD00F789A4 /* Debug */,
				528103392BB265BD00F789A4 /* Release */,
			);
			defaultConfigurationIsVisible = 0;
			defaultConfigurationName = Release;
		};
/* End XCConfigurationList section */
	};
	rootObject = 528103212BB265BC00F789A4 /* Project object */;
}
