// !$*UTF8*$!
{
	archiveVersion = 1;
	classes = {
	};
	objectVersion = 56;
	objects = {

/* Begin PBXBuildFile section */
		5272BAC92BE92C2400EDD0F5 /* WishlistDetailView.swift in Sources */ = {isa = PBXBuildFile; fileRef = 5272BAC82BE92C2400EDD0F5 /* WishlistDetailView.swift */; };
		5272BACB2BE92C7800EDD0F5 /* WishlistDetailVM.swift in Sources */ = {isa = PBXBuildFile; fileRef = 5272BACA2BE92C7800EDD0F5 /* WishlistDetailVM.swift */; };
		5272BAD72BE9330E00EDD0F5 /* DetailInfoView.swift in Sources */ = {isa = PBXBuildFile; fileRef = 5272BAD62BE9330E00EDD0F5 /* DetailInfoView.swift */; };
		529DA91A2BB7B36C00629C86 /* WishlistAppApp.swift in Sources */ = {isa = PBXBuildFile; fileRef = 529DA9192BB7B36C00629C86 /* WishlistAppApp.swift */; };
		529DA91E2BB7B36D00629C86 /* Assets.xcassets in Resources */ = {isa = PBXBuildFile; fileRef = 529DA91D2BB7B36D00629C86 /* Assets.xcassets */; };
		529DA9212BB7B36D00629C86 /* Preview Assets.xcassets in Resources */ = {isa = PBXBuildFile; fileRef = 529DA9202BB7B36D00629C86 /* Preview Assets.xcassets */; };
		529DA9362BB7B38300629C86 /* Wishlist.docc in Sources */ = {isa = PBXBuildFile; fileRef = 529DA9352BB7B38300629C86 /* Wishlist.docc */; };
		529DA9372BB7B38300629C86 /* Wishlist.h in Headers */ = {isa = PBXBuildFile; fileRef = 529DA9342BB7B38300629C86 /* Wishlist.h */; settings = {ATTRIBUTES = (Public, ); }; };
		529DA93A2BB7B38300629C86 /* Wishlist.framework in Frameworks */ = {isa = PBXBuildFile; fileRef = 529DA9322BB7B38300629C86 /* Wishlist.framework */; };
		529DA93B2BB7B38400629C86 /* Wishlist.framework in Embed Frameworks */ = {isa = PBXBuildFile; fileRef = 529DA9322BB7B38300629C86 /* Wishlist.framework */; settings = {ATTRIBUTES = (CodeSignOnCopy, RemoveHeadersOnCopy, ); }; };
		529DA9462BB7B3B400629C86 /* WishlistView.swift in Sources */ = {isa = PBXBuildFile; fileRef = 529DA9452BB7B3B400629C86 /* WishlistView.swift */; };
		529DA9482BB7B3ED00629C86 /* WishlistViewModel.swift in Sources */ = {isa = PBXBuildFile; fileRef = 529DA9472BB7B3ED00629C86 /* WishlistViewModel.swift */; };
		8405CE5B2BECC13100147FCD /* Size picker.swift in Sources */ = {isa = PBXBuildFile; fileRef = 8405CE5A2BECC13100147FCD /* Size picker.swift */; };
		8405CE5D2BECC16B00147FCD /* ColorPick.swift in Sources */ = {isa = PBXBuildFile; fileRef = 8405CE5C2BECC16B00147FCD /* ColorPick.swift */; };
		842923CD2BEE635400AD7227 /* ButtonPick.swift in Sources */ = {isa = PBXBuildFile; fileRef = 842923CC2BEE635400AD7227 /* ButtonPick.swift */; };
		845CD3F02BD7FF940059BD4F /* NavigationBar.swift in Sources */ = {isa = PBXBuildFile; fileRef = 845CD3EF2BD7FF940059BD4F /* NavigationBar.swift */; };
		845CD3F22BD800240059BD4F /* AssetKit.framework in Frameworks */ = {isa = PBXBuildFile; fileRef = 845CD3F12BD800240059BD4F /* AssetKit.framework */; };
		845CD3F32BD800240059BD4F /* AssetKit.framework in Embed Frameworks */ = {isa = PBXBuildFile; fileRef = 845CD3F12BD800240059BD4F /* AssetKit.framework */; settings = {ATTRIBUTES = (CodeSignOnCopy, RemoveHeadersOnCopy, ); }; };
		845CD3F62BD807280059BD4F /* WishListIsEmpty.swift in Sources */ = {isa = PBXBuildFile; fileRef = 845CD3F52BD807280059BD4F /* WishListIsEmpty.swift */; };
		845CD3F82BD932BB0059BD4F /* Wishlistitems.swift in Sources */ = {isa = PBXBuildFile; fileRef = 845CD3F72BD932BB0059BD4F /* Wishlistitems.swift */; };
		FA4F20AE2BB7E97E00457A3E /* NetworkManager.framework in Frameworks */ = {isa = PBXBuildFile; fileRef = FA4F20AD2BB7E97E00457A3E /* NetworkManager.framework */; };
		FA4F20AF2BB7E97E00457A3E /* NetworkManager.framework in Embed Frameworks */ = {isa = PBXBuildFile; fileRef = FA4F20AD2BB7E97E00457A3E /* NetworkManager.framework */; settings = {ATTRIBUTES = (CodeSignOnCopy, RemoveHeadersOnCopy, ); }; };
		FA4F20E52BB7EBAD00457A3E /* Core.framework in Frameworks */ = {isa = PBXBuildFile; fileRef = FA4F20E42BB7EBAD00457A3E /* Core.framework */; };
		FA4F20E62BB7EBAD00457A3E /* Core.framework in Embed Frameworks */ = {isa = PBXBuildFile; fileRef = FA4F20E42BB7EBAD00457A3E /* Core.framework */; settings = {ATTRIBUTES = (CodeSignOnCopy, RemoveHeadersOnCopy, ); }; };
		FA77A39F2BBDA0EC00843673 /* AssetKit.framework in Frameworks */ = {isa = PBXBuildFile; fileRef = FA77A39E2BBDA0EC00843673 /* AssetKit.framework */; };
		FA77A3A02BBDA0EC00843673 /* AssetKit.framework in Embed Frameworks */ = {isa = PBXBuildFile; fileRef = FA77A39E2BBDA0EC00843673 /* AssetKit.framework */; settings = {ATTRIBUTES = (CodeSignOnCopy, RemoveHeadersOnCopy, ); }; };
/* End PBXBuildFile section */

/* Begin PBXContainerItemProxy section */
		529DA9382BB7B38300629C86 /* PBXContainerItemProxy */ = {
			isa = PBXContainerItemProxy;
			containerPortal = 529DA90E2BB7B36C00629C86 /* Project object */;
			proxyType = 1;
			remoteGlobalIDString = 529DA9312BB7B38300629C86;
			remoteInfo = Wishlist;
		};
/* End PBXContainerItemProxy section */

/* Begin PBXCopyFilesBuildPhase section */
		529DA93F2BB7B38400629C86 /* Embed Frameworks */ = {
			isa = PBXCopyFilesBuildPhase;
			buildActionMask = 2147483647;
			dstPath = "";
			dstSubfolderSpec = 10;
			files = (
				845CD3F32BD800240059BD4F /* AssetKit.framework in Embed Frameworks */,
				529DA93B2BB7B38400629C86 /* Wishlist.framework in Embed Frameworks */,
			);
			name = "Embed Frameworks";
			runOnlyForDeploymentPostprocessing = 0;
		};
		FA4F20B02BB7E97E00457A3E /* Embed Frameworks */ = {
			isa = PBXCopyFilesBuildPhase;
			buildActionMask = 2147483647;
			dstPath = "";
			dstSubfolderSpec = 10;
			files = (
				FA4F20AF2BB7E97E00457A3E /* NetworkManager.framework in Embed Frameworks */,
				FA77A3A02BBDA0EC00843673 /* AssetKit.framework in Embed Frameworks */,
				FA4F20E62BB7EBAD00457A3E /* Core.framework in Embed Frameworks */,
			);
			name = "Embed Frameworks";
			runOnlyForDeploymentPostprocessing = 0;
		};
/* End PBXCopyFilesBuildPhase section */

/* Begin PBXFileReference section */
		5272BAC12BE929D200EDD0F5 /* Catalog.framework */ = {isa = PBXFileReference; explicitFileType = wrapper.framework; path = Catalog.framework; sourceTree = BUILT_PRODUCTS_DIR; };
		5272BAC82BE92C2400EDD0F5 /* WishlistDetailView.swift */ = {isa = PBXFileReference; lastKnownFileType = sourcecode.swift; path = WishlistDetailView.swift; sourceTree = "<group>"; };
		5272BACA2BE92C7800EDD0F5 /* WishlistDetailVM.swift */ = {isa = PBXFileReference; lastKnownFileType = sourcecode.swift; path = WishlistDetailVM.swift; sourceTree = "<group>"; };
		5272BAD62BE9330E00EDD0F5 /* DetailInfoView.swift */ = {isa = PBXFileReference; lastKnownFileType = sourcecode.swift; path = DetailInfoView.swift; sourceTree = "<group>"; };
		529DA9162BB7B36C00629C86 /* WishlistApp.app */ = {isa = PBXFileReference; explicitFileType = wrapper.application; includeInIndex = 0; path = WishlistApp.app; sourceTree = BUILT_PRODUCTS_DIR; };
		529DA9192BB7B36C00629C86 /* WishlistAppApp.swift */ = {isa = PBXFileReference; lastKnownFileType = sourcecode.swift; path = WishlistAppApp.swift; sourceTree = "<group>"; };
		529DA91D2BB7B36D00629C86 /* Assets.xcassets */ = {isa = PBXFileReference; lastKnownFileType = folder.assetcatalog; path = Assets.xcassets; sourceTree = "<group>"; };
		529DA9202BB7B36D00629C86 /* Preview Assets.xcassets */ = {isa = PBXFileReference; lastKnownFileType = folder.assetcatalog; path = "Preview Assets.xcassets"; sourceTree = "<group>"; };
		529DA9322BB7B38300629C86 /* Wishlist.framework */ = {isa = PBXFileReference; explicitFileType = wrapper.framework; includeInIndex = 0; path = Wishlist.framework; sourceTree = BUILT_PRODUCTS_DIR; };
		529DA9342BB7B38300629C86 /* Wishlist.h */ = {isa = PBXFileReference; lastKnownFileType = sourcecode.c.h; path = Wishlist.h; sourceTree = "<group>"; };
		529DA9352BB7B38300629C86 /* Wishlist.docc */ = {isa = PBXFileReference; lastKnownFileType = folder.documentationcatalog; path = Wishlist.docc; sourceTree = "<group>"; };
		529DA9452BB7B3B400629C86 /* WishlistView.swift */ = {isa = PBXFileReference; lastKnownFileType = sourcecode.swift; path = WishlistView.swift; sourceTree = "<group>"; };
		529DA9472BB7B3ED00629C86 /* WishlistViewModel.swift */ = {isa = PBXFileReference; lastKnownFileType = sourcecode.swift; path = WishlistViewModel.swift; sourceTree = "<group>"; };
		8405CE5A2BECC13100147FCD /* Size picker.swift */ = {isa = PBXFileReference; lastKnownFileType = sourcecode.swift; path = "Size picker.swift"; sourceTree = "<group>"; };
		8405CE5C2BECC16B00147FCD /* ColorPick.swift */ = {isa = PBXFileReference; lastKnownFileType = sourcecode.swift; path = ColorPick.swift; sourceTree = "<group>"; };
		842923CC2BEE635400AD7227 /* ButtonPick.swift */ = {isa = PBXFileReference; lastKnownFileType = sourcecode.swift; path = ButtonPick.swift; sourceTree = "<group>"; };
		845CD3EF2BD7FF940059BD4F /* NavigationBar.swift */ = {isa = PBXFileReference; lastKnownFileType = sourcecode.swift; path = NavigationBar.swift; sourceTree = "<group>"; };
		845CD3F12BD800240059BD4F /* AssetKit.framework */ = {isa = PBXFileReference; explicitFileType = wrapper.framework; path = AssetKit.framework; sourceTree = BUILT_PRODUCTS_DIR; };
		845CD3F52BD807280059BD4F /* WishListIsEmpty.swift */ = {isa = PBXFileReference; lastKnownFileType = sourcecode.swift; path = WishListIsEmpty.swift; sourceTree = "<group>"; };
		845CD3F72BD932BB0059BD4F /* Wishlistitems.swift */ = {isa = PBXFileReference; lastKnownFileType = sourcecode.swift; path = Wishlistitems.swift; sourceTree = "<group>"; };
		FA4F20AD2BB7E97E00457A3E /* NetworkManager.framework */ = {isa = PBXFileReference; explicitFileType = wrapper.framework; path = NetworkManager.framework; sourceTree = BUILT_PRODUCTS_DIR; };
		FA4F20E42BB7EBAD00457A3E /* Core.framework */ = {isa = PBXFileReference; explicitFileType = wrapper.framework; path = Core.framework; sourceTree = BUILT_PRODUCTS_DIR; };
		FA77A39E2BBDA0EC00843673 /* AssetKit.framework */ = {isa = PBXFileReference; explicitFileType = wrapper.framework; path = AssetKit.framework; sourceTree = BUILT_PRODUCTS_DIR; };
/* End PBXFileReference section */

/* Begin PBXFrameworksBuildPhase section */
		529DA9132BB7B36C00629C86 /* Frameworks */ = {
			isa = PBXFrameworksBuildPhase;
			buildActionMask = 2147483647;
			files = (
				845CD3F22BD800240059BD4F /* AssetKit.framework in Frameworks */,
				529DA93A2BB7B38300629C86 /* Wishlist.framework in Frameworks */,
			);
			runOnlyForDeploymentPostprocessing = 0;
		};
		529DA92F2BB7B38300629C86 /* Frameworks */ = {
			isa = PBXFrameworksBuildPhase;
			buildActionMask = 2147483647;
			files = (
				FA4F20AE2BB7E97E00457A3E /* NetworkManager.framework in Frameworks */,
				FA77A39F2BBDA0EC00843673 /* AssetKit.framework in Frameworks */,
				FA4F20E52BB7EBAD00457A3E /* Core.framework in Frameworks */,
			);
			runOnlyForDeploymentPostprocessing = 0;
		};
/* End PBXFrameworksBuildPhase section */

/* Begin PBXGroup section */
		5272BAC42BE92BE000EDD0F5 /* Views */ = {
			isa = PBXGroup;
			children = (
				5272BAC72BE92C1100EDD0F5 /* Detail */,
				845CD3F42BD8070A0059BD4F /* WishlistIsEmpty */,
				5272BAC52BE92BE600EDD0F5 /* Main */,
			);
			path = Views;
			sourceTree = "<group>";
		};
		5272BAC52BE92BE600EDD0F5 /* Main */ = {
			isa = PBXGroup;
			children = (
				529DA9452BB7B3B400629C86 /* WishlistView.swift */,
				845CD3F72BD932BB0059BD4F /* Wishlistitems.swift */,
				529DA9472BB7B3ED00629C86 /* WishlistViewModel.swift */,
				8405CE5A2BECC13100147FCD /* Size picker.swift */,
				8405CE5C2BECC16B00147FCD /* ColorPick.swift */,
				842923CC2BEE635400AD7227 /* ButtonPick.swift */,
			);
			path = Main;
			sourceTree = "<group>";
		};
		5272BAC62BE92BFD00EDD0F5 /* Extensions */ = {
			isa = PBXGroup;
			children = (
				845CD3EE2BD7FF660059BD4F /* CustomNavigation */,
			);
			path = Extensions;
			sourceTree = "<group>";
		};
		5272BAC72BE92C1100EDD0F5 /* Detail */ = {
			isa = PBXGroup;
			children = (
				5272BAC82BE92C2400EDD0F5 /* WishlistDetailView.swift */,
				5272BACA2BE92C7800EDD0F5 /* WishlistDetailVM.swift */,
			);
			path = Detail;
			sourceTree = "<group>";
		};
		5272BAD52BE932FB00EDD0F5 /* AdditionalViews */ = {
			isa = PBXGroup;
			children = (
				5272BAD62BE9330E00EDD0F5 /* DetailInfoView.swift */,
			);
			path = AdditionalViews;
			sourceTree = "<group>";
		};
		529DA90D2BB7B36C00629C86 = {
			isa = PBXGroup;
			children = (
				529DA9182BB7B36C00629C86 /* WishlistApp */,
				529DA9332BB7B38300629C86 /* Wishlist */,
				529DA9172BB7B36C00629C86 /* Products */,
				FA4F20AC2BB7E97E00457A3E /* Frameworks */,
			);
			sourceTree = "<group>";
		};
		529DA9172BB7B36C00629C86 /* Products */ = {
			isa = PBXGroup;
			children = (
				529DA9162BB7B36C00629C86 /* WishlistApp.app */,
				529DA9322BB7B38300629C86 /* Wishlist.framework */,
			);
			name = Products;
			sourceTree = "<group>";
		};
		529DA9182BB7B36C00629C86 /* WishlistApp */ = {
			isa = PBXGroup;
			children = (
				529DA9192BB7B36C00629C86 /* WishlistAppApp.swift */,
				529DA91D2BB7B36D00629C86 /* Assets.xcassets */,
				529DA91F2BB7B36D00629C86 /* Preview Content */,
			);
			path = WishlistApp;
			sourceTree = "<group>";
		};
		529DA91F2BB7B36D00629C86 /* Preview Content */ = {
			isa = PBXGroup;
			children = (
				529DA9202BB7B36D00629C86 /* Preview Assets.xcassets */,
			);
			path = "Preview Content";
			sourceTree = "<group>";
		};
		529DA9332BB7B38300629C86 /* Wishlist */ = {
			isa = PBXGroup;
			children = (
				5272BAD52BE932FB00EDD0F5 /* AdditionalViews */,
				5272BAC62BE92BFD00EDD0F5 /* Extensions */,
				5272BAC42BE92BE000EDD0F5 /* Views */,
				529DA9342BB7B38300629C86 /* Wishlist.h */,
				529DA9352BB7B38300629C86 /* Wishlist.docc */,
			);
			path = Wishlist;
			sourceTree = "<group>";
		};
		845CD3EE2BD7FF660059BD4F /* CustomNavigation */ = {
			isa = PBXGroup;
			children = (
				845CD3EF2BD7FF940059BD4F /* NavigationBar.swift */,
			);
			path = CustomNavigation;
			sourceTree = "<group>";
		};
		845CD3F42BD8070A0059BD4F /* WishlistIsEmpty */ = {
			isa = PBXGroup;
			children = (
				845CD3F52BD807280059BD4F /* WishListIsEmpty.swift */,
			);
			path = WishlistIsEmpty;
			sourceTree = "<group>";
		};
		FA4F20AC2BB7E97E00457A3E /* Frameworks */ = {
			isa = PBXGroup;
			children = (
				5272BAC12BE929D200EDD0F5 /* Catalog.framework */,
				845CD3F12BD800240059BD4F /* AssetKit.framework */,
				FA77A39E2BBDA0EC00843673 /* AssetKit.framework */,
				FA4F20E42BB7EBAD00457A3E /* Core.framework */,
				FA4F20AD2BB7E97E00457A3E /* NetworkManager.framework */,
			);
			name = Frameworks;
			sourceTree = "<group>";
		};
/* End PBXGroup section */

/* Begin PBXHeadersBuildPhase section */
		529DA92D2BB7B38300629C86 /* Headers */ = {
			isa = PBXHeadersBuildPhase;
			buildActionMask = 2147483647;
			files = (
				529DA9372BB7B38300629C86 /* Wishlist.h in Headers */,
			);
			runOnlyForDeploymentPostprocessing = 0;
		};
/* End PBXHeadersBuildPhase section */

/* Begin PBXNativeTarget section */
		529DA9152BB7B36C00629C86 /* WishlistApp */ = {
			isa = PBXNativeTarget;
			buildConfigurationList = 529DA9242BB7B36D00629C86 /* Build configuration list for PBXNativeTarget "WishlistApp" */;
			buildPhases = (
				529DA9122BB7B36C00629C86 /* Sources */,
				529DA9132BB7B36C00629C86 /* Frameworks */,
				529DA9142BB7B36C00629C86 /* Resources */,
				529DA93F2BB7B38400629C86 /* Embed Frameworks */,
			);
			buildRules = (
			);
			dependencies = (
				529DA9392BB7B38300629C86 /* PBXTargetDependency */,
			);
			name = WishlistApp;
			productName = WishlistApp;
			productReference = 529DA9162BB7B36C00629C86 /* WishlistApp.app */;
			productType = "com.apple.product-type.application";
		};
		529DA9312BB7B38300629C86 /* Wishlist */ = {
			isa = PBXNativeTarget;
			buildConfigurationList = 529DA93C2BB7B38400629C86 /* Build configuration list for PBXNativeTarget "Wishlist" */;
			buildPhases = (
				529DA92D2BB7B38300629C86 /* Headers */,
				529DA92E2BB7B38300629C86 /* Sources */,
				529DA92F2BB7B38300629C86 /* Frameworks */,
				529DA9302BB7B38300629C86 /* Resources */,
				FA4F20B02BB7E97E00457A3E /* Embed Frameworks */,
			);
			buildRules = (
			);
			dependencies = (
			);
			name = Wishlist;
			productName = Wishlist;
			productReference = 529DA9322BB7B38300629C86 /* Wishlist.framework */;
			productType = "com.apple.product-type.framework";
		};
/* End PBXNativeTarget section */

/* Begin PBXProject section */
		529DA90E2BB7B36C00629C86 /* Project object */ = {
			isa = PBXProject;
			attributes = {
				BuildIndependentTargetsInParallel = 1;
				LastSwiftUpdateCheck = 1530;
				LastUpgradeCheck = 1530;
				TargetAttributes = {
					529DA9152BB7B36C00629C86 = {
						CreatedOnToolsVersion = 15.3;
					};
					529DA9312BB7B38300629C86 = {
						CreatedOnToolsVersion = 15.3;
					};
				};
			};
			buildConfigurationList = 529DA9112BB7B36C00629C86 /* Build configuration list for PBXProject "WishlistApp" */;
			compatibilityVersion = "Xcode 14.0";
			developmentRegion = en;
			hasScannedForEncodings = 0;
			knownRegions = (
				en,
				Base,
			);
			mainGroup = 529DA90D2BB7B36C00629C86;
			productRefGroup = 529DA9172BB7B36C00629C86 /* Products */;
			projectDirPath = "";
			projectRoot = "";
			targets = (
				529DA9152BB7B36C00629C86 /* WishlistApp */,
				529DA9312BB7B38300629C86 /* Wishlist */,
			);
		};
/* End PBXProject section */

/* Begin PBXResourcesBuildPhase section */
		529DA9142BB7B36C00629C86 /* Resources */ = {
			isa = PBXResourcesBuildPhase;
			buildActionMask = 2147483647;
			files = (
				529DA9212BB7B36D00629C86 /* Preview Assets.xcassets in Resources */,
				529DA91E2BB7B36D00629C86 /* Assets.xcassets in Resources */,
			);
			runOnlyForDeploymentPostprocessing = 0;
		};
		529DA9302BB7B38300629C86 /* Resources */ = {
			isa = PBXResourcesBuildPhase;
			buildActionMask = 2147483647;
			files = (
			);
			runOnlyForDeploymentPostprocessing = 0;
		};
/* End PBXResourcesBuildPhase section */

/* Begin PBXSourcesBuildPhase section */
		529DA9122BB7B36C00629C86 /* Sources */ = {
			isa = PBXSourcesBuildPhase;
			buildActionMask = 2147483647;
			files = (
				529DA91A2BB7B36C00629C86 /* WishlistAppApp.swift in Sources */,
			);
			runOnlyForDeploymentPostprocessing = 0;
		};
		529DA92E2BB7B38300629C86 /* Sources */ = {
			isa = PBXSourcesBuildPhase;
			buildActionMask = 2147483647;
			files = (
				5272BAC92BE92C2400EDD0F5 /* WishlistDetailView.swift in Sources */,
				529DA9362BB7B38300629C86 /* Wishlist.docc in Sources */,
				842923CD2BEE635400AD7227 /* ButtonPick.swift in Sources */,
				845CD3F82BD932BB0059BD4F /* Wishlistitems.swift in Sources */,
				529DA9462BB7B3B400629C86 /* WishlistView.swift in Sources */,
				8405CE5D2BECC16B00147FCD /* ColorPick.swift in Sources */,
				845CD3F62BD807280059BD4F /* WishListIsEmpty.swift in Sources */,
				5272BAD72BE9330E00EDD0F5 /* DetailInfoView.swift in Sources */,
				529DA9482BB7B3ED00629C86 /* WishlistViewModel.swift in Sources */,
				5272BACB2BE92C7800EDD0F5 /* WishlistDetailVM.swift in Sources */,
				845CD3F02BD7FF940059BD4F /* NavigationBar.swift in Sources */,
				8405CE5B2BECC13100147FCD /* Size picker.swift in Sources */,
			);
			runOnlyForDeploymentPostprocessing = 0;
		};
/* End PBXSourcesBuildPhase section */

/* Begin PBXTargetDependency section */
		529DA9392BB7B38300629C86 /* PBXTargetDependency */ = {
			isa = PBXTargetDependency;
			target = 529DA9312BB7B38300629C86 /* Wishlist */;
			targetProxy = 529DA9382BB7B38300629C86 /* PBXContainerItemProxy */;
		};
/* End PBXTargetDependency section */

/* Begin XCBuildConfiguration section */
		529DA9222BB7B36D00629C86 /* Debug */ = {
			isa = XCBuildConfiguration;
			buildSettings = {
				ALWAYS_SEARCH_USER_PATHS = NO;
				ASSETCATALOG_COMPILER_GENERATE_SWIFT_ASSET_SYMBOL_EXTENSIONS = YES;
				CLANG_ANALYZER_NONNULL = YES;
				CLANG_ANALYZER_NUMBER_OBJECT_CONVERSION = YES_AGGRESSIVE;
				CLANG_CXX_LANGUAGE_STANDARD = "gnu++20";
				CLANG_ENABLE_MODULES = YES;
				CLANG_ENABLE_OBJC_ARC = YES;
				CLANG_ENABLE_OBJC_WEAK = YES;
				CLANG_WARN_BLOCK_CAPTURE_AUTORELEASING = YES;
				CLANG_WARN_BOOL_CONVERSION = YES;
				CLANG_WARN_COMMA = YES;
				CLANG_WARN_CONSTANT_CONVERSION = YES;
				CLANG_WARN_DEPRECATED_OBJC_IMPLEMENTATIONS = YES;
				CLANG_WARN_DIRECT_OBJC_ISA_USAGE = YES_ERROR;
				CLANG_WARN_DOCUMENTATION_COMMENTS = YES;
				CLANG_WARN_EMPTY_BODY = YES;
				CLANG_WARN_ENUM_CONVERSION = YES;
				CLANG_WARN_INFINITE_RECURSION = YES;
				CLANG_WARN_INT_CONVERSION = YES;
				CLANG_WARN_NON_LITERAL_NULL_CONVERSION = YES;
				CLANG_WARN_OBJC_IMPLICIT_RETAIN_SELF = YES;
				CLANG_WARN_OBJC_LITERAL_CONVERSION = YES;
				CLANG_WARN_OBJC_ROOT_CLASS = YES_ERROR;
				CLANG_WARN_QUOTED_INCLUDE_IN_FRAMEWORK_HEADER = YES;
				CLANG_WARN_RANGE_LOOP_ANALYSIS = YES;
				CLANG_WARN_STRICT_PROTOTYPES = YES;
				CLANG_WARN_SUSPICIOUS_MOVE = YES;
				CLANG_WARN_UNGUARDED_AVAILABILITY = YES_AGGRESSIVE;
				CLANG_WARN_UNREACHABLE_CODE = YES;
				CLANG_WARN__DUPLICATE_METHOD_MATCH = YES;
				COPY_PHASE_STRIP = NO;
				DEBUG_INFORMATION_FORMAT = dwarf;
				ENABLE_STRICT_OBJC_MSGSEND = YES;
				ENABLE_TESTABILITY = YES;
				ENABLE_USER_SCRIPT_SANDBOXING = YES;
				GCC_C_LANGUAGE_STANDARD = gnu17;
				GCC_DYNAMIC_NO_PIC = NO;
				GCC_NO_COMMON_BLOCKS = YES;
				GCC_OPTIMIZATION_LEVEL = 0;
				GCC_PREPROCESSOR_DEFINITIONS = (
					"DEBUG=1",
					"$(inherited)",
				);
				GCC_WARN_64_TO_32_BIT_CONVERSION = YES;
				GCC_WARN_ABOUT_RETURN_TYPE = YES_ERROR;
				GCC_WARN_UNDECLARED_SELECTOR = YES;
				GCC_WARN_UNINITIALIZED_AUTOS = YES_AGGRESSIVE;
				GCC_WARN_UNUSED_FUNCTION = YES;
				GCC_WARN_UNUSED_VARIABLE = YES;
				IPHONEOS_DEPLOYMENT_TARGET = 17.4;
				LOCALIZATION_PREFERS_STRING_CATALOGS = YES;
				MTL_ENABLE_DEBUG_INFO = INCLUDE_SOURCE;
				MTL_FAST_MATH = YES;
				ONLY_ACTIVE_ARCH = YES;
				SDKROOT = iphoneos;
				SWIFT_ACTIVE_COMPILATION_CONDITIONS = "DEBUG $(inherited)";
				SWIFT_OPTIMIZATION_LEVEL = "-Onone";
			};
			name = Debug;
		};
		529DA9232BB7B36D00629C86 /* Release */ = {
			isa = XCBuildConfiguration;
			buildSettings = {
				ALWAYS_SEARCH_USER_PATHS = NO;
				ASSETCATALOG_COMPILER_GENERATE_SWIFT_ASSET_SYMBOL_EXTENSIONS = YES;
				CLANG_ANALYZER_NONNULL = YES;
				CLANG_ANALYZER_NUMBER_OBJECT_CONVERSION = YES_AGGRESSIVE;
				CLANG_CXX_LANGUAGE_STANDARD = "gnu++20";
				CLANG_ENABLE_MODULES = YES;
				CLANG_ENABLE_OBJC_ARC = YES;
				CLANG_ENABLE_OBJC_WEAK = YES;
				CLANG_WARN_BLOCK_CAPTURE_AUTORELEASING = YES;
				CLANG_WARN_BOOL_CONVERSION = YES;
				CLANG_WARN_COMMA = YES;
				CLANG_WARN_CONSTANT_CONVERSION = YES;
				CLANG_WARN_DEPRECATED_OBJC_IMPLEMENTATIONS = YES;
				CLANG_WARN_DIRECT_OBJC_ISA_USAGE = YES_ERROR;
				CLANG_WARN_DOCUMENTATION_COMMENTS = YES;
				CLANG_WARN_EMPTY_BODY = YES;
				CLANG_WARN_ENUM_CONVERSION = YES;
				CLANG_WARN_INFINITE_RECURSION = YES;
				CLANG_WARN_INT_CONVERSION = YES;
				CLANG_WARN_NON_LITERAL_NULL_CONVERSION = YES;
				CLANG_WARN_OBJC_IMPLICIT_RETAIN_SELF = YES;
				CLANG_WARN_OBJC_LITERAL_CONVERSION = YES;
				CLANG_WARN_OBJC_ROOT_CLASS = YES_ERROR;
				CLANG_WARN_QUOTED_INCLUDE_IN_FRAMEWORK_HEADER = YES;
				CLANG_WARN_RANGE_LOOP_ANALYSIS = YES;
				CLANG_WARN_STRICT_PROTOTYPES = YES;
				CLANG_WARN_SUSPICIOUS_MOVE = YES;
				CLANG_WARN_UNGUARDED_AVAILABILITY = YES_AGGRESSIVE;
				CLANG_WARN_UNREACHABLE_CODE = YES;
				CLANG_WARN__DUPLICATE_METHOD_MATCH = YES;
				COPY_PHASE_STRIP = NO;
				DEBUG_INFORMATION_FORMAT = "dwarf-with-dsym";
				ENABLE_NS_ASSERTIONS = NO;
				ENABLE_STRICT_OBJC_MSGSEND = YES;
				ENABLE_USER_SCRIPT_SANDBOXING = YES;
				GCC_C_LANGUAGE_STANDARD = gnu17;
				GCC_NO_COMMON_BLOCKS = YES;
				GCC_WARN_64_TO_32_BIT_CONVERSION = YES;
				GCC_WARN_ABOUT_RETURN_TYPE = YES_ERROR;
				GCC_WARN_UNDECLARED_SELECTOR = YES;
				GCC_WARN_UNINITIALIZED_AUTOS = YES_AGGRESSIVE;
				GCC_WARN_UNUSED_FUNCTION = YES;
				GCC_WARN_UNUSED_VARIABLE = YES;
				IPHONEOS_DEPLOYMENT_TARGET = 17.4;
				LOCALIZATION_PREFERS_STRING_CATALOGS = YES;
				MTL_ENABLE_DEBUG_INFO = NO;
				MTL_FAST_MATH = YES;
				SDKROOT = iphoneos;
				SWIFT_COMPILATION_MODE = wholemodule;
				VALIDATE_PRODUCT = YES;
			};
			name = Release;
		};
		529DA9252BB7B36D00629C86 /* Debug */ = {
			isa = XCBuildConfiguration;
			buildSettings = {
				ALWAYS_EMBED_SWIFT_STANDARD_LIBRARIES = YES;
				ASSETCATALOG_COMPILER_APPICON_NAME = AppIcon;
				ASSETCATALOG_COMPILER_GLOBAL_ACCENT_COLOR_NAME = AccentColor;
				CODE_SIGN_STYLE = Automatic;
				CURRENT_PROJECT_VERSION = 1;
				DEVELOPMENT_ASSET_PATHS = "\"WishlistApp/Preview Content\"";
				DEVELOPMENT_TEAM = K7U4M666S7;
				ENABLE_PREVIEWS = YES;
				GENERATE_INFOPLIST_FILE = YES;
				INFOPLIST_KEY_UIApplicationSceneManifest_Generation = YES;
				INFOPLIST_KEY_UIApplicationSupportsIndirectInputEvents = YES;
				INFOPLIST_KEY_UILaunchScreen_Generation = YES;
				INFOPLIST_KEY_UISupportedInterfaceOrientations_iPad = "UIInterfaceOrientationPortrait UIInterfaceOrientationPortraitUpsideDown UIInterfaceOrientationLandscapeLeft UIInterfaceOrientationLandscapeRight";
				INFOPLIST_KEY_UISupportedInterfaceOrientations_iPhone = "UIInterfaceOrientationPortrait UIInterfaceOrientationLandscapeLeft UIInterfaceOrientationLandscapeRight";
				IPHONEOS_DEPLOYMENT_TARGET = 15.0;
				LD_RUNPATH_SEARCH_PATHS = (
					"$(inherited)",
					"@executable_path/Frameworks",
				);
				MARKETING_VERSION = 1.0;
				PRODUCT_BUNDLE_IDENTIFIER = Ismatillokhon.WishlistApp;
				PRODUCT_NAME = "$(TARGET_NAME)";
				SWIFT_EMIT_LOC_STRINGS = YES;
				SWIFT_VERSION = 5.0;
				TARGETED_DEVICE_FAMILY = "1,2";
			};
			name = Debug;
		};
		529DA9262BB7B36D00629C86 /* Release */ = {
			isa = XCBuildConfiguration;
			buildSettings = {
				ALWAYS_EMBED_SWIFT_STANDARD_LIBRARIES = YES;
				ASSETCATALOG_COMPILER_APPICON_NAME = AppIcon;
				ASSETCATALOG_COMPILER_GLOBAL_ACCENT_COLOR_NAME = AccentColor;
				CODE_SIGN_STYLE = Automatic;
				CURRENT_PROJECT_VERSION = 1;
				DEVELOPMENT_ASSET_PATHS = "\"WishlistApp/Preview Content\"";
				DEVELOPMENT_TEAM = K7U4M666S7;
				ENABLE_PREVIEWS = YES;
				GENERATE_INFOPLIST_FILE = YES;
				INFOPLIST_KEY_UIApplicationSceneManifest_Generation = YES;
				INFOPLIST_KEY_UIApplicationSupportsIndirectInputEvents = YES;
				INFOPLIST_KEY_UILaunchScreen_Generation = YES;
				INFOPLIST_KEY_UISupportedInterfaceOrientations_iPad = "UIInterfaceOrientationPortrait UIInterfaceOrientationPortraitUpsideDown UIInterfaceOrientationLandscapeLeft UIInterfaceOrientationLandscapeRight";
				INFOPLIST_KEY_UISupportedInterfaceOrientations_iPhone = "UIInterfaceOrientationPortrait UIInterfaceOrientationLandscapeLeft UIInterfaceOrientationLandscapeRight";
				IPHONEOS_DEPLOYMENT_TARGET = 15.0;
				LD_RUNPATH_SEARCH_PATHS = (
					"$(inherited)",
					"@executable_path/Frameworks",
				);
				MARKETING_VERSION = 1.0;
				PRODUCT_BUNDLE_IDENTIFIER = Ismatillokhon.WishlistApp;
				PRODUCT_NAME = "$(TARGET_NAME)";
				SWIFT_EMIT_LOC_STRINGS = YES;
				SWIFT_VERSION = 5.0;
				TARGETED_DEVICE_FAMILY = "1,2";
			};
			name = Release;
		};
		529DA93D2BB7B38400629C86 /* Debug */ = {
			isa = XCBuildConfiguration;
			buildSettings = {
				BUILD_LIBRARY_FOR_DISTRIBUTION = YES;
				CODE_SIGN_STYLE = Automatic;
				CURRENT_PROJECT_VERSION = 1;
				DEFINES_MODULE = YES;
				DEVELOPMENT_TEAM = K7U4M666S7;
				DYLIB_COMPATIBILITY_VERSION = 1;
				DYLIB_CURRENT_VERSION = 1;
				DYLIB_INSTALL_NAME_BASE = "@rpath";
				ENABLE_MODULE_VERIFIER = YES;
				GENERATE_INFOPLIST_FILE = YES;
				INFOPLIST_KEY_NSHumanReadableCopyright = "";
				INSTALL_PATH = "$(LOCAL_LIBRARY_DIR)/Frameworks";
				IPHONEOS_DEPLOYMENT_TARGET = 15.0;
				LD_RUNPATH_SEARCH_PATHS = (
					"$(inherited)",
					"@executable_path/Frameworks",
					"@loader_path/Frameworks",
				);
				MARKETING_VERSION = 1.0;
				MODULE_VERIFIER_SUPPORTED_LANGUAGES = "objective-c objective-c++";
				MODULE_VERIFIER_SUPPORTED_LANGUAGE_STANDARDS = "gnu17 gnu++20";
				PRODUCT_BUNDLE_IDENTIFIER = Ismatillokhon.HomeApp.Wishlist;
				PRODUCT_NAME = "$(TARGET_NAME:c99extidentifier)";
				SKIP_INSTALL = YES;
				SUPPORTED_PLATFORMS = "iphoneos iphonesimulator";
				SUPPORTS_MACCATALYST = NO;
				SUPPORTS_MAC_DESIGNED_FOR_IPHONE_IPAD = NO;
				SUPPORTS_XR_DESIGNED_FOR_IPHONE_IPAD = NO;
				SWIFT_EMIT_LOC_STRINGS = YES;
				SWIFT_INSTALL_OBJC_HEADER = NO;
				SWIFT_VERSION = 5.0;
				TARGETED_DEVICE_FAMILY = 1;
				VERSIONING_SYSTEM = "apple-generic";
				VERSION_INFO_PREFIX = "";
			};
			name = Debug;
		};
		529DA93E2BB7B38400629C86 /* Release */ = {
			isa = XCBuildConfiguration;
			buildSettings = {
				BUILD_LIBRARY_FOR_DISTRIBUTION = YES;
				CODE_SIGN_STYLE = Automatic;
				CURRENT_PROJECT_VERSION = 1;
				DEFINES_MODULE = YES;
				DEVELOPMENT_TEAM = K7U4M666S7;
				DYLIB_COMPATIBILITY_VERSION = 1;
				DYLIB_CURRENT_VERSION = 1;
				DYLIB_INSTALL_NAME_BASE = "@rpath";
				ENABLE_MODULE_VERIFIER = YES;
				GENERATE_INFOPLIST_FILE = YES;
				INFOPLIST_KEY_NSHumanReadableCopyright = "";
				INSTALL_PATH = "$(LOCAL_LIBRARY_DIR)/Frameworks";
				IPHONEOS_DEPLOYMENT_TARGET = 15.0;
				LD_RUNPATH_SEARCH_PATHS = (
					"$(inherited)",
					"@executable_path/Frameworks",
					"@loader_path/Frameworks",
				);
				MARKETING_VERSION = 1.0;
				MODULE_VERIFIER_SUPPORTED_LANGUAGES = "objective-c objective-c++";
				MODULE_VERIFIER_SUPPORTED_LANGUAGE_STANDARDS = "gnu17 gnu++20";
				PRODUCT_BUNDLE_IDENTIFIER = Ismatillokhon.HomeApp.Wishlist;
				PRODUCT_NAME = "$(TARGET_NAME:c99extidentifier)";
				SKIP_INSTALL = YES;
				SUPPORTED_PLATFORMS = "iphoneos iphonesimulator";
				SUPPORTS_MACCATALYST = NO;
				SUPPORTS_MAC_DESIGNED_FOR_IPHONE_IPAD = NO;
				SUPPORTS_XR_DESIGNED_FOR_IPHONE_IPAD = NO;
				SWIFT_EMIT_LOC_STRINGS = YES;
				SWIFT_INSTALL_OBJC_HEADER = NO;
				SWIFT_VERSION = 5.0;
				TARGETED_DEVICE_FAMILY = 1;
				VERSIONING_SYSTEM = "apple-generic";
				VERSION_INFO_PREFIX = "";
			};
			name = Release;
		};
/* End XCBuildConfiguration section */

/* Begin XCConfigurationList section */
		529DA9112BB7B36C00629C86 /* Build configuration list for PBXProject "WishlistApp" */ = {
			isa = XCConfigurationList;
			buildConfigurations = (
				529DA9222BB7B36D00629C86 /* Debug */,
				529DA9232BB7B36D00629C86 /* Release */,
			);
			defaultConfigurationIsVisible = 0;
			defaultConfigurationName = Release;
		};
		529DA9242BB7B36D00629C86 /* Build configuration list for PBXNativeTarget "WishlistApp" */ = {
			isa = XCConfigurationList;
			buildConfigurations = (
				529DA9252BB7B36D00629C86 /* Debug */,
				529DA9262BB7B36D00629C86 /* Release */,
			);
			defaultConfigurationIsVisible = 0;
			defaultConfigurationName = Release;
		};
		529DA93C2BB7B38400629C86 /* Build configuration list for PBXNativeTarget "Wishlist" */ = {
			isa = XCConfigurationList;
			buildConfigurations = (
				529DA93D2BB7B38400629C86 /* Debug */,
				529DA93E2BB7B38400629C86 /* Release */,
			);
			defaultConfigurationIsVisible = 0;
			defaultConfigurationName = Release;
		};
/* End XCConfigurationList section */
	};
	rootObject = 529DA90E2BB7B36C00629C86 /* Project object */;
}
