// !$*UTF8*$!
{
	archiveVersion = 1;
	classes = {
	};
	objectVersion = 56;
	objects = {

/* Begin PBXBuildFile section */
		52C1BDCF2C61167B0025726B /* Encoding.swift in Sources */ = {isa = PBXBuildFile; fileRef = 52C1BDBA2C61167B0025726B /* Encoding.swift */; };
		52C1BDD02C61167B0025726B /* HTTPError.swift in Sources */ = {isa = PBXBuildFile; fileRef = 52C1BDBC2C61167B0025726B /* HTTPError.swift */; };
		52C1BDD12C61167B0025726B /* HTTPNetworkResponse.swift in Sources */ = {isa = PBXBuildFile; fileRef = 52C1BDBD2C61167B0025726B /* HTTPNetworkResponse.swift */; };
		52C1BDD22C61167B0025726B /* HTTPRequest.swift in Sources */ = {isa = PBXBuildFile; fileRef = 52C1BDBE2C61167B0025726B /* HTTPRequest.swift */; };
		52C1BDD32C61167B0025726B /* Method.swift in Sources */ = {isa = PBXBuildFile; fileRef = 52C1BDBF2C61167B0025726B /* Method.swift */; };
		52C1BDD42C61167B0025726B /* Route.swift in Sources */ = {isa = PBXBuildFile; fileRef = 52C1BDC02C61167B0025726B /* Route.swift */; };
		52C1BDD52C61167B0025726B /* CheckTransactionStatusResponse.swift in Sources */ = {isa = PBXBuildFile; fileRef = 52C1BDC22C61167B0025726B /* CheckTransactionStatusResponse.swift */; };
		52C1BDD62C61167B0025726B /* PaymentDetails.swift in Sources */ = {isa = PBXBuildFile; fileRef = 52C1BDC32C61167B0025726B /* PaymentDetails.swift */; };
		52C1BDD72C61167B0025726B /* StartPaymentResponse.swift in Sources */ = {isa = PBXBuildFile; fileRef = 52C1BDC42C61167B0025726B /* StartPaymentResponse.swift */; };
		52C1BDD82C61167B0025726B /* TwoFAResponse.swift in Sources */ = {isa = PBXBuildFile; fileRef = 52C1BDC52C61167B0025726B /* TwoFAResponse.swift */; };
		52C1BDD92C61167B0025726B /* PaymentService.swift in Sources */ = {isa = PBXBuildFile; fileRef = 52C1BDC72C61167B0025726B /* PaymentService.swift */; };
		52C1BDDA2C61167B0025726B /* AppDelegate.swift in Sources */ = {isa = PBXBuildFile; fileRef = 52C1BDC92C61167B0025726B /* AppDelegate.swift */; };
		52C1BDDB2C61167B0025726B /* Assets.xcassets in Resources */ = {isa = PBXBuildFile; fileRef = 52C1BDCA2C61167B0025726B /* Assets.xcassets */; };
		52C1BDDC2C61167B0025726B /* ViewController.swift in Sources */ = {isa = PBXBuildFile; fileRef = 52C1BDCB2C61167B0025726B /* ViewController.swift */; };
		52C1BDDD2C61167B0025726B /* WebController.swift in Sources */ = {isa = PBXBuildFile; fileRef = 52C1BDCC2C61167B0025726B /* WebController.swift */; };
		FA77A2632BBBA99300843673 /* AppResources.docc in Sources */ = {isa = PBXBuildFile; fileRef = FA77A2622BBBA99300843673 /* AppResources.docc */; };
		FA77A2642BBBA99300843673 /* AppResources.h in Headers */ = {isa = PBXBuildFile; fileRef = FA77A2612BBBA99300843673 /* AppResources.h */; settings = {ATTRIBUTES = (Public, ); }; };
/* End PBXBuildFile section */

/* Begin PBXFileReference section */
		52C1BDBA2C61167B0025726B /* Encoding.swift */ = {isa = PBXFileReference; fileEncoding = 4; lastKnownFileType = sourcecode.swift; path = Encoding.swift; sourceTree = "<group>"; };
		52C1BDBC2C61167B0025726B /* HTTPError.swift */ = {isa = PBXFileReference; fileEncoding = 4; lastKnownFileType = sourcecode.swift; path = HTTPError.swift; sourceTree = "<group>"; };
		52C1BDBD2C61167B0025726B /* HTTPNetworkResponse.swift */ = {isa = PBXFileReference; fileEncoding = 4; lastKnownFileType = sourcecode.swift; path = HTTPNetworkResponse.swift; sourceTree = "<group>"; };
		52C1BDBE2C61167B0025726B /* HTTPRequest.swift */ = {isa = PBXFileReference; fileEncoding = 4; lastKnownFileType = sourcecode.swift; path = HTTPRequest.swift; sourceTree = "<group>"; };
		52C1BDBF2C61167B0025726B /* Method.swift */ = {isa = PBXFileReference; fileEncoding = 4; lastKnownFileType = sourcecode.swift; path = Method.swift; sourceTree = "<group>"; };
		52C1BDC02C61167B0025726B /* Route.swift */ = {isa = PBXFileReference; fileEncoding = 4; lastKnownFileType = sourcecode.swift; path = Route.swift; sourceTree = "<group>"; };
		52C1BDC22C61167B0025726B /* CheckTransactionStatusResponse.swift */ = {isa = PBXFileReference; fileEncoding = 4; lastKnownFileType = sourcecode.swift; path = CheckTransactionStatusResponse.swift; sourceTree = "<group>"; };
		52C1BDC32C61167B0025726B /* PaymentDetails.swift */ = {isa = PBXFileReference; fileEncoding = 4; lastKnownFileType = sourcecode.swift; path = PaymentDetails.swift; sourceTree = "<group>"; };
		52C1BDC42C61167B0025726B /* StartPaymentResponse.swift */ = {isa = PBXFileReference; fileEncoding = 4; lastKnownFileType = sourcecode.swift; path = StartPaymentResponse.swift; sourceTree = "<group>"; };
		52C1BDC52C61167B0025726B /* TwoFAResponse.swift */ = {isa = PBXFileReference; fileEncoding = 4; lastKnownFileType = sourcecode.swift; path = TwoFAResponse.swift; sourceTree = "<group>"; };
		52C1BDC72C61167B0025726B /* PaymentService.swift */ = {isa = PBXFileReference; fileEncoding = 4; lastKnownFileType = sourcecode.swift; path = PaymentService.swift; sourceTree = "<group>"; };
		52C1BDC92C61167B0025726B /* AppDelegate.swift */ = {isa = PBXFileReference; fileEncoding = 4; lastKnownFileType = sourcecode.swift; path = AppDelegate.swift; sourceTree = "<group>"; };
		52C1BDCA2C61167B0025726B /* Assets.xcassets */ = {isa = PBXFileReference; lastKnownFileType = folder.assetcatalog; path = Assets.xcassets; sourceTree = "<group>"; };
		52C1BDCB2C61167B0025726B /* ViewController.swift */ = {isa = PBXFileReference; fileEncoding = 4; lastKnownFileType = sourcecode.swift; path = ViewController.swift; sourceTree = "<group>"; };
		52C1BDCC2C61167B0025726B /* WebController.swift */ = {isa = PBXFileReference; fileEncoding = 4; lastKnownFileType = sourcecode.swift; path = WebController.swift; sourceTree = "<group>"; };
		FA77A25E2BBBA99300843673 /* Payze_iOS_sdk.framework */ = {isa = PBXFileReference; explicitFileType = wrapper.framework; includeInIndex = 0; path = Payze_iOS_sdk.framework; sourceTree = BUILT_PRODUCTS_DIR; };
		FA77A2612BBBA99300843673 /* AppResources.h */ = {isa = PBXFileReference; lastKnownFileType = sourcecode.c.h; path = AppResources.h; sourceTree = "<group>"; };
		FA77A2622BBBA99300843673 /* AppResources.docc */ = {isa = PBXFileReference; lastKnownFileType = folder.documentationcatalog; path = AppResources.docc; sourceTree = "<group>"; };
/* End PBXFileReference section */

/* Begin PBXFrameworksBuildPhase section */
		FA77A25B2BBBA99300843673 /* Frameworks */ = {
			isa = PBXFrameworksBuildPhase;
			buildActionMask = 2147483647;
			files = (
			);
			runOnlyForDeploymentPostprocessing = 0;
		};
/* End PBXFrameworksBuildPhase section */

/* Begin PBXGroup section */
		52C1BDBB2C61167B0025726B /* Encoding */ = {
			isa = PBXGroup;
			children = (
				52C1BDBA2C61167B0025726B /* Encoding.swift */,
			);
			path = Encoding;
			sourceTree = "<group>";
		};
		52C1BDC12C61167B0025726B /* HTTP */ = {
			isa = PBXGroup;
			children = (
				52C1BDBC2C61167B0025726B /* HTTPError.swift */,
				52C1BDBD2C61167B0025726B /* HTTPNetworkResponse.swift */,
				52C1BDBE2C61167B0025726B /* HTTPRequest.swift */,
				52C1BDBF2C61167B0025726B /* Method.swift */,
				52C1BDC02C61167B0025726B /* Route.swift */,
			);
			path = HTTP;
			sourceTree = "<group>";
		};
		52C1BDC62C61167B0025726B /* Models */ = {
			isa = PBXGroup;
			children = (
				52C1BDC22C61167B0025726B /* CheckTransactionStatusResponse.swift */,
				52C1BDC32C61167B0025726B /* PaymentDetails.swift */,
				52C1BDC42C61167B0025726B /* StartPaymentResponse.swift */,
				52C1BDC52C61167B0025726B /* TwoFAResponse.swift */,
			);
			path = Models;
			sourceTree = "<group>";
		};
		52C1BDC82C61167B0025726B /* Services */ = {
			isa = PBXGroup;
			children = (
				52C1BDC72C61167B0025726B /* PaymentService.swift */,
			);
			path = Services;
			sourceTree = "<group>";
		};
		FA77A2542BBBA99300843673 = {
			isa = PBXGroup;
			children = (
				FA77A2602BBBA99300843673 /* Payze-iOS-sdk */,
				FA77A25F2BBBA99300843673 /* Products */,
			);
			sourceTree = "<group>";
		};
		FA77A25F2BBBA99300843673 /* Products */ = {
			isa = PBXGroup;
			children = (
				FA77A25E2BBBA99300843673 /* Payze_iOS_sdk.framework */,
			);
			name = Products;
			sourceTree = "<group>";
		};
		FA77A2602BBBA99300843673 /* Payze-iOS-sdk */ = {
			isa = PBXGroup;
			children = (
				52C1BDBB2C61167B0025726B /* Encoding */,
				52C1BDC12C61167B0025726B /* HTTP */,
				52C1BDC62C61167B0025726B /* Models */,
				52C1BDC82C61167B0025726B /* Services */,
				52C1BDC92C61167B0025726B /* AppDelegate.swift */,
				52C1BDCA2C61167B0025726B /* Assets.xcassets */,
				52C1BDCB2C61167B0025726B /* ViewController.swift */,
				52C1BDCC2C61167B0025726B /* WebController.swift */,
				FA77A2612BBBA99300843673 /* AppResources.h */,
				FA77A2622BBBA99300843673 /* AppResources.docc */,
			);
			path = "Payze-iOS-sdk";
			sourceTree = "<group>";
		};
/* End PBXGroup section */

/* Begin PBXHeadersBuildPhase section */
		FA77A2592BBBA99300843673 /* Headers */ = {
			isa = PBXHeadersBuildPhase;
			buildActionMask = 2147483647;
			files = (
				FA77A2642BBBA99300843673 /* AppResources.h in Headers */,
			);
			runOnlyForDeploymentPostprocessing = 0;
		};
/* End PBXHeadersBuildPhase section */

/* Begin PBXNativeTarget section */
		FA77A25D2BBBA99300843673 /* Payze-iOS-sdk */ = {
			isa = PBXNativeTarget;
			buildConfigurationList = FA77A2672BBBA99300843673 /* Build configuration list for PBXNativeTarget "Payze-iOS-sdk" */;
			buildPhases = (
				FA77A2592BBBA99300843673 /* Headers */,
				FA77A25A2BBBA99300843673 /* Sources */,
				FA77A25B2BBBA99300843673 /* Frameworks */,
				FA77A25C2BBBA99300843673 /* Resources */,
			);
			buildRules = (
			);
			dependencies = (
			);
			name = "Payze-iOS-sdk";
			productName = AppResources;
			productReference = FA77A25E2BBBA99300843673 /* Payze_iOS_sdk.framework */;
			productType = "com.apple.product-type.framework";
		};
/* End PBXNativeTarget section */

/* Begin PBXProject section */
		FA77A2552BBBA99300843673 /* Project object */ = {
			isa = PBXProject;
			attributes = {
				BuildIndependentTargetsInParallel = 1;
				LastUpgradeCheck = 1530;
				TargetAttributes = {
					FA77A25D2BBBA99300843673 = {
						CreatedOnToolsVersion = 15.3;
					};
				};
			};
			buildConfigurationList = FA77A2582BBBA99300843673 /* Build configuration list for PBXProject "Payze-iOS-sdk" */;
			compatibilityVersion = "Xcode 14.0";
			developmentRegion = en;
			hasScannedForEncodings = 0;
			knownRegions = (
				en,
				Base,
			);
			mainGroup = FA77A2542BBBA99300843673;
			productRefGroup = FA77A25F2BBBA99300843673 /* Products */;
			projectDirPath = "";
			projectRoot = "";
			targets = (
				FA77A25D2BBBA99300843673 /* Payze-iOS-sdk */,
			);
		};
/* End PBXProject section */

/* Begin PBXResourcesBuildPhase section */
		FA77A25C2BBBA99300843673 /* Resources */ = {
			isa = PBXResourcesBuildPhase;
			buildActionMask = 2147483647;
			files = (
				52C1BDDB2C61167B0025726B /* Assets.xcassets in Resources */,
			);
			runOnlyForDeploymentPostprocessing = 0;
		};
/* End PBXResourcesBuildPhase section */

/* Begin PBXSourcesBuildPhase section */
		FA77A25A2BBBA99300843673 /* Sources */ = {
			isa = PBXSourcesBuildPhase;
			buildActionMask = 2147483647;
			files = (
				52C1BDD72C61167B0025726B /* StartPaymentResponse.swift in Sources */,
				52C1BDD62C61167B0025726B /* PaymentDetails.swift in Sources */,
				52C1BDDD2C61167B0025726B /* WebController.swift in Sources */,
				52C1BDCF2C61167B0025726B /* Encoding.swift in Sources */,
				52C1BDD12C61167B0025726B /* HTTPNetworkResponse.swift in Sources */,
				52C1BDDC2C61167B0025726B /* ViewController.swift in Sources */,
				52C1BDD82C61167B0025726B /* TwoFAResponse.swift in Sources */,
				52C1BDD32C61167B0025726B /* Method.swift in Sources */,
				52C1BDD22C61167B0025726B /* HTTPRequest.swift in Sources */,
				52C1BDD02C61167B0025726B /* HTTPError.swift in Sources */,
				52C1BDDA2C61167B0025726B /* AppDelegate.swift in Sources */,
				52C1BDD42C61167B0025726B /* Route.swift in Sources */,
				52C1BDD52C61167B0025726B /* CheckTransactionStatusResponse.swift in Sources */,
				52C1BDD92C61167B0025726B /* PaymentService.swift in Sources */,
				FA77A2632BBBA99300843673 /* AppResources.docc in Sources */,
			);
			runOnlyForDeploymentPostprocessing = 0;
		};
/* End PBXSourcesBuildPhase section */

/* Begin XCBuildConfiguration section */
		FA77A2652BBBA99300843673 /* Debug */ = {
			isa = XCBuildConfiguration;
			buildSettings = {
				ALWAYS_SEARCH_USER_PATHS = NO;
				ASSETCATALOG_COMPILER_GENERATE_SWIFT_ASSET_SYMBOL_EXTENSIONS = YES;
				CLANG_ANALYZER_NONNULL = YES;
				CLANG_ANALYZER_NUMBER_OBJECT_CONVERSION = YES_AGGRESSIVE;
				CLANG_CXX_LANGUAGE_STANDARD = "gnu++20";
				CLANG_ENABLE_MODULES = YES;
				CLANG_ENABLE_OBJC_ARC = YES;
				CLANG_ENABLE_OBJC_WEAK = YES;
				CLANG_WARN_BLOCK_CAPTURE_AUTORELEASING = YES;
				CLANG_WARN_BOOL_CONVERSION = YES;
				CLANG_WARN_COMMA = YES;
				CLANG_WARN_CONSTANT_CONVERSION = YES;
				CLANG_WARN_DEPRECATED_OBJC_IMPLEMENTATIONS = YES;
				CLANG_WARN_DIRECT_OBJC_ISA_USAGE = YES_ERROR;
				CLANG_WARN_DOCUMENTATION_COMMENTS = YES;
				CLANG_WARN_EMPTY_BODY = YES;
				CLANG_WARN_ENUM_CONVERSION = YES;
				CLANG_WARN_INFINITE_RECURSION = YES;
				CLANG_WARN_INT_CONVERSION = YES;
				CLANG_WARN_NON_LITERAL_NULL_CONVERSION = YES;
				CLANG_WARN_OBJC_IMPLICIT_RETAIN_SELF = YES;
				CLANG_WARN_OBJC_LITERAL_CONVERSION = YES;
				CLANG_WARN_OBJC_ROOT_CLASS = YES_ERROR;
				CLANG_WARN_QUOTED_INCLUDE_IN_FRAMEWORK_HEADER = YES;
				CLANG_WARN_RANGE_LOOP_ANALYSIS = YES;
				CLANG_WARN_STRICT_PROTOTYPES = YES;
				CLANG_WARN_SUSPICIOUS_MOVE = YES;
				CLANG_WARN_UNGUARDED_AVAILABILITY = YES_AGGRESSIVE;
				CLANG_WARN_UNREACHABLE_CODE = YES;
				CLANG_WARN__DUPLICATE_METHOD_MATCH = YES;
				COPY_PHASE_STRIP = NO;
				CURRENT_PROJECT_VERSION = 1;
				DEBUG_INFORMATION_FORMAT = dwarf;
				ENABLE_STRICT_OBJC_MSGSEND = YES;
				ENABLE_TESTABILITY = YES;
				ENABLE_USER_SCRIPT_SANDBOXING = YES;
				GCC_C_LANGUAGE_STANDARD = gnu17;
				GCC_DYNAMIC_NO_PIC = NO;
				GCC_NO_COMMON_BLOCKS = YES;
				GCC_OPTIMIZATION_LEVEL = 0;
				GCC_PREPROCESSOR_DEFINITIONS = (
					"DEBUG=1",
					"$(inherited)",
				);
				GCC_WARN_64_TO_32_BIT_CONVERSION = YES;
				GCC_WARN_ABOUT_RETURN_TYPE = YES_ERROR;
				GCC_WARN_UNDECLARED_SELECTOR = YES;
				GCC_WARN_UNINITIALIZED_AUTOS = YES_AGGRESSIVE;
				GCC_WARN_UNUSED_FUNCTION = YES;
				GCC_WARN_UNUSED_VARIABLE = YES;
				IPHONEOS_DEPLOYMENT_TARGET = 17.4;
				LOCALIZATION_PREFERS_STRING_CATALOGS = YES;
				MTL_ENABLE_DEBUG_INFO = INCLUDE_SOURCE;
				MTL_FAST_MATH = YES;
				ONLY_ACTIVE_ARCH = YES;
				SDKROOT = iphoneos;
				SWIFT_ACTIVE_COMPILATION_CONDITIONS = "DEBUG $(inherited)";
				SWIFT_OPTIMIZATION_LEVEL = "-Onone";
				VERSIONING_SYSTEM = "apple-generic";
				VERSION_INFO_PREFIX = "";
			};
			name = Debug;
		};
		FA77A2662BBBA99300843673 /* Release */ = {
			isa = XCBuildConfiguration;
			buildSettings = {
				ALWAYS_SEARCH_USER_PATHS = NO;
				ASSETCATALOG_COMPILER_GENERATE_SWIFT_ASSET_SYMBOL_EXTENSIONS = YES;
				CLANG_ANALYZER_NONNULL = YES;
				CLANG_ANALYZER_NUMBER_OBJECT_CONVERSION = YES_AGGRESSIVE;
				CLANG_CXX_LANGUAGE_STANDARD = "gnu++20";
				CLANG_ENABLE_MODULES = YES;
				CLANG_ENABLE_OBJC_ARC = YES;
				CLANG_ENABLE_OBJC_WEAK = YES;
				CLANG_WARN_BLOCK_CAPTURE_AUTORELEASING = YES;
				CLANG_WARN_BOOL_CONVERSION = YES;
				CLANG_WARN_COMMA = YES;
				CLANG_WARN_CONSTANT_CONVERSION = YES;
				CLANG_WARN_DEPRECATED_OBJC_IMPLEMENTATIONS = YES;
				CLANG_WARN_DIRECT_OBJC_ISA_USAGE = YES_ERROR;
				CLANG_WARN_DOCUMENTATION_COMMENTS = YES;
				CLANG_WARN_EMPTY_BODY = YES;
				CLANG_WARN_ENUM_CONVERSION = YES;
				CLANG_WARN_INFINITE_RECURSION = YES;
				CLANG_WARN_INT_CONVERSION = YES;
				CLANG_WARN_NON_LITERAL_NULL_CONVERSION = YES;
				CLANG_WARN_OBJC_IMPLICIT_RETAIN_SELF = YES;
				CLANG_WARN_OBJC_LITERAL_CONVERSION = YES;
				CLANG_WARN_OBJC_ROOT_CLASS = YES_ERROR;
				CLANG_WARN_QUOTED_INCLUDE_IN_FRAMEWORK_HEADER = YES;
				CLANG_WARN_RANGE_LOOP_ANALYSIS = YES;
				CLANG_WARN_STRICT_PROTOTYPES = YES;
				CLANG_WARN_SUSPICIOUS_MOVE = YES;
				CLANG_WARN_UNGUARDED_AVAILABILITY = YES_AGGRESSIVE;
				CLANG_WARN_UNREACHABLE_CODE = YES;
				CLANG_WARN__DUPLICATE_METHOD_MATCH = YES;
				COPY_PHASE_STRIP = NO;
				CURRENT_PROJECT_VERSION = 1;
				DEBUG_INFORMATION_FORMAT = "dwarf-with-dsym";
				ENABLE_NS_ASSERTIONS = NO;
				ENABLE_STRICT_OBJC_MSGSEND = YES;
				ENABLE_USER_SCRIPT_SANDBOXING = YES;
				GCC_C_LANGUAGE_STANDARD = gnu17;
				GCC_NO_COMMON_BLOCKS = YES;
				GCC_WARN_64_TO_32_BIT_CONVERSION = YES;
				GCC_WARN_ABOUT_RETURN_TYPE = YES_ERROR;
				GCC_WARN_UNDECLARED_SELECTOR = YES;
				GCC_WARN_UNINITIALIZED_AUTOS = YES_AGGRESSIVE;
				GCC_WARN_UNUSED_FUNCTION = YES;
				GCC_WARN_UNUSED_VARIABLE = YES;
				IPHONEOS_DEPLOYMENT_TARGET = 17.4;
				LOCALIZATION_PREFERS_STRING_CATALOGS = YES;
				MTL_ENABLE_DEBUG_INFO = NO;
				MTL_FAST_MATH = YES;
				SDKROOT = iphoneos;
				SWIFT_COMPILATION_MODE = wholemodule;
				VALIDATE_PRODUCT = YES;
				VERSIONING_SYSTEM = "apple-generic";
				VERSION_INFO_PREFIX = "";
			};
			name = Release;
		};
		FA77A2682BBBA99300843673 /* Debug */ = {
			isa = XCBuildConfiguration;
			buildSettings = {
				BUILD_LIBRARY_FOR_DISTRIBUTION = YES;
				CODE_SIGN_STYLE = Automatic;
				CURRENT_PROJECT_VERSION = 1;
				DEFINES_MODULE = YES;
				DEVELOPMENT_TEAM = K7U4M666S7;
				DYLIB_COMPATIBILITY_VERSION = 1;
				DYLIB_CURRENT_VERSION = 1;
				DYLIB_INSTALL_NAME_BASE = "@rpath";
				ENABLE_MODULE_VERIFIER = YES;
				GENERATE_INFOPLIST_FILE = YES;
				INFOPLIST_KEY_NSHumanReadableCopyright = "";
				INSTALL_PATH = "$(LOCAL_LIBRARY_DIR)/Frameworks";
				IPHONEOS_DEPLOYMENT_TARGET = 15.0;
				LD_RUNPATH_SEARCH_PATHS = (
					"$(inherited)",
					"@executable_path/Frameworks",
					"@loader_path/Frameworks",
				);
				MARKETING_VERSION = 1.0;
				MODULE_VERIFIER_SUPPORTED_LANGUAGES = "objective-c objective-c++";
				MODULE_VERIFIER_SUPPORTED_LANGUAGE_STANDARDS = "gnu17 gnu++20";
				PRODUCT_BUNDLE_IDENTIFIER = .com.7saber.shop.AppResources;
				PRODUCT_NAME = "$(TARGET_NAME:c99extidentifier)";
				SKIP_INSTALL = YES;
				SUPPORTED_PLATFORMS = "iphoneos iphonesimulator";
				SUPPORTS_MACCATALYST = NO;
				SUPPORTS_MAC_DESIGNED_FOR_IPHONE_IPAD = NO;
				SUPPORTS_XR_DESIGNED_FOR_IPHONE_IPAD = NO;
				SWIFT_EMIT_LOC_STRINGS = YES;
				SWIFT_INSTALL_OBJC_HEADER = NO;
				SWIFT_VERSION = 5.0;
				TARGETED_DEVICE_FAMILY = 1;
			};
			name = Debug;
		};
		FA77A2692BBBA99300843673 /* Release */ = {
			isa = XCBuildConfiguration;
			buildSettings = {
				BUILD_LIBRARY_FOR_DISTRIBUTION = YES;
				CODE_SIGN_STYLE = Automatic;
				CURRENT_PROJECT_VERSION = 1;
				DEFINES_MODULE = YES;
				DEVELOPMENT_TEAM = K7U4M666S7;
				DYLIB_COMPATIBILITY_VERSION = 1;
				DYLIB_CURRENT_VERSION = 1;
				DYLIB_INSTALL_NAME_BASE = "@rpath";
				ENABLE_MODULE_VERIFIER = YES;
				GENERATE_INFOPLIST_FILE = YES;
				INFOPLIST_KEY_NSHumanReadableCopyright = "";
				INSTALL_PATH = "$(LOCAL_LIBRARY_DIR)/Frameworks";
				IPHONEOS_DEPLOYMENT_TARGET = 15.0;
				LD_RUNPATH_SEARCH_PATHS = (
					"$(inherited)",
					"@executable_path/Frameworks",
					"@loader_path/Frameworks",
				);
				MARKETING_VERSION = 1.0;
				MODULE_VERIFIER_SUPPORTED_LANGUAGES = "objective-c objective-c++";
				MODULE_VERIFIER_SUPPORTED_LANGUAGE_STANDARDS = "gnu17 gnu++20";
				PRODUCT_BUNDLE_IDENTIFIER = .com.7saber.shop.AppResources;
				PRODUCT_NAME = "$(TARGET_NAME:c99extidentifier)";
				SKIP_INSTALL = YES;
				SUPPORTED_PLATFORMS = "iphoneos iphonesimulator";
				SUPPORTS_MACCATALYST = NO;
				SUPPORTS_MAC_DESIGNED_FOR_IPHONE_IPAD = NO;
				SUPPORTS_XR_DESIGNED_FOR_IPHONE_IPAD = NO;
				SWIFT_EMIT_LOC_STRINGS = YES;
				SWIFT_INSTALL_OBJC_HEADER = NO;
				SWIFT_VERSION = 5.0;
				TARGETED_DEVICE_FAMILY = 1;
			};
			name = Release;
		};
/* End XCBuildConfiguration section */

/* Begin XCConfigurationList section */
		FA77A2582BBBA99300843673 /* Build configuration list for PBXProject "Payze-iOS-sdk" */ = {
			isa = XCConfigurationList;
			buildConfigurations = (
				FA77A2652BBBA99300843673 /* Debug */,
				FA77A2662BBBA99300843673 /* Release */,
			);
			defaultConfigurationIsVisible = 0;
			defaultConfigurationName = Release;
		};
		FA77A2672BBBA99300843673 /* Build configuration list for PBXNativeTarget "Payze-iOS-sdk" */ = {
			isa = XCConfigurationList;
			buildConfigurations = (
				FA77A2682BBBA99300843673 /* Debug */,
				FA77A2692BBBA99300843673 /* Release */,
			);
			defaultConfigurationIsVisible = 0;
			defaultConfigurationName = Release;
		};
/* End XCConfigurationList section */
	};
	rootObject = FA77A2552BBBA99300843673 /* Project object */;
}
