// !$*UTF8*$!
{
	archiveVersion = 1;
	classes = {
	};
	objectVersion = 56;
	objects = {

/* Begin PBXBuildFile section */
		5240923F2BB7BDD200A75FC0 /* ProfileAppApp.swift in Sources */ = {isa = PBXBuildFile; fileRef = 5240923E2BB7BDD200A75FC0 /* ProfileAppApp.swift */; };
		524092432BB7BDD300A75FC0 /* Assets.xcassets in Resources */ = {isa = PBXBuildFile; fileRef = 524092422BB7BDD300A75FC0 /* Assets.xcassets */; };
		524092462BB7BDD300A75FC0 /* Preview Assets.xcassets in Resources */ = {isa = PBXBuildFile; fileRef = 524092452BB7BDD300A75FC0 /* Preview Assets.xcassets */; };
		5240925B2BB7BDF600A75FC0 /* Profile.docc in Sources */ = {isa = PBXBuildFile; fileRef = 5240925A2BB7BDF600A75FC0 /* Profile.docc */; };
		5240925C2BB7BDF600A75FC0 /* Profile.h in Headers */ = {isa = PBXBuildFile; fileRef = 524092592BB7BDF600A75FC0 /* Profile.h */; settings = {ATTRIBUTES = (Public, ); }; };
		5240925F2BB7BDF600A75FC0 /* Profile.framework in Frameworks */ = {isa = PBXBuildFile; fileRef = 524092572BB7BDF600A75FC0 /* Profile.framework */; };
		524092662BB7BE0300A75FC0 /* ProfileViewModel.swift in Sources */ = {isa = PBXBuildFile; fileRef = 524092652BB7BE0300A75FC0 /* ProfileViewModel.swift */; };
		524092682BB7BE5100A75FC0 /* ProfileView.swift in Sources */ = {isa = PBXBuildFile; fileRef = 524092672BB7BE5100A75FC0 /* ProfileView.swift */; };
		524940A42C2A6C3500642473 /* AssetKit.framework in Frameworks */ = {isa = PBXBuildFile; fileRef = FA77A3A42BBDA10600843673 /* AssetKit.framework */; };
		524940A72C2A6C3600642473 /* Core.framework in Frameworks */ = {isa = PBXBuildFile; fileRef = FA4F20D82BB7EB7D00457A3E /* Core.framework */; };
		524940A92C2A6C3800642473 /* NetworkManager.framework in Frameworks */ = {isa = PBXBuildFile; fileRef = FA4F209E2BB7E96000457A3E /* NetworkManager.framework */; };
		FA272EEB2BF21BD600952AEF /* AddNewAddress.swift in Sources */ = {isa = PBXBuildFile; fileRef = FA272EEA2BF21BD600952AEF /* AddNewAddress.swift */; };
		FA272EED2BF2225B00952AEF /* AddressTextfields.swift in Sources */ = {isa = PBXBuildFile; fileRef = FA272EEC2BF2225B00952AEF /* AddressTextfields.swift */; };
		FA272EEF2BF236FA00952AEF /* SelectCountryTextfield.swift in Sources */ = {isa = PBXBuildFile; fileRef = FA272EEE2BF236FA00952AEF /* SelectCountryTextfield.swift */; };
		FA272F092BF45D0D00952AEF /* AddressesViewModel.swift in Sources */ = {isa = PBXBuildFile; fileRef = FA272F082BF45D0D00952AEF /* AddressesViewModel.swift */; };
		FA272F0D2BF45EEB00952AEF /* PaymentMethodViewModel.swift in Sources */ = {isa = PBXBuildFile; fileRef = FA272F0C2BF45EEB00952AEF /* PaymentMethodViewModel.swift */; };
		FA53395C2C2342DC0077974E /* AdressShowModel.swift in Sources */ = {isa = PBXBuildFile; fileRef = FA53395B2C2342DC0077974E /* AdressShowModel.swift */; };
		FA5339612C2414B30077974E /* OrderTypeModel.swift in Sources */ = {isa = PBXBuildFile; fileRef = FA5339602C2414B30077974E /* OrderTypeModel.swift */; };
		FA5339632C2427A30077974E /* OrderHistoryIsEmpty.swift in Sources */ = {isa = PBXBuildFile; fileRef = FA5339622C2427A30077974E /* OrderHistoryIsEmpty.swift */; };
		FA5339652C243A8F0077974E /* CurrentIsEmpty.swift in Sources */ = {isa = PBXBuildFile; fileRef = FA5339642C243A8F0077974E /* CurrentIsEmpty.swift */; };
		FA5339672C2444080077974E /* OrdersModel.swift in Sources */ = {isa = PBXBuildFile; fileRef = FA5339662C2444080077974E /* OrdersModel.swift */; };
		FA5339692C2445960077974E /* OrdersViewModel.swift in Sources */ = {isa = PBXBuildFile; fileRef = FA5339682C2445960077974E /* OrdersViewModel.swift */; };
		FA568B0B2BCC08F200B87B59 /* SectionModel.swift in Sources */ = {isa = PBXBuildFile; fileRef = FA568B0A2BCC08F200B87B59 /* SectionModel.swift */; };
		FA568B122BD9101A00B87B59 /* PersonalInfoViewModel.swift in Sources */ = {isa = PBXBuildFile; fileRef = FA568B112BD9101A00B87B59 /* PersonalInfoViewModel.swift */; };
		FA817FFF2BE1DEB5002ABBFD /* OrderStatusView.swift in Sources */ = {isa = PBXBuildFile; fileRef = FA817FFE2BE1DEB5002ABBFD /* OrderStatusView.swift */; };
		FA8180022BE2737C002ABBFD /* AddButton.swift in Sources */ = {isa = PBXBuildFile; fileRef = FA8180012BE2737C002ABBFD /* AddButton.swift */; };
		FA9F5D462C10803700E81C9C /* StringToExtension.swift in Sources */ = {isa = PBXBuildFile; fileRef = FA9F5D452C10803700E81C9C /* StringToExtension.swift */; };
		FAA5CDB52C0A19A0004E6AAF /* CurrentBottomModel.swift in Sources */ = {isa = PBXBuildFile; fileRef = FAA5CDB42C0A19A0004E6AAF /* CurrentBottomModel.swift */; };
		FAB4227B2BC8B761002C7260 /* PersonalInfoView.swift in Sources */ = {isa = PBXBuildFile; fileRef = FAB4227A2BC8B761002C7260 /* PersonalInfoView.swift */; };
		FAB4227D2BC8B77B002C7260 /* AddressView.swift in Sources */ = {isa = PBXBuildFile; fileRef = FAB4227C2BC8B77B002C7260 /* AddressView.swift */; };
		FAB4227F2BC8B78C002C7260 /* PaymentMethodView.swift in Sources */ = {isa = PBXBuildFile; fileRef = FAB4227E2BC8B78C002C7260 /* PaymentMethodView.swift */; };
		FAB422812BC8B79E002C7260 /* CurrentOrdersView.swift in Sources */ = {isa = PBXBuildFile; fileRef = FAB422802BC8B79E002C7260 /* CurrentOrdersView.swift */; };
		FAB422832BC8B7B2002C7260 /* OrderHistoryView.swift in Sources */ = {isa = PBXBuildFile; fileRef = FAB422822BC8B7B2002C7260 /* OrderHistoryView.swift */; };
		FAB422852BC8B7D4002C7260 /* PushNotificationView.swift in Sources */ = {isa = PBXBuildFile; fileRef = FAB422842BC8B7D4002C7260 /* PushNotificationView.swift */; };
		FAB422872BC8B7E5002C7260 /* PrivacyView.swift in Sources */ = {isa = PBXBuildFile; fileRef = FAB422862BC8B7E5002C7260 /* PrivacyView.swift */; };
		FAB422892BC8B7F4002C7260 /* LanguageView.swift in Sources */ = {isa = PBXBuildFile; fileRef = FAB422882BC8B7F4002C7260 /* LanguageView.swift */; };
		FAB4228B2BC8B802002C7260 /* CountryRegionView.swift in Sources */ = {isa = PBXBuildFile; fileRef = FAB4228A2BC8B802002C7260 /* CountryRegionView.swift */; };
		FAB4228D2BC8B80F002C7260 /* GeneralTermsView.swift in Sources */ = {isa = PBXBuildFile; fileRef = FAB4228C2BC8B80F002C7260 /* GeneralTermsView.swift */; };
		FAB4228F2BC8B832002C7260 /* TermsUseView.swift in Sources */ = {isa = PBXBuildFile; fileRef = FAB4228E2BC8B832002C7260 /* TermsUseView.swift */; };
		FAB422912BC8B842002C7260 /* PrivacyPolicyView.swift in Sources */ = {isa = PBXBuildFile; fileRef = FAB422902BC8B842002C7260 /* PrivacyPolicyView.swift */; };
		FABA5AD12BDB9B3100796390 /* AddressesIsEmpty.swift in Sources */ = {isa = PBXBuildFile; fileRef = FABA5AD02BDB9B3100796390 /* AddressesIsEmpty.swift */; };
		FABA5AD32BDBAEBA00796390 /* AddressItemView.swift in Sources */ = {isa = PBXBuildFile; fileRef = FABA5AD22BDBAEBA00796390 /* AddressItemView.swift */; };
		FABA5AD52BDBC0A200796390 /* PaymentMethodViewIsEmpty.swift in Sources */ = {isa = PBXBuildFile; fileRef = FABA5AD42BDBC0A200796390 /* PaymentMethodViewIsEmpty.swift */; };
		FABA5AD72BDBC1D500796390 /* PaymentMethodModel.swift in Sources */ = {isa = PBXBuildFile; fileRef = FABA5AD62BDBC1D500796390 /* PaymentMethodModel.swift */; };
		FABA5AD92BDBC38F00796390 /* PaymentMethodItemView.swift in Sources */ = {isa = PBXBuildFile; fileRef = FABA5AD82BDBC38F00796390 /* PaymentMethodItemView.swift */; };
		FABA5ADB2BDBED2C00796390 /* ProfileConstans.swift in Sources */ = {isa = PBXBuildFile; fileRef = FABA5ADA2BDBED2C00796390 /* ProfileConstans.swift */; };
		FABA5ADF2BDD82BA00796390 /* OrderHistorySection.swift in Sources */ = {isa = PBXBuildFile; fileRef = FABA5ADE2BDD82BA00796390 /* OrderHistorySection.swift */; };
		FAC5D4602BE3ABDF003B61E5 /* DeleteAndLogOutButton.swift in Sources */ = {isa = PBXBuildFile; fileRef = FAC5D45F2BE3ABDF003B61E5 /* DeleteAndLogOutButton.swift */; };
		FAC5D4632BE3B158003B61E5 /* ProfileList.swift in Sources */ = {isa = PBXBuildFile; fileRef = FAC5D4622BE3B158003B61E5 /* ProfileList.swift */; };
		FAC5D4652BE3B205003B61E5 /* ProfileImageAndGmail.swift in Sources */ = {isa = PBXBuildFile; fileRef = FAC5D4642BE3B205003B61E5 /* ProfileImageAndGmail.swift */; };
		FAC5D4672BE3BAA2003B61E5 /* FonImage.swift in Sources */ = {isa = PBXBuildFile; fileRef = FAC5D4662BE3BAA2003B61E5 /* FonImage.swift */; };
		FAC5D46B2BE4ED7A003B61E5 /* PersonalInfoList.swift in Sources */ = {isa = PBXBuildFile; fileRef = FAC5D46A2BE4ED7A003B61E5 /* PersonalInfoList.swift */; };
		FAC5D46F2BE4EF46003B61E5 /* SaveCancelButtons.swift in Sources */ = {isa = PBXBuildFile; fileRef = FAC5D46E2BE4EF46003B61E5 /* SaveCancelButtons.swift */; };
		FAC5D4712BE4F5D7003B61E5 /* TextFieldView.swift in Sources */ = {isa = PBXBuildFile; fileRef = FAC5D4702BE4F5D7003B61E5 /* TextFieldView.swift */; };
		FAC5D4752BE4FE0B003B61E5 /* PersonSexDataView.swift in Sources */ = {isa = PBXBuildFile; fileRef = FAC5D4742BE4FE0B003B61E5 /* PersonSexDataView.swift */; };
		FAD6A36F2C0BD1520026E317 /* VerticalProgressViewStyle.swift in Sources */ = {isa = PBXBuildFile; fileRef = FAD6A36E2C0BD1520026E317 /* VerticalProgressViewStyle.swift */; };
		FAD6F6842BE8836300A2685E /* PaymentAddCardView.swift in Sources */ = {isa = PBXBuildFile; fileRef = FAD6F6832BE8836300A2685E /* PaymentAddCardView.swift */; };
		FAD6F6862BE88D6100A2685E /* CurrentSection.swift in Sources */ = {isa = PBXBuildFile; fileRef = FAD6F6852BE88D6100A2685E /* CurrentSection.swift */; };
		FAD6F68A2BE8A18C00A2685E /* CurrentSheetBottomView.swift in Sources */ = {isa = PBXBuildFile; fileRef = FAD6F6892BE8A18C00A2685E /* CurrentSheetBottomView.swift */; };
		FAD6F68C2BE8A29000A2685E /* OrderBottomSheetView.swift in Sources */ = {isa = PBXBuildFile; fileRef = FAD6F68B2BE8A29000A2685E /* OrderBottomSheetView.swift */; };
		FAE11D422C19EEFD00207739 /* UploadImage.swift in Sources */ = {isa = PBXBuildFile; fileRef = FAE11D412C19EEFD00207739 /* UploadImage.swift */; };
		FAEEE03A2C15C6B900FD39D5 /* PersonalInfoModel.swift in Sources */ = {isa = PBXBuildFile; fileRef = FAEEE0392C15C6B900FD39D5 /* PersonalInfoModel.swift */; };
		FAF695932BEB1BAB00BD5CC1 /* PaymentCardView.swift in Sources */ = {isa = PBXBuildFile; fileRef = FAF695922BEB1BAB00BD5CC1 /* PaymentCardView.swift */; };
		FAF695962BEBABF700BD5CC1 /* OrderIdView.swift in Sources */ = {isa = PBXBuildFile; fileRef = FAF695952BEBABF700BD5CC1 /* OrderIdView.swift */; };
		FAF695982BEBB06700BD5CC1 /* ShipToDataView.swift in Sources */ = {isa = PBXBuildFile; fileRef = FAF695972BEBB06700BD5CC1 /* ShipToDataView.swift */; };
		FAF6959A2BEBBEC000BD5CC1 /* PaymentItem.swift in Sources */ = {isa = PBXBuildFile; fileRef = FAF695992BEBBEC000BD5CC1 /* PaymentItem.swift */; };
		FAF6959C2BEBC11E00BD5CC1 /* OrderStatusProgress.swift in Sources */ = {isa = PBXBuildFile; fileRef = FAF6959B2BEBC11E00BD5CC1 /* OrderStatusProgress.swift */; };
		FAF6959E2BEC865400BD5CC1 /* OrderedProductsView.swift in Sources */ = {isa = PBXBuildFile; fileRef = FAF6959D2BEC865400BD5CC1 /* OrderedProductsView.swift */; };
		FAF695A02BEC86B700BD5CC1 /* OrderedItem.swift in Sources */ = {isa = PBXBuildFile; fileRef = FAF6959F2BEC86B700BD5CC1 /* OrderedItem.swift */; };
		FAF695A32BEE3D5200BD5CC1 /* CardNumberView.swift in Sources */ = {isa = PBXBuildFile; fileRef = FAF695A22BEE3D5200BD5CC1 /* CardNumberView.swift */; };
		FAF695A52BEE3E4D00BD5CC1 /* NameCardView.swift in Sources */ = {isa = PBXBuildFile; fileRef = FAF695A42BEE3E4D00BD5CC1 /* NameCardView.swift */; };
		FAF695A72BEE3EF000BD5CC1 /* CardDateView.swift in Sources */ = {isa = PBXBuildFile; fileRef = FAF695A62BEE3EF000BD5CC1 /* CardDateView.swift */; };
		FAF695A92BEE3F6800BD5CC1 /* CardCvvView.swift in Sources */ = {isa = PBXBuildFile; fileRef = FAF695A82BEE3F6800BD5CC1 /* CardCvvView.swift */; };
/* End PBXBuildFile section */

/* Begin PBXContainerItemProxy section */
		5240925D2BB7BDF600A75FC0 /* PBXContainerItemProxy */ = {
			isa = PBXContainerItemProxy;
			containerPortal = 524092332BB7BDD200A75FC0 /* Project object */;
			proxyType = 1;
			remoteGlobalIDString = 524092562BB7BDF600A75FC0;
			remoteInfo = Profile;
		};
/* End PBXContainerItemProxy section */

/* Begin PBXFileReference section */
		5240923B2BB7BDD200A75FC0 /* ProfileApp.app */ = {isa = PBXFileReference; explicitFileType = wrapper.application; includeInIndex = 0; path = ProfileApp.app; sourceTree = BUILT_PRODUCTS_DIR; };
		5240923E2BB7BDD200A75FC0 /* ProfileAppApp.swift */ = {isa = PBXFileReference; lastKnownFileType = sourcecode.swift; path = ProfileAppApp.swift; sourceTree = "<group>"; };
		524092422BB7BDD300A75FC0 /* Assets.xcassets */ = {isa = PBXFileReference; lastKnownFileType = folder.assetcatalog; path = Assets.xcassets; sourceTree = "<group>"; };
		524092452BB7BDD300A75FC0 /* Preview Assets.xcassets */ = {isa = PBXFileReference; lastKnownFileType = folder.assetcatalog; path = "Preview Assets.xcassets"; sourceTree = "<group>"; };
		524092572BB7BDF600A75FC0 /* Profile.framework */ = {isa = PBXFileReference; explicitFileType = wrapper.framework; includeInIndex = 0; path = Profile.framework; sourceTree = BUILT_PRODUCTS_DIR; };
		524092592BB7BDF600A75FC0 /* Profile.h */ = {isa = PBXFileReference; lastKnownFileType = sourcecode.c.h; path = Profile.h; sourceTree = "<group>"; };
		5240925A2BB7BDF600A75FC0 /* Profile.docc */ = {isa = PBXFileReference; lastKnownFileType = folder.documentationcatalog; path = Profile.docc; sourceTree = "<group>"; };
		524092652BB7BE0300A75FC0 /* ProfileViewModel.swift */ = {isa = PBXFileReference; lastKnownFileType = sourcecode.swift; path = ProfileViewModel.swift; sourceTree = "<group>"; };
		524092672BB7BE5100A75FC0 /* ProfileView.swift */ = {isa = PBXFileReference; lastKnownFileType = sourcecode.swift; path = ProfileView.swift; sourceTree = "<group>"; };
		FA272EEA2BF21BD600952AEF /* AddNewAddress.swift */ = {isa = PBXFileReference; lastKnownFileType = sourcecode.swift; path = AddNewAddress.swift; sourceTree = "<group>"; };
		FA272EEC2BF2225B00952AEF /* AddressTextfields.swift */ = {isa = PBXFileReference; lastKnownFileType = sourcecode.swift; path = AddressTextfields.swift; sourceTree = "<group>"; };
		FA272EEE2BF236FA00952AEF /* SelectCountryTextfield.swift */ = {isa = PBXFileReference; lastKnownFileType = sourcecode.swift; path = SelectCountryTextfield.swift; sourceTree = "<group>"; };
		FA272F082BF45D0D00952AEF /* AddressesViewModel.swift */ = {isa = PBXFileReference; lastKnownFileType = sourcecode.swift; path = AddressesViewModel.swift; sourceTree = "<group>"; };
		FA272F0C2BF45EEB00952AEF /* PaymentMethodViewModel.swift */ = {isa = PBXFileReference; lastKnownFileType = sourcecode.swift; path = PaymentMethodViewModel.swift; sourceTree = "<group>"; };
		FA4F209E2BB7E96000457A3E /* NetworkManager.framework */ = {isa = PBXFileReference; explicitFileType = wrapper.framework; path = NetworkManager.framework; sourceTree = BUILT_PRODUCTS_DIR; };
		FA4F20D82BB7EB7D00457A3E /* Core.framework */ = {isa = PBXFileReference; explicitFileType = wrapper.framework; path = Core.framework; sourceTree = BUILT_PRODUCTS_DIR; };
		FA53395B2C2342DC0077974E /* AdressShowModel.swift */ = {isa = PBXFileReference; lastKnownFileType = sourcecode.swift; path = AdressShowModel.swift; sourceTree = "<group>"; };
		FA5339602C2414B30077974E /* OrderTypeModel.swift */ = {isa = PBXFileReference; lastKnownFileType = sourcecode.swift; name = OrderTypeModel.swift; path = ../../OrderHistoryView/Model/OrderTypeModel.swift; sourceTree = "<group>"; };
		FA5339622C2427A30077974E /* OrderHistoryIsEmpty.swift */ = {isa = PBXFileReference; lastKnownFileType = sourcecode.swift; path = OrderHistoryIsEmpty.swift; sourceTree = "<group>"; };
		FA5339642C243A8F0077974E /* CurrentIsEmpty.swift */ = {isa = PBXFileReference; lastKnownFileType = sourcecode.swift; path = CurrentIsEmpty.swift; sourceTree = "<group>"; };
		FA5339662C2444080077974E /* OrdersModel.swift */ = {isa = PBXFileReference; lastKnownFileType = sourcecode.swift; path = OrdersModel.swift; sourceTree = "<group>"; };
		FA5339682C2445960077974E /* OrdersViewModel.swift */ = {isa = PBXFileReference; lastKnownFileType = sourcecode.swift; path = OrdersViewModel.swift; sourceTree = "<group>"; };
		FA568B0A2BCC08F200B87B59 /* SectionModel.swift */ = {isa = PBXFileReference; lastKnownFileType = sourcecode.swift; path = SectionModel.swift; sourceTree = "<group>"; };
		FA568B112BD9101A00B87B59 /* PersonalInfoViewModel.swift */ = {isa = PBXFileReference; lastKnownFileType = sourcecode.swift; path = PersonalInfoViewModel.swift; sourceTree = "<group>"; };
		FA77A3A42BBDA10600843673 /* AssetKit.framework */ = {isa = PBXFileReference; explicitFileType = wrapper.framework; path = AssetKit.framework; sourceTree = BUILT_PRODUCTS_DIR; };
		FA817FFE2BE1DEB5002ABBFD /* OrderStatusView.swift */ = {isa = PBXFileReference; lastKnownFileType = sourcecode.swift; path = OrderStatusView.swift; sourceTree = "<group>"; };
		FA8180012BE2737C002ABBFD /* AddButton.swift */ = {isa = PBXFileReference; lastKnownFileType = sourcecode.swift; path = AddButton.swift; sourceTree = "<group>"; };
		FA9F5D452C10803700E81C9C /* StringToExtension.swift */ = {isa = PBXFileReference; lastKnownFileType = sourcecode.swift; path = StringToExtension.swift; sourceTree = "<group>"; };
		FAA5CDB42C0A19A0004E6AAF /* CurrentBottomModel.swift */ = {isa = PBXFileReference; lastKnownFileType = sourcecode.swift; name = CurrentBottomModel.swift; path = ../CurrentBottomSheetView/Model/CurrentBottomModel.swift; sourceTree = "<group>"; };
		FAB4227A2BC8B761002C7260 /* PersonalInfoView.swift */ = {isa = PBXFileReference; lastKnownFileType = sourcecode.swift; path = PersonalInfoView.swift; sourceTree = "<group>"; };
		FAB4227C2BC8B77B002C7260 /* AddressView.swift */ = {isa = PBXFileReference; lastKnownFileType = sourcecode.swift; path = AddressView.swift; sourceTree = "<group>"; };
		FAB4227E2BC8B78C002C7260 /* PaymentMethodView.swift */ = {isa = PBXFileReference; lastKnownFileType = sourcecode.swift; path = PaymentMethodView.swift; sourceTree = "<group>"; };
		FAB422802BC8B79E002C7260 /* CurrentOrdersView.swift */ = {isa = PBXFileReference; lastKnownFileType = sourcecode.swift; path = CurrentOrdersView.swift; sourceTree = "<group>"; };
		FAB422822BC8B7B2002C7260 /* OrderHistoryView.swift */ = {isa = PBXFileReference; lastKnownFileType = sourcecode.swift; path = OrderHistoryView.swift; sourceTree = "<group>"; };
		FAB422842BC8B7D4002C7260 /* PushNotificationView.swift */ = {isa = PBXFileReference; lastKnownFileType = sourcecode.swift; path = PushNotificationView.swift; sourceTree = "<group>"; };
		FAB422862BC8B7E5002C7260 /* PrivacyView.swift */ = {isa = PBXFileReference; lastKnownFileType = sourcecode.swift; path = PrivacyView.swift; sourceTree = "<group>"; };
		FAB422882BC8B7F4002C7260 /* LanguageView.swift */ = {isa = PBXFileReference; lastKnownFileType = sourcecode.swift; path = LanguageView.swift; sourceTree = "<group>"; };
		FAB4228A2BC8B802002C7260 /* CountryRegionView.swift */ = {isa = PBXFileReference; lastKnownFileType = sourcecode.swift; path = CountryRegionView.swift; sourceTree = "<group>"; };
		FAB4228C2BC8B80F002C7260 /* GeneralTermsView.swift */ = {isa = PBXFileReference; lastKnownFileType = sourcecode.swift; path = GeneralTermsView.swift; sourceTree = "<group>"; };
		FAB4228E2BC8B832002C7260 /* TermsUseView.swift */ = {isa = PBXFileReference; lastKnownFileType = sourcecode.swift; path = TermsUseView.swift; sourceTree = "<group>"; };
		FAB422902BC8B842002C7260 /* PrivacyPolicyView.swift */ = {isa = PBXFileReference; lastKnownFileType = sourcecode.swift; path = PrivacyPolicyView.swift; sourceTree = "<group>"; };
		FABA5AD02BDB9B3100796390 /* AddressesIsEmpty.swift */ = {isa = PBXFileReference; lastKnownFileType = sourcecode.swift; path = AddressesIsEmpty.swift; sourceTree = "<group>"; };
		FABA5AD22BDBAEBA00796390 /* AddressItemView.swift */ = {isa = PBXFileReference; lastKnownFileType = sourcecode.swift; path = AddressItemView.swift; sourceTree = "<group>"; };
		FABA5AD42BDBC0A200796390 /* PaymentMethodViewIsEmpty.swift */ = {isa = PBXFileReference; lastKnownFileType = sourcecode.swift; path = PaymentMethodViewIsEmpty.swift; sourceTree = "<group>"; };
		FABA5AD62BDBC1D500796390 /* PaymentMethodModel.swift */ = {isa = PBXFileReference; lastKnownFileType = sourcecode.swift; path = PaymentMethodModel.swift; sourceTree = "<group>"; };
		FABA5AD82BDBC38F00796390 /* PaymentMethodItemView.swift */ = {isa = PBXFileReference; lastKnownFileType = sourcecode.swift; path = PaymentMethodItemView.swift; sourceTree = "<group>"; };
		FABA5ADA2BDBED2C00796390 /* ProfileConstans.swift */ = {isa = PBXFileReference; lastKnownFileType = sourcecode.swift; path = ProfileConstans.swift; sourceTree = "<group>"; };
		FABA5ADE2BDD82BA00796390 /* OrderHistorySection.swift */ = {isa = PBXFileReference; lastKnownFileType = sourcecode.swift; path = OrderHistorySection.swift; sourceTree = "<group>"; };
		FAC5D45F2BE3ABDF003B61E5 /* DeleteAndLogOutButton.swift */ = {isa = PBXFileReference; lastKnownFileType = sourcecode.swift; path = DeleteAndLogOutButton.swift; sourceTree = "<group>"; };
		FAC5D4622BE3B158003B61E5 /* ProfileList.swift */ = {isa = PBXFileReference; lastKnownFileType = sourcecode.swift; path = ProfileList.swift; sourceTree = "<group>"; };
		FAC5D4642BE3B205003B61E5 /* ProfileImageAndGmail.swift */ = {isa = PBXFileReference; lastKnownFileType = sourcecode.swift; path = ProfileImageAndGmail.swift; sourceTree = "<group>"; };
		FAC5D4662BE3BAA2003B61E5 /* FonImage.swift */ = {isa = PBXFileReference; lastKnownFileType = sourcecode.swift; path = FonImage.swift; sourceTree = "<group>"; };
		FAC5D46A2BE4ED7A003B61E5 /* PersonalInfoList.swift */ = {isa = PBXFileReference; lastKnownFileType = sourcecode.swift; path = PersonalInfoList.swift; sourceTree = "<group>"; };
		FAC5D46E2BE4EF46003B61E5 /* SaveCancelButtons.swift */ = {isa = PBXFileReference; lastKnownFileType = sourcecode.swift; path = SaveCancelButtons.swift; sourceTree = "<group>"; };
		FAC5D4702BE4F5D7003B61E5 /* TextFieldView.swift */ = {isa = PBXFileReference; lastKnownFileType = sourcecode.swift; path = TextFieldView.swift; sourceTree = "<group>"; };
		FAC5D4742BE4FE0B003B61E5 /* PersonSexDataView.swift */ = {isa = PBXFileReference; lastKnownFileType = sourcecode.swift; path = PersonSexDataView.swift; sourceTree = "<group>"; };
		FAD6A36E2C0BD1520026E317 /* VerticalProgressViewStyle.swift */ = {isa = PBXFileReference; lastKnownFileType = sourcecode.swift; path = VerticalProgressViewStyle.swift; sourceTree = "<group>"; };
		FAD6F6832BE8836300A2685E /* PaymentAddCardView.swift */ = {isa = PBXFileReference; lastKnownFileType = sourcecode.swift; path = PaymentAddCardView.swift; sourceTree = "<group>"; };
		FAD6F6852BE88D6100A2685E /* CurrentSection.swift */ = {isa = PBXFileReference; lastKnownFileType = sourcecode.swift; path = CurrentSection.swift; sourceTree = "<group>"; };
		FAD6F6892BE8A18C00A2685E /* CurrentSheetBottomView.swift */ = {isa = PBXFileReference; lastKnownFileType = sourcecode.swift; path = CurrentSheetBottomView.swift; sourceTree = "<group>"; };
		FAD6F68B2BE8A29000A2685E /* OrderBottomSheetView.swift */ = {isa = PBXFileReference; lastKnownFileType = sourcecode.swift; path = OrderBottomSheetView.swift; sourceTree = "<group>"; };
		FAE11D412C19EEFD00207739 /* UploadImage.swift */ = {isa = PBXFileReference; lastKnownFileType = sourcecode.swift; path = UploadImage.swift; sourceTree = "<group>"; };
		FAEEE0392C15C6B900FD39D5 /* PersonalInfoModel.swift */ = {isa = PBXFileReference; lastKnownFileType = sourcecode.swift; path = PersonalInfoModel.swift; sourceTree = "<group>"; };
		FAF695922BEB1BAB00BD5CC1 /* PaymentCardView.swift */ = {isa = PBXFileReference; lastKnownFileType = sourcecode.swift; path = PaymentCardView.swift; sourceTree = "<group>"; };
		FAF695952BEBABF700BD5CC1 /* OrderIdView.swift */ = {isa = PBXFileReference; lastKnownFileType = sourcecode.swift; path = OrderIdView.swift; sourceTree = "<group>"; };
		FAF695972BEBB06700BD5CC1 /* ShipToDataView.swift */ = {isa = PBXFileReference; lastKnownFileType = sourcecode.swift; path = ShipToDataView.swift; sourceTree = "<group>"; };
		FAF695992BEBBEC000BD5CC1 /* PaymentItem.swift */ = {isa = PBXFileReference; lastKnownFileType = sourcecode.swift; path = PaymentItem.swift; sourceTree = "<group>"; };
		FAF6959B2BEBC11E00BD5CC1 /* OrderStatusProgress.swift */ = {isa = PBXFileReference; lastKnownFileType = sourcecode.swift; path = OrderStatusProgress.swift; sourceTree = "<group>"; };
		FAF6959D2BEC865400BD5CC1 /* OrderedProductsView.swift */ = {isa = PBXFileReference; lastKnownFileType = sourcecode.swift; path = OrderedProductsView.swift; sourceTree = "<group>"; };
		FAF6959F2BEC86B700BD5CC1 /* OrderedItem.swift */ = {isa = PBXFileReference; lastKnownFileType = sourcecode.swift; path = OrderedItem.swift; sourceTree = "<group>"; };
		FAF695A22BEE3D5200BD5CC1 /* CardNumberView.swift */ = {isa = PBXFileReference; lastKnownFileType = sourcecode.swift; path = CardNumberView.swift; sourceTree = "<group>"; };
		FAF695A42BEE3E4D00BD5CC1 /* NameCardView.swift */ = {isa = PBXFileReference; lastKnownFileType = sourcecode.swift; path = NameCardView.swift; sourceTree = "<group>"; };
		FAF695A62BEE3EF000BD5CC1 /* CardDateView.swift */ = {isa = PBXFileReference; lastKnownFileType = sourcecode.swift; path = CardDateView.swift; sourceTree = "<group>"; };
		FAF695A82BEE3F6800BD5CC1 /* CardCvvView.swift */ = {isa = PBXFileReference; lastKnownFileType = sourcecode.swift; path = CardCvvView.swift; sourceTree = "<group>"; };
/* End PBXFileReference section */

/* Begin PBXFrameworksBuildPhase section */
		524092382BB7BDD200A75FC0 /* Frameworks */ = {
			isa = PBXFrameworksBuildPhase;
			buildActionMask = 2147483647;
			files = (
				5240925F2BB7BDF600A75FC0 /* Profile.framework in Frameworks */,
			);
			runOnlyForDeploymentPostprocessing = 0;
		};
		524092542BB7BDF600A75FC0 /* Frameworks */ = {
			isa = PBXFrameworksBuildPhase;
			buildActionMask = 2147483647;
			files = (
				524940A92C2A6C3800642473 /* NetworkManager.framework in Frameworks */,
				524940A72C2A6C3600642473 /* Core.framework in Frameworks */,
				524940A42C2A6C3500642473 /* AssetKit.framework in Frameworks */,
			);
			runOnlyForDeploymentPostprocessing = 0;
		};
/* End PBXFrameworksBuildPhase section */

/* Begin PBXGroup section */
		524092322BB7BDD200A75FC0 = {
			isa = PBXGroup;
			children = (
				5240923D2BB7BDD200A75FC0 /* ProfileApp */,
				524092582BB7BDF600A75FC0 /* Profile */,
				5240923C2BB7BDD200A75FC0 /* Products */,
				FA4F209D2BB7E96000457A3E /* Frameworks */,
			);
			sourceTree = "<group>";
		};
		5240923C2BB7BDD200A75FC0 /* Products */ = {
			isa = PBXGroup;
			children = (
				5240923B2BB7BDD200A75FC0 /* ProfileApp.app */,
				524092572BB7BDF600A75FC0 /* Profile.framework */,
			);
			name = Products;
			sourceTree = "<group>";
		};
		5240923D2BB7BDD200A75FC0 /* ProfileApp */ = {
			isa = PBXGroup;
			children = (
				5240923E2BB7BDD200A75FC0 /* ProfileAppApp.swift */,
				524092422BB7BDD300A75FC0 /* Assets.xcassets */,
				524092442BB7BDD300A75FC0 /* Preview Content */,
			);
			path = ProfileApp;
			sourceTree = "<group>";
		};
		524092442BB7BDD300A75FC0 /* Preview Content */ = {
			isa = PBXGroup;
			children = (
				524092452BB7BDD300A75FC0 /* Preview Assets.xcassets */,
			);
			path = "Preview Content";
			sourceTree = "<group>";
		};
		524092582BB7BDF600A75FC0 /* Profile */ = {
			isa = PBXGroup;
			children = (
				FAD6F6902BE9200800A2685E /* Extension */,
				FA8180002BE27360002ABBFD /* ProfileCore */,
				FABEE4402BC2A95300E48054 /* Views */,
				524092592BB7BDF600A75FC0 /* Profile.h */,
				5240925A2BB7BDF600A75FC0 /* Profile.docc */,
			);
			path = Profile;
			sourceTree = "<group>";
		};
		FA272EE92BF21BC100952AEF /* BottomSheet */ = {
			isa = PBXGroup;
			children = (
				FA272F052BF2542700952AEF /* Elements */,
				FA272EEA2BF21BD600952AEF /* AddNewAddress.swift */,
			);
			path = BottomSheet;
			sourceTree = "<group>";
		};
		FA272F052BF2542700952AEF /* Elements */ = {
			isa = PBXGroup;
			children = (
				FA272EEC2BF2225B00952AEF /* AddressTextfields.swift */,
				FA272EEE2BF236FA00952AEF /* SelectCountryTextfield.swift */,
			);
			path = Elements;
			sourceTree = "<group>";
		};
		FA272F062BF45C7200952AEF /* Model */ = {
			isa = PBXGroup;
			children = (
				FA53395B2C2342DC0077974E /* AdressShowModel.swift */,
			);
			path = Model;
			sourceTree = "<group>";
		};
		FA272F072BF45CB000952AEF /* ViewModel */ = {
			isa = PBXGroup;
			children = (
				FA272F082BF45D0D00952AEF /* AddressesViewModel.swift */,
			);
			path = ViewModel;
			sourceTree = "<group>";
		};
		FA272F0A2BF45E2600952AEF /* Model */ = {
			isa = PBXGroup;
			children = (
				FABA5AD62BDBC1D500796390 /* PaymentMethodModel.swift */,
			);
			path = Model;
			sourceTree = "<group>";
		};
		FA272F0B2BF45E3700952AEF /* ViewModel */ = {
			isa = PBXGroup;
			children = (
				FA272F0C2BF45EEB00952AEF /* PaymentMethodViewModel.swift */,
			);
			path = ViewModel;
			sourceTree = "<group>";
		};
		FA272F0E2BF4600600952AEF /* Model */ = {
			isa = PBXGroup;
			children = (
				FA5339602C2414B30077974E /* OrderTypeModel.swift */,
				FA5339662C2444080077974E /* OrdersModel.swift */,
				FAA5CDB42C0A19A0004E6AAF /* CurrentBottomModel.swift */,
			);
			path = Model;
			sourceTree = "<group>";
		};
		FA272F0F2BF4600F00952AEF /* ViewModel */ = {
			isa = PBXGroup;
			children = (
				FA5339682C2445960077974E /* OrdersViewModel.swift */,
			);
			path = ViewModel;
			sourceTree = "<group>";
		};
		FA4F209D2BB7E96000457A3E /* Frameworks */ = {
			isa = PBXGroup;
			children = (
				FA77A3A42BBDA10600843673 /* AssetKit.framework */,
				FA4F20D82BB7EB7D00457A3E /* Core.framework */,
				FA4F209E2BB7E96000457A3E /* NetworkManager.framework */,
			);
			name = Frameworks;
			sourceTree = "<group>";
		};
		FA8180002BE27360002ABBFD /* ProfileCore */ = {
			isa = PBXGroup;
			children = (
				FAD6A36D2C0BD1340026E317 /* VerticalProgressStyle */,
				FAC5D4612BE3AFAB003B61E5 /* Views */,
				FAC5D45E2BE3AAF1003B61E5 /* Buttons */,
			);
			path = ProfileCore;
			sourceTree = "<group>";
		};
		FAA5CDB12C0A18C2004E6AAF /* CurrentBottomView */ = {
			isa = PBXGroup;
			children = (
				FAD6F6892BE8A18C00A2685E /* CurrentSheetBottomView.swift */,
			);
			path = CurrentBottomView;
			sourceTree = "<group>";
		};
		FAB4226D2BC8B29D002C7260 /* ProfileView */ = {
			isa = PBXGroup;
			children = (
				FABEE4422BC2A97F00E48054 /* ViewModel */,
				FAD6A3712C0BD86B0026E317 /* View */,
			);
			path = ProfileView;
			sourceTree = "<group>";
		};
		FAB4226E2BC8B309002C7260 /* PersonalInfoView */ = {
			isa = PBXGroup;
			children = (
				FAD6A3742C0BD8A40026E317 /* Model */,
				FAD6A3732C0BD8990026E317 /* ViewModel */,
				FAD6A3722C0BD8940026E317 /* View */,
			);
			path = PersonalInfoView;
			sourceTree = "<group>";
		};
		FAB4226F2BC8B333002C7260 /* AddressesView */ = {
			isa = PBXGroup;
			children = (
				FA272F072BF45CB000952AEF /* ViewModel */,
				FA272F062BF45C7200952AEF /* Model */,
				FA272EE92BF21BC100952AEF /* BottomSheet */,
				FAD6A3752C0BD8CD0026E317 /* View */,
			);
			path = AddressesView;
			sourceTree = "<group>";
		};
		FAB422702BC8B33E002C7260 /* PaymentMethodsView */ = {
			isa = PBXGroup;
			children = (
				FA272F0B2BF45E3700952AEF /* ViewModel */,
				FA272F0A2BF45E2600952AEF /* Model */,
				FAF695912BEB18DD00BD5CC1 /* BottomSheet */,
				FAD6A3702C0BD81E0026E317 /* View */,
			);
			path = PaymentMethodsView;
			sourceTree = "<group>";
		};
		FAB422712BC8B37E002C7260 /* CurrentOrdersView */ = {
			isa = PBXGroup;
			children = (
				FA272F0F2BF4600F00952AEF /* ViewModel */,
				FA272F0E2BF4600600952AEF /* Model */,
				FAD6F68E2BE8E6BE00A2685E /* CurrentBottomSheetView */,
				FAD6A3762C0BD9030026E317 /* View */,
			);
			path = CurrentOrdersView;
			sourceTree = "<group>";
		};
		FAB422722BC8B39C002C7260 /* OrderHistoryView */ = {
			isa = PBXGroup;
			children = (
				FAD6F68D2BE8E46B00A2685E /* BottomSheetView */,
				FAD6A3772C0BD9210026E317 /* View */,
			);
			path = OrderHistoryView;
			sourceTree = "<group>";
		};
		FAB422732BC8B3B0002C7260 /* PushNotificationsView */ = {
			isa = PBXGroup;
			children = (
				FAB422842BC8B7D4002C7260 /* PushNotificationView.swift */,
			);
			path = PushNotificationsView;
			sourceTree = "<group>";
		};
		FAB422742BC8B3C0002C7260 /* PrivacyView */ = {
			isa = PBXGroup;
			children = (
				FAB422862BC8B7E5002C7260 /* PrivacyView.swift */,
			);
			path = PrivacyView;
			sourceTree = "<group>";
		};
		FAB422752BC8B3CD002C7260 /* LanguageView */ = {
			isa = PBXGroup;
			children = (
				FAB422882BC8B7F4002C7260 /* LanguageView.swift */,
			);
			path = LanguageView;
			sourceTree = "<group>";
		};
		FAB422762BC8B3DF002C7260 /* CountryRegionView */ = {
			isa = PBXGroup;
			children = (
				FAB4228A2BC8B802002C7260 /* CountryRegionView.swift */,
			);
			path = CountryRegionView;
			sourceTree = "<group>";
		};
		FAB422772BC8B3EC002C7260 /* GeneralTermsView */ = {
			isa = PBXGroup;
			children = (
				FAB4228C2BC8B80F002C7260 /* GeneralTermsView.swift */,
			);
			path = GeneralTermsView;
			sourceTree = "<group>";
		};
		FAB422782BC8B3FF002C7260 /* TermsUseView */ = {
			isa = PBXGroup;
			children = (
				FAB4228E2BC8B832002C7260 /* TermsUseView.swift */,
			);
			path = TermsUseView;
			sourceTree = "<group>";
		};
		FAB422792BC8B417002C7260 /* PrivacyPolicyView */ = {
			isa = PBXGroup;
			children = (
				FAB422902BC8B842002C7260 /* PrivacyPolicyView.swift */,
			);
			path = PrivacyPolicyView;
			sourceTree = "<group>";
		};
		FABEE4402BC2A95300E48054 /* Views */ = {
			isa = PBXGroup;
			children = (
				FAB4226D2BC8B29D002C7260 /* ProfileView */,
				FAB4226E2BC8B309002C7260 /* PersonalInfoView */,
				FAB4226F2BC8B333002C7260 /* AddressesView */,
				FAB422702BC8B33E002C7260 /* PaymentMethodsView */,
				FAB422712BC8B37E002C7260 /* CurrentOrdersView */,
				FAB422722BC8B39C002C7260 /* OrderHistoryView */,
				FAB422732BC8B3B0002C7260 /* PushNotificationsView */,
				FAB422742BC8B3C0002C7260 /* PrivacyView */,
				FAB422752BC8B3CD002C7260 /* LanguageView */,
				FAB422762BC8B3DF002C7260 /* CountryRegionView */,
				FAB422772BC8B3EC002C7260 /* GeneralTermsView */,
				FAB422782BC8B3FF002C7260 /* TermsUseView */,
				FAB422792BC8B417002C7260 /* PrivacyPolicyView */,
			);
			path = Views;
			sourceTree = "<group>";
		};
		FABEE4422BC2A97F00E48054 /* ViewModel */ = {
			isa = PBXGroup;
			children = (
				524092652BB7BE0300A75FC0 /* ProfileViewModel.swift */,
			);
			path = ViewModel;
			sourceTree = "<group>";
		};
		FAC5D45E2BE3AAF1003B61E5 /* Buttons */ = {
			isa = PBXGroup;
			children = (
				FAC5D46C2BE4EEF9003B61E5 /* Profile */,
				FAC5D46D2BE4EF12003B61E5 /* PersonalInfo */,
			);
			path = Buttons;
			sourceTree = "<group>";
		};
		FAC5D4612BE3AFAB003B61E5 /* Views */ = {
			isa = PBXGroup;
			children = (
				FAC5D4682BE3BAB6003B61E5 /* Profile */,
				FAC5D4692BE3BACA003B61E5 /* PersonalInfo */,
			);
			path = Views;
			sourceTree = "<group>";
		};
		FAC5D4682BE3BAB6003B61E5 /* Profile */ = {
			isa = PBXGroup;
			children = (
				FAC5D4642BE3B205003B61E5 /* ProfileImageAndGmail.swift */,
				FAC5D4622BE3B158003B61E5 /* ProfileList.swift */,
			);
			path = Profile;
			sourceTree = "<group>";
		};
		FAC5D4692BE3BACA003B61E5 /* PersonalInfo */ = {
			isa = PBXGroup;
			children = (
				FAC5D4662BE3BAA2003B61E5 /* FonImage.swift */,
			);
			path = PersonalInfo;
			sourceTree = "<group>";
		};
		FAC5D46C2BE4EEF9003B61E5 /* Profile */ = {
			isa = PBXGroup;
			children = (
				FA8180012BE2737C002ABBFD /* AddButton.swift */,
				FAC5D45F2BE3ABDF003B61E5 /* DeleteAndLogOutButton.swift */,
			);
			path = Profile;
			sourceTree = "<group>";
		};
		FAC5D46D2BE4EF12003B61E5 /* PersonalInfo */ = {
			isa = PBXGroup;
			children = (
				FAC5D46E2BE4EF46003B61E5 /* SaveCancelButtons.swift */,
			);
			path = PersonalInfo;
			sourceTree = "<group>";
		};
		FAD6A36D2C0BD1340026E317 /* VerticalProgressStyle */ = {
			isa = PBXGroup;
			children = (
				FAD6A36E2C0BD1520026E317 /* VerticalProgressViewStyle.swift */,
			);
			path = VerticalProgressStyle;
			sourceTree = "<group>";
		};
		FAD6A3702C0BD81E0026E317 /* View */ = {
			isa = PBXGroup;
			children = (
				FAB4227E2BC8B78C002C7260 /* PaymentMethodView.swift */,
				FABA5AD42BDBC0A200796390 /* PaymentMethodViewIsEmpty.swift */,
				FABA5AD82BDBC38F00796390 /* PaymentMethodItemView.swift */,
			);
			path = View;
			sourceTree = "<group>";
		};
		FAD6A3712C0BD86B0026E317 /* View */ = {
			isa = PBXGroup;
			children = (
				524092672BB7BE5100A75FC0 /* ProfileView.swift */,
				FABA5ADA2BDBED2C00796390 /* ProfileConstans.swift */,
				FA568B0A2BCC08F200B87B59 /* SectionModel.swift */,
			);
			path = View;
			sourceTree = "<group>";
		};
		FAD6A3722C0BD8940026E317 /* View */ = {
			isa = PBXGroup;
			children = (
				FAB4227A2BC8B761002C7260 /* PersonalInfoView.swift */,
				FAC5D46A2BE4ED7A003B61E5 /* PersonalInfoList.swift */,
				FAC5D4702BE4F5D7003B61E5 /* TextFieldView.swift */,
				FAC5D4742BE4FE0B003B61E5 /* PersonSexDataView.swift */,
			);
			path = View;
			sourceTree = "<group>";
		};
		FAD6A3732C0BD8990026E317 /* ViewModel */ = {
			isa = PBXGroup;
			children = (
				FA568B112BD9101A00B87B59 /* PersonalInfoViewModel.swift */,
				FAE11D412C19EEFD00207739 /* UploadImage.swift */,
			);
			path = ViewModel;
			sourceTree = "<group>";
		};
		FAD6A3742C0BD8A40026E317 /* Model */ = {
			isa = PBXGroup;
			children = (
				FAEEE0392C15C6B900FD39D5 /* PersonalInfoModel.swift */,
			);
			path = Model;
			sourceTree = "<group>";
		};
		FAD6A3752C0BD8CD0026E317 /* View */ = {
			isa = PBXGroup;
			children = (
				FAB4227C2BC8B77B002C7260 /* AddressView.swift */,
				FABA5AD22BDBAEBA00796390 /* AddressItemView.swift */,
				FABA5AD02BDB9B3100796390 /* AddressesIsEmpty.swift */,
			);
			path = View;
			sourceTree = "<group>";
		};
		FAD6A3762C0BD9030026E317 /* View */ = {
			isa = PBXGroup;
			children = (
				FAB422802BC8B79E002C7260 /* CurrentOrdersView.swift */,
				FA817FFE2BE1DEB5002ABBFD /* OrderStatusView.swift */,
				FAD6F6852BE88D6100A2685E /* CurrentSection.swift */,
				FA5339642C243A8F0077974E /* CurrentIsEmpty.swift */,
			);
			path = View;
			sourceTree = "<group>";
		};
		FAD6A3772C0BD9210026E317 /* View */ = {
			isa = PBXGroup;
			children = (
				FAB422822BC8B7B2002C7260 /* OrderHistoryView.swift */,
				FABA5ADE2BDD82BA00796390 /* OrderHistorySection.swift */,
				FA5339622C2427A30077974E /* OrderHistoryIsEmpty.swift */,
			);
			path = View;
			sourceTree = "<group>";
		};
		FAD6F68D2BE8E46B00A2685E /* BottomSheetView */ = {
			isa = PBXGroup;
			children = (
				FAD6F68B2BE8A29000A2685E /* OrderBottomSheetView.swift */,
			);
			path = BottomSheetView;
			sourceTree = "<group>";
		};
		FAD6F68E2BE8E6BE00A2685E /* CurrentBottomSheetView */ = {
			isa = PBXGroup;
			children = (
				FAA5CDB12C0A18C2004E6AAF /* CurrentBottomView */,
				FAF695942BEBABCF00BD5CC1 /* Section */,
			);
			path = CurrentBottomSheetView;
			sourceTree = "<group>";
		};
		FAD6F6902BE9200800A2685E /* Extension */ = {
			isa = PBXGroup;
			children = (
				FA9F5D452C10803700E81C9C /* StringToExtension.swift */,
			);
			path = Extension;
			sourceTree = "<group>";
		};
		FAF695912BEB18DD00BD5CC1 /* BottomSheet */ = {
			isa = PBXGroup;
			children = (
				FAD6F6832BE8836300A2685E /* PaymentAddCardView.swift */,
				FAF695922BEB1BAB00BD5CC1 /* PaymentCardView.swift */,
				FAF695A22BEE3D5200BD5CC1 /* CardNumberView.swift */,
				FAF695A42BEE3E4D00BD5CC1 /* NameCardView.swift */,
				FAF695A62BEE3EF000BD5CC1 /* CardDateView.swift */,
				FAF695A82BEE3F6800BD5CC1 /* CardCvvView.swift */,
			);
			path = BottomSheet;
			sourceTree = "<group>";
		};
		FAF695942BEBABCF00BD5CC1 /* Section */ = {
			isa = PBXGroup;
			children = (
				FAF695952BEBABF700BD5CC1 /* OrderIdView.swift */,
				FAF695972BEBB06700BD5CC1 /* ShipToDataView.swift */,
				FAF695992BEBBEC000BD5CC1 /* PaymentItem.swift */,
				FAF6959B2BEBC11E00BD5CC1 /* OrderStatusProgress.swift */,
				FAF6959D2BEC865400BD5CC1 /* OrderedProductsView.swift */,
				FAF6959F2BEC86B700BD5CC1 /* OrderedItem.swift */,
			);
			path = Section;
			sourceTree = "<group>";
		};
/* End PBXGroup section */

/* Begin PBXHeadersBuildPhase section */
		524092522BB7BDF600A75FC0 /* Headers */ = {
			isa = PBXHeadersBuildPhase;
			buildActionMask = 2147483647;
			files = (
				5240925C2BB7BDF600A75FC0 /* Profile.h in Headers */,
			);
			runOnlyForDeploymentPostprocessing = 0;
		};
/* End PBXHeadersBuildPhase section */

/* Begin PBXNativeTarget section */
		5240923A2BB7BDD200A75FC0 /* ProfileApp */ = {
			isa = PBXNativeTarget;
			buildConfigurationList = 524092492BB7BDD300A75FC0 /* Build configuration list for PBXNativeTarget "ProfileApp" */;
			buildPhases = (
				524092372BB7BDD200A75FC0 /* Sources */,
				524092382BB7BDD200A75FC0 /* Frameworks */,
				524092392BB7BDD200A75FC0 /* Resources */,
			);
			buildRules = (
			);
			dependencies = (
				5240925E2BB7BDF600A75FC0 /* PBXTargetDependency */,
			);
			name = ProfileApp;
			productName = ProfileApp;
			productReference = 5240923B2BB7BDD200A75FC0 /* ProfileApp.app */;
			productType = "com.apple.product-type.application";
		};
		524092562BB7BDF600A75FC0 /* Profile */ = {
			isa = PBXNativeTarget;
			buildConfigurationList = 524092612BB7BDF600A75FC0 /* Build configuration list for PBXNativeTarget "Profile" */;
			buildPhases = (
				524092522BB7BDF600A75FC0 /* Headers */,
				524092532BB7BDF600A75FC0 /* Sources */,
				524092542BB7BDF600A75FC0 /* Frameworks */,
				524092552BB7BDF600A75FC0 /* Resources */,
			);
			buildRules = (
			);
			dependencies = (
			);
			name = Profile;
			productName = Profile;
			productReference = 524092572BB7BDF600A75FC0 /* Profile.framework */;
			productType = "com.apple.product-type.framework";
		};
/* End PBXNativeTarget section */

/* Begin PBXProject section */
		524092332BB7BDD200A75FC0 /* Project object */ = {
			isa = PBXProject;
			attributes = {
				BuildIndependentTargetsInParallel = 1;
				LastSwiftUpdateCheck = 1530;
				LastUpgradeCheck = 1530;
				TargetAttributes = {
					5240923A2BB7BDD200A75FC0 = {
						CreatedOnToolsVersion = 15.3;
					};
					524092562BB7BDF600A75FC0 = {
						CreatedOnToolsVersion = 15.3;
					};
				};
			};
			buildConfigurationList = 524092362BB7BDD200A75FC0 /* Build configuration list for PBXProject "ProfileApp" */;
			compatibilityVersion = "Xcode 14.0";
			developmentRegion = en;
			hasScannedForEncodings = 0;
			knownRegions = (
				en,
				Base,
			);
			mainGroup = 524092322BB7BDD200A75FC0;
			productRefGroup = 5240923C2BB7BDD200A75FC0 /* Products */;
			projectDirPath = "";
			projectRoot = "";
			targets = (
				5240923A2BB7BDD200A75FC0 /* ProfileApp */,
				524092562BB7BDF600A75FC0 /* Profile */,
			);
		};
/* End PBXProject section */

/* Begin PBXResourcesBuildPhase section */
		524092392BB7BDD200A75FC0 /* Resources */ = {
			isa = PBXResourcesBuildPhase;
			buildActionMask = 2147483647;
			files = (
				524092462BB7BDD300A75FC0 /* Preview Assets.xcassets in Resources */,
				524092432BB7BDD300A75FC0 /* Assets.xcassets in Resources */,
			);
			runOnlyForDeploymentPostprocessing = 0;
		};
		524092552BB7BDF600A75FC0 /* Resources */ = {
			isa = PBXResourcesBuildPhase;
			buildActionMask = 2147483647;
			files = (
			);
			runOnlyForDeploymentPostprocessing = 0;
		};
/* End PBXResourcesBuildPhase section */

/* Begin PBXSourcesBuildPhase section */
		524092372BB7BDD200A75FC0 /* Sources */ = {
			isa = PBXSourcesBuildPhase;
			buildActionMask = 2147483647;
			files = (
				5240923F2BB7BDD200A75FC0 /* ProfileAppApp.swift in Sources */,
			);
			runOnlyForDeploymentPostprocessing = 0;
		};
		524092532BB7BDF600A75FC0 /* Sources */ = {
			isa = PBXSourcesBuildPhase;
			buildActionMask = 2147483647;
			files = (
				FA53395C2C2342DC0077974E /* AdressShowModel.swift in Sources */,
				FABA5AD92BDBC38F00796390 /* PaymentMethodItemView.swift in Sources */,
				FAF695962BEBABF700BD5CC1 /* OrderIdView.swift in Sources */,
				FAF695A52BEE3E4D00BD5CC1 /* NameCardView.swift in Sources */,
				FAC5D46F2BE4EF46003B61E5 /* SaveCancelButtons.swift in Sources */,
				FAF6959E2BEC865400BD5CC1 /* OrderedProductsView.swift in Sources */,
				FAD6F6842BE8836300A2685E /* PaymentAddCardView.swift in Sources */,
				FA5339652C243A8F0077974E /* CurrentIsEmpty.swift in Sources */,
				FAB422912BC8B842002C7260 /* PrivacyPolicyView.swift in Sources */,
				FAC5D46B2BE4ED7A003B61E5 /* PersonalInfoList.swift in Sources */,
				FAB4228F2BC8B832002C7260 /* TermsUseView.swift in Sources */,
				FA272EEF2BF236FA00952AEF /* SelectCountryTextfield.swift in Sources */,
				FA272F092BF45D0D00952AEF /* AddressesViewModel.swift in Sources */,
				FAB4227D2BC8B77B002C7260 /* AddressView.swift in Sources */,
				FAF695A02BEC86B700BD5CC1 /* OrderedItem.swift in Sources */,
				FAE11D422C19EEFD00207739 /* UploadImage.swift in Sources */,
				FAF695A32BEE3D5200BD5CC1 /* CardNumberView.swift in Sources */,
				FAF6959C2BEBC11E00BD5CC1 /* OrderStatusProgress.swift in Sources */,
				FAA5CDB52C0A19A0004E6AAF /* CurrentBottomModel.swift in Sources */,
				FA5339692C2445960077974E /* OrdersViewModel.swift in Sources */,
				FA5339672C2444080077974E /* OrdersModel.swift in Sources */,
				FAF695982BEBB06700BD5CC1 /* ShipToDataView.swift in Sources */,
				FAD6F68A2BE8A18C00A2685E /* CurrentSheetBottomView.swift in Sources */,
				FA272EED2BF2225B00952AEF /* AddressTextfields.swift in Sources */,
				FAC5D4672BE3BAA2003B61E5 /* FonImage.swift in Sources */,
				FAB4227B2BC8B761002C7260 /* PersonalInfoView.swift in Sources */,
				FAD6F6862BE88D6100A2685E /* CurrentSection.swift in Sources */,
				FABA5ADF2BDD82BA00796390 /* OrderHistorySection.swift in Sources */,
				FAC5D4602BE3ABDF003B61E5 /* DeleteAndLogOutButton.swift in Sources */,
				FAC5D4752BE4FE0B003B61E5 /* PersonSexDataView.swift in Sources */,
				FA5339612C2414B30077974E /* OrderTypeModel.swift in Sources */,
				FAB422892BC8B7F4002C7260 /* LanguageView.swift in Sources */,
				FA817FFF2BE1DEB5002ABBFD /* OrderStatusView.swift in Sources */,
				FAB422832BC8B7B2002C7260 /* OrderHistoryView.swift in Sources */,
				FA272EEB2BF21BD600952AEF /* AddNewAddress.swift in Sources */,
				FA5339632C2427A30077974E /* OrderHistoryIsEmpty.swift in Sources */,
				FAB422852BC8B7D4002C7260 /* PushNotificationView.swift in Sources */,
				524092682BB7BE5100A75FC0 /* ProfileView.swift in Sources */,
				FAF695A72BEE3EF000BD5CC1 /* CardDateView.swift in Sources */,
				FAB422872BC8B7E5002C7260 /* PrivacyView.swift in Sources */,
				FAD6F68C2BE8A29000A2685E /* OrderBottomSheetView.swift in Sources */,
				FAEEE03A2C15C6B900FD39D5 /* PersonalInfoModel.swift in Sources */,
				FAC5D4712BE4F5D7003B61E5 /* TextFieldView.swift in Sources */,
				FABA5AD72BDBC1D500796390 /* PaymentMethodModel.swift in Sources */,
				FAB4227F2BC8B78C002C7260 /* PaymentMethodView.swift in Sources */,
				FAC5D4632BE3B158003B61E5 /* ProfileList.swift in Sources */,
				FA568B0B2BCC08F200B87B59 /* SectionModel.swift in Sources */,
				FABA5ADB2BDBED2C00796390 /* ProfileConstans.swift in Sources */,
				FAF695932BEB1BAB00BD5CC1 /* PaymentCardView.swift in Sources */,
				FAC5D4652BE3B205003B61E5 /* ProfileImageAndGmail.swift in Sources */,
				FA8180022BE2737C002ABBFD /* AddButton.swift in Sources */,
				FA272F0D2BF45EEB00952AEF /* PaymentMethodViewModel.swift in Sources */,
				524092662BB7BE0300A75FC0 /* ProfileViewModel.swift in Sources */,
				FAD6A36F2C0BD1520026E317 /* VerticalProgressViewStyle.swift in Sources */,
				FAF6959A2BEBBEC000BD5CC1 /* PaymentItem.swift in Sources */,
				FABA5AD12BDB9B3100796390 /* AddressesIsEmpty.swift in Sources */,
				FAB4228B2BC8B802002C7260 /* CountryRegionView.swift in Sources */,
				FAB4228D2BC8B80F002C7260 /* GeneralTermsView.swift in Sources */,
				FAF695A92BEE3F6800BD5CC1 /* CardCvvView.swift in Sources */,
				FABA5AD32BDBAEBA00796390 /* AddressItemView.swift in Sources */,
				FABA5AD52BDBC0A200796390 /* PaymentMethodViewIsEmpty.swift in Sources */,
				FAB422812BC8B79E002C7260 /* CurrentOrdersView.swift in Sources */,
				5240925B2BB7BDF600A75FC0 /* Profile.docc in Sources */,
				FA9F5D462C10803700E81C9C /* StringToExtension.swift in Sources */,
				FA568B122BD9101A00B87B59 /* PersonalInfoViewModel.swift in Sources */,
			);
			runOnlyForDeploymentPostprocessing = 0;
		};
/* End PBXSourcesBuildPhase section */

/* Begin PBXTargetDependency section */
		5240925E2BB7BDF600A75FC0 /* PBXTargetDependency */ = {
			isa = PBXTargetDependency;
			target = 524092562BB7BDF600A75FC0 /* Profile */;
			targetProxy = 5240925D2BB7BDF600A75FC0 /* PBXContainerItemProxy */;
		};
/* End PBXTargetDependency section */

/* Begin XCBuildConfiguration section */
		524092472BB7BDD300A75FC0 /* Debug */ = {
			isa = XCBuildConfiguration;
			buildSettings = {
				ALWAYS_SEARCH_USER_PATHS = NO;
				ASSETCATALOG_COMPILER_GENERATE_SWIFT_ASSET_SYMBOL_EXTENSIONS = YES;
				CLANG_ANALYZER_NONNULL = YES;
				CLANG_ANALYZER_NUMBER_OBJECT_CONVERSION = YES_AGGRESSIVE;
				CLANG_CXX_LANGUAGE_STANDARD = "gnu++20";
				CLANG_ENABLE_MODULES = YES;
				CLANG_ENABLE_OBJC_ARC = YES;
				CLANG_ENABLE_OBJC_WEAK = YES;
				CLANG_WARN_BLOCK_CAPTURE_AUTORELEASING = YES;
				CLANG_WARN_BOOL_CONVERSION = YES;
				CLANG_WARN_COMMA = YES;
				CLANG_WARN_CONSTANT_CONVERSION = YES;
				CLANG_WARN_DEPRECATED_OBJC_IMPLEMENTATIONS = YES;
				CLANG_WARN_DIRECT_OBJC_ISA_USAGE = YES_ERROR;
				CLANG_WARN_DOCUMENTATION_COMMENTS = YES;
				CLANG_WARN_EMPTY_BODY = YES;
				CLANG_WARN_ENUM_CONVERSION = YES;
				CLANG_WARN_INFINITE_RECURSION = YES;
				CLANG_WARN_INT_CONVERSION = YES;
				CLANG_WARN_NON_LITERAL_NULL_CONVERSION = YES;
				CLANG_WARN_OBJC_IMPLICIT_RETAIN_SELF = YES;
				CLANG_WARN_OBJC_LITERAL_CONVERSION = YES;
				CLANG_WARN_OBJC_ROOT_CLASS = YES_ERROR;
				CLANG_WARN_QUOTED_INCLUDE_IN_FRAMEWORK_HEADER = YES;
				CLANG_WARN_RANGE_LOOP_ANALYSIS = YES;
				CLANG_WARN_STRICT_PROTOTYPES = YES;
				CLANG_WARN_SUSPICIOUS_MOVE = YES;
				CLANG_WARN_UNGUARDED_AVAILABILITY = YES_AGGRESSIVE;
				CLANG_WARN_UNREACHABLE_CODE = YES;
				CLANG_WARN__DUPLICATE_METHOD_MATCH = YES;
				COPY_PHASE_STRIP = NO;
				DEBUG_INFORMATION_FORMAT = dwarf;
				ENABLE_STRICT_OBJC_MSGSEND = YES;
				ENABLE_TESTABILITY = YES;
				ENABLE_USER_SCRIPT_SANDBOXING = YES;
				GCC_C_LANGUAGE_STANDARD = gnu17;
				GCC_DYNAMIC_NO_PIC = NO;
				GCC_NO_COMMON_BLOCKS = YES;
				GCC_OPTIMIZATION_LEVEL = 0;
				GCC_PREPROCESSOR_DEFINITIONS = (
					"DEBUG=1",
					"$(inherited)",
				);
				GCC_WARN_64_TO_32_BIT_CONVERSION = YES;
				GCC_WARN_ABOUT_RETURN_TYPE = YES_ERROR;
				GCC_WARN_UNDECLARED_SELECTOR = YES;
				GCC_WARN_UNINITIALIZED_AUTOS = YES_AGGRESSIVE;
				GCC_WARN_UNUSED_FUNCTION = YES;
				GCC_WARN_UNUSED_VARIABLE = YES;
				IPHONEOS_DEPLOYMENT_TARGET = 17.4;
				LOCALIZATION_PREFERS_STRING_CATALOGS = YES;
				MTL_ENABLE_DEBUG_INFO = INCLUDE_SOURCE;
				MTL_FAST_MATH = YES;
				ONLY_ACTIVE_ARCH = YES;
				SDKROOT = iphoneos;
				SWIFT_ACTIVE_COMPILATION_CONDITIONS = "DEBUG $(inherited)";
				SWIFT_OPTIMIZATION_LEVEL = "-Onone";
			};
			name = Debug;
		};
		524092482BB7BDD300A75FC0 /* Release */ = {
			isa = XCBuildConfiguration;
			buildSettings = {
				ALWAYS_SEARCH_USER_PATHS = NO;
				ASSETCATALOG_COMPILER_GENERATE_SWIFT_ASSET_SYMBOL_EXTENSIONS = YES;
				CLANG_ANALYZER_NONNULL = YES;
				CLANG_ANALYZER_NUMBER_OBJECT_CONVERSION = YES_AGGRESSIVE;
				CLANG_CXX_LANGUAGE_STANDARD = "gnu++20";
				CLANG_ENABLE_MODULES = YES;
				CLANG_ENABLE_OBJC_ARC = YES;
				CLANG_ENABLE_OBJC_WEAK = YES;
				CLANG_WARN_BLOCK_CAPTURE_AUTORELEASING = YES;
				CLANG_WARN_BOOL_CONVERSION = YES;
				CLANG_WARN_COMMA = YES;
				CLANG_WARN_CONSTANT_CONVERSION = YES;
				CLANG_WARN_DEPRECATED_OBJC_IMPLEMENTATIONS = YES;
				CLANG_WARN_DIRECT_OBJC_ISA_USAGE = YES_ERROR;
				CLANG_WARN_DOCUMENTATION_COMMENTS = YES;
				CLANG_WARN_EMPTY_BODY = YES;
				CLANG_WARN_ENUM_CONVERSION = YES;
				CLANG_WARN_INFINITE_RECURSION = YES;
				CLANG_WARN_INT_CONVERSION = YES;
				CLANG_WARN_NON_LITERAL_NULL_CONVERSION = YES;
				CLANG_WARN_OBJC_IMPLICIT_RETAIN_SELF = YES;
				CLANG_WARN_OBJC_LITERAL_CONVERSION = YES;
				CLANG_WARN_OBJC_ROOT_CLASS = YES_ERROR;
				CLANG_WARN_QUOTED_INCLUDE_IN_FRAMEWORK_HEADER = YES;
				CLANG_WARN_RANGE_LOOP_ANALYSIS = YES;
				CLANG_WARN_STRICT_PROTOTYPES = YES;
				CLANG_WARN_SUSPICIOUS_MOVE = YES;
				CLANG_WARN_UNGUARDED_AVAILABILITY = YES_AGGRESSIVE;
				CLANG_WARN_UNREACHABLE_CODE = YES;
				CLANG_WARN__DUPLICATE_METHOD_MATCH = YES;
				COPY_PHASE_STRIP = NO;
				DEBUG_INFORMATION_FORMAT = "dwarf-with-dsym";
				ENABLE_NS_ASSERTIONS = NO;
				ENABLE_STRICT_OBJC_MSGSEND = YES;
				ENABLE_USER_SCRIPT_SANDBOXING = YES;
				GCC_C_LANGUAGE_STANDARD = gnu17;
				GCC_NO_COMMON_BLOCKS = YES;
				GCC_WARN_64_TO_32_BIT_CONVERSION = YES;
				GCC_WARN_ABOUT_RETURN_TYPE = YES_ERROR;
				GCC_WARN_UNDECLARED_SELECTOR = YES;
				GCC_WARN_UNINITIALIZED_AUTOS = YES_AGGRESSIVE;
				GCC_WARN_UNUSED_FUNCTION = YES;
				GCC_WARN_UNUSED_VARIABLE = YES;
				IPHONEOS_DEPLOYMENT_TARGET = 17.4;
				LOCALIZATION_PREFERS_STRING_CATALOGS = YES;
				MTL_ENABLE_DEBUG_INFO = NO;
				MTL_FAST_MATH = YES;
				SDKROOT = iphoneos;
				SWIFT_COMPILATION_MODE = wholemodule;
				VALIDATE_PRODUCT = YES;
			};
			name = Release;
		};
		5240924A2BB7BDD300A75FC0 /* Debug */ = {
			isa = XCBuildConfiguration;
			buildSettings = {
				ASSETCATALOG_COMPILER_APPICON_NAME = AppIcon;
				ASSETCATALOG_COMPILER_GLOBAL_ACCENT_COLOR_NAME = AccentColor;
				CODE_SIGN_STYLE = Automatic;
				CURRENT_PROJECT_VERSION = 1;
				DEVELOPMENT_ASSET_PATHS = "\"ProfileApp/Preview Content\"";
				DEVELOPMENT_TEAM = K7U4M666S7;
				ENABLE_PREVIEWS = YES;
				GENERATE_INFOPLIST_FILE = YES;
				INFOPLIST_KEY_UIApplicationSceneManifest_Generation = YES;
				INFOPLIST_KEY_UIApplicationSupportsIndirectInputEvents = YES;
				INFOPLIST_KEY_UILaunchScreen_Generation = YES;
				INFOPLIST_KEY_UISupportedInterfaceOrientations_iPad = "UIInterfaceOrientationPortrait UIInterfaceOrientationPortraitUpsideDown UIInterfaceOrientationLandscapeLeft UIInterfaceOrientationLandscapeRight";
				INFOPLIST_KEY_UISupportedInterfaceOrientations_iPhone = "UIInterfaceOrientationPortrait UIInterfaceOrientationLandscapeLeft UIInterfaceOrientationLandscapeRight";
				IPHONEOS_DEPLOYMENT_TARGET = 17.4;
				LD_RUNPATH_SEARCH_PATHS = (
					"$(inherited)",
					"@executable_path/Frameworks",
				);
				MARKETING_VERSION = 2.0;
				PRODUCT_BUNDLE_IDENTIFIER = .com.7saber.shop.ProfileApp;
				PRODUCT_NAME = "$(TARGET_NAME)";
				SUPPORTED_PLATFORMS = "iphoneos iphonesimulator";
				SUPPORTS_MACCATALYST = NO;
				SUPPORTS_MAC_DESIGNED_FOR_IPHONE_IPAD = NO;
				SUPPORTS_XR_DESIGNED_FOR_IPHONE_IPAD = NO;
				SWIFT_EMIT_LOC_STRINGS = YES;
				SWIFT_VERSION = 5.0;
				TARGETED_DEVICE_FAMILY = 1;
			};
			name = Debug;
		};
		5240924B2BB7BDD300A75FC0 /* Release */ = {
			isa = XCBuildConfiguration;
			buildSettings = {
				ASSETCATALOG_COMPILER_APPICON_NAME = AppIcon;
				ASSETCATALOG_COMPILER_GLOBAL_ACCENT_COLOR_NAME = AccentColor;
				CODE_SIGN_STYLE = Automatic;
				CURRENT_PROJECT_VERSION = 1;
				DEVELOPMENT_ASSET_PATHS = "\"ProfileApp/Preview Content\"";
				DEVELOPMENT_TEAM = K7U4M666S7;
				ENABLE_PREVIEWS = YES;
				GENERATE_INFOPLIST_FILE = YES;
				INFOPLIST_KEY_UIApplicationSceneManifest_Generation = YES;
				INFOPLIST_KEY_UIApplicationSupportsIndirectInputEvents = YES;
				INFOPLIST_KEY_UILaunchScreen_Generation = YES;
				INFOPLIST_KEY_UISupportedInterfaceOrientations_iPad = "UIInterfaceOrientationPortrait UIInterfaceOrientationPortraitUpsideDown UIInterfaceOrientationLandscapeLeft UIInterfaceOrientationLandscapeRight";
				INFOPLIST_KEY_UISupportedInterfaceOrientations_iPhone = "UIInterfaceOrientationPortrait UIInterfaceOrientationLandscapeLeft UIInterfaceOrientationLandscapeRight";
				IPHONEOS_DEPLOYMENT_TARGET = 17.4;
				LD_RUNPATH_SEARCH_PATHS = (
					"$(inherited)",
					"@executable_path/Frameworks",
				);
				MARKETING_VERSION = 2.0;
				PRODUCT_BUNDLE_IDENTIFIER = .com.7saber.shop.ProfileApp;
				PRODUCT_NAME = "$(TARGET_NAME)";
				SUPPORTED_PLATFORMS = "iphoneos iphonesimulator";
				SUPPORTS_MACCATALYST = NO;
				SUPPORTS_MAC_DESIGNED_FOR_IPHONE_IPAD = NO;
				SUPPORTS_XR_DESIGNED_FOR_IPHONE_IPAD = NO;
				SWIFT_EMIT_LOC_STRINGS = YES;
				SWIFT_VERSION = 5.0;
				TARGETED_DEVICE_FAMILY = 1;
			};
			name = Release;
		};
		524092622BB7BDF600A75FC0 /* Debug */ = {
			isa = XCBuildConfiguration;
			buildSettings = {
				BUILD_LIBRARY_FOR_DISTRIBUTION = YES;
				CODE_SIGN_STYLE = Automatic;
				CURRENT_PROJECT_VERSION = 1;
				DEFINES_MODULE = YES;
				DEVELOPMENT_TEAM = K7U4M666S7;
				DYLIB_COMPATIBILITY_VERSION = 1;
				DYLIB_CURRENT_VERSION = 1;
				DYLIB_INSTALL_NAME_BASE = "@rpath";
				ENABLE_MODULE_VERIFIER = YES;
				GENERATE_INFOPLIST_FILE = YES;
				INFOPLIST_KEY_NSHumanReadableCopyright = "";
				INSTALL_PATH = "$(LOCAL_LIBRARY_DIR)/Frameworks";
				IPHONEOS_DEPLOYMENT_TARGET = 15.0;
				LD_RUNPATH_SEARCH_PATHS = (
					"$(inherited)",
					"@executable_path/Frameworks",
					"@loader_path/Frameworks",
				);
				MARKETING_VERSION = 1.0;
				MODULE_VERIFIER_SUPPORTED_LANGUAGES = "objective-c objective-c++";
				MODULE_VERIFIER_SUPPORTED_LANGUAGE_STANDARDS = "gnu17 gnu++20";
				PRODUCT_BUNDLE_IDENTIFIER = .com.7saber.shop.Profile;
				PRODUCT_NAME = "$(TARGET_NAME:c99extidentifier)";
				SKIP_INSTALL = YES;
				SUPPORTED_PLATFORMS = "iphoneos iphonesimulator";
				SUPPORTS_MACCATALYST = NO;
				SUPPORTS_MAC_DESIGNED_FOR_IPHONE_IPAD = NO;
				SUPPORTS_XR_DESIGNED_FOR_IPHONE_IPAD = NO;
				SWIFT_EMIT_LOC_STRINGS = YES;
				SWIFT_INSTALL_OBJC_HEADER = NO;
				SWIFT_VERSION = 5.0;
				TARGETED_DEVICE_FAMILY = 1;
				VERSIONING_SYSTEM = "apple-generic";
				VERSION_INFO_PREFIX = "";
			};
			name = Debug;
		};
		524092632BB7BDF600A75FC0 /* Release */ = {
			isa = XCBuildConfiguration;
			buildSettings = {
				BUILD_LIBRARY_FOR_DISTRIBUTION = YES;
				CODE_SIGN_STYLE = Automatic;
				CURRENT_PROJECT_VERSION = 1;
				DEFINES_MODULE = YES;
				DEVELOPMENT_TEAM = K7U4M666S7;
				DYLIB_COMPATIBILITY_VERSION = 1;
				DYLIB_CURRENT_VERSION = 1;
				DYLIB_INSTALL_NAME_BASE = "@rpath";
				ENABLE_MODULE_VERIFIER = YES;
				GENERATE_INFOPLIST_FILE = YES;
				INFOPLIST_KEY_NSHumanReadableCopyright = "";
				INSTALL_PATH = "$(LOCAL_LIBRARY_DIR)/Frameworks";
				IPHONEOS_DEPLOYMENT_TARGET = 15.0;
				LD_RUNPATH_SEARCH_PATHS = (
					"$(inherited)",
					"@executable_path/Frameworks",
					"@loader_path/Frameworks",
				);
				MARKETING_VERSION = 1.0;
				MODULE_VERIFIER_SUPPORTED_LANGUAGES = "objective-c objective-c++";
				MODULE_VERIFIER_SUPPORTED_LANGUAGE_STANDARDS = "gnu17 gnu++20";
				PRODUCT_BUNDLE_IDENTIFIER = .com.7saber.shop.Profile;
				PRODUCT_NAME = "$(TARGET_NAME:c99extidentifier)";
				SKIP_INSTALL = YES;
				SUPPORTED_PLATFORMS = "iphoneos iphonesimulator";
				SUPPORTS_MACCATALYST = NO;
				SUPPORTS_MAC_DESIGNED_FOR_IPHONE_IPAD = NO;
				SUPPORTS_XR_DESIGNED_FOR_IPHONE_IPAD = NO;
				SWIFT_EMIT_LOC_STRINGS = YES;
				SWIFT_INSTALL_OBJC_HEADER = NO;
				SWIFT_VERSION = 5.0;
				TARGETED_DEVICE_FAMILY = 1;
				VERSIONING_SYSTEM = "apple-generic";
				VERSION_INFO_PREFIX = "";
			};
			name = Release;
		};
/* End XCBuildConfiguration section */

/* Begin XCConfigurationList section */
		524092362BB7BDD200A75FC0 /* Build configuration list for PBXProject "ProfileApp" */ = {
			isa = XCConfigurationList;
			buildConfigurations = (
				524092472BB7BDD300A75FC0 /* Debug */,
				524092482BB7BDD300A75FC0 /* Release */,
			);
			defaultConfigurationIsVisible = 0;
			defaultConfigurationName = Release;
		};
		524092492BB7BDD300A75FC0 /* Build configuration list for PBXNativeTarget "ProfileApp" */ = {
			isa = XCConfigurationList;
			buildConfigurations = (
				5240924A2BB7BDD300A75FC0 /* Debug */,
				5240924B2BB7BDD300A75FC0 /* Release */,
			);
			defaultConfigurationIsVisible = 0;
			defaultConfigurationName = Release;
		};
		524092612BB7BDF600A75FC0 /* Build configuration list for PBXNativeTarget "Profile" */ = {
			isa = XCConfigurationList;
			buildConfigurations = (
				524092622BB7BDF600A75FC0 /* Debug */,
				524092632BB7BDF600A75FC0 /* Release */,
			);
			defaultConfigurationIsVisible = 0;
			defaultConfigurationName = Release;
		};
/* End XCConfigurationList section */
	};
	rootObject = 524092332BB7BDD200A75FC0 /* Project object */;
}
